
Microsoft Visual Studio Solution File, Format Version 12.00
# Visual Studio 15
VisualStudioVersion = 15.0.28307.136
MinimumVisualStudioVersion = 10.0.40219.1
Project("{F184B08F-C81C-45F6-A57F-5ABD9991F28F}") = "Advantage Database Update", "Advantage Database Update\Advantage Database Update.vbproj", "{E4B6AE92-92A4-4481-8EA3-3507640AE3A6}"
EndProject
Project("{00D1A9C2-B5F0-4AF3-8072-F6C62B433612}") = "Advantage Database", "Advantage Database\Advantage Database.sqlproj", "{D544D66B-22F6-4A80-80C4-49883EF306F6}"
EndProject
Project("{F184B08F-C81C-45F6-A57F-5ABD9991F28F}") = "AdvantageFramework", "AdvantageFramework\AdvantageFramework.vbproj", "{A5ADBD34-DC5F-45EE-AB6A-8E9122DA478D}"
EndProject
Project("{F184B08F-C81C-45F6-A57F-5ABD9991F28F}") = "AdvantageFramework.BLogic", "AdvantageFramework.BLogic\AdvantageFramework.BLogic.vbproj", "{CF80C6A7-30B6-45B8-8FF2-CC3176B95239}"
EndProject
Project("{F184B08F-C81C-45F6-A57F-5ABD9991F28F}") = "AdvantageFramework.Reporting.Reports", "AdvantageFramework.Reporting.Reports\AdvantageFramework.Reporting.Reports.vbproj", "{6115EB46-3E3D-4413-903A-618177C655AF}"
EndProject
Project("{F184B08F-C81C-45F6-A57F-5ABD9991F28F}") = "AdvantageFramework.WinForm", "AdvantageFramework.WinForm\AdvantageFramework.WinForm.vbproj", "{8BBD586B-EB2E-4971-AE41-91A8E68F114E}"
EndProject
Global
	GlobalSection(SolutionConfigurationPlatforms) = preSolution
		Debug|Any CPU = Debug|Any CPU
		Debug|x64 = Debug|x64
		Debug|x86 = Debug|x86
		Release|Any CPU = Release|Any CPU
		Release|x64 = Release|x64
		Release|x86 = Release|x86
	EndGlobalSection
	GlobalSection(ProjectConfigurationPlatforms) = postSolution
		{E4B6AE92-92A4-4481-8EA3-3507640AE3A6}.Debug|Any CPU.ActiveCfg = Debug|Any CPU
		{E4B6AE92-92A4-4481-8EA3-3507640AE3A6}.Debug|Any CPU.Build.0 = Debug|Any CPU
		{E4B6AE92-92A4-4481-8EA3-3507640AE3A6}.Debug|x64.ActiveCfg = Debug|x64
		{E4B6AE92-92A4-4481-8EA3-3507640AE3A6}.Debug|x64.Build.0 = Debug|x64
		{E4B6AE92-92A4-4481-8EA3-3507640AE3A6}.Debug|x86.ActiveCfg = Debug|x86
		{E4B6AE92-92A4-4481-8EA3-3507640AE3A6}.Debug|x86.Build.0 = Debug|x86
		{E4B6AE92-92A4-4481-8EA3-3507640AE3A6}.Release|Any CPU.ActiveCfg = Release|Any CPU
		{E4B6AE92-92A4-4481-8EA3-3507640AE3A6}.Release|Any CPU.Build.0 = Release|Any CPU
		{E4B6AE92-92A4-4481-8EA3-3507640AE3A6}.Release|x64.ActiveCfg = Release|x64
		{E4B6AE92-92A4-4481-8EA3-3507640AE3A6}.Release|x64.Build.0 = Release|x64
		{E4B6AE92-92A4-4481-8EA3-3507640AE3A6}.Release|x86.ActiveCfg = Release|x86
		{E4B6AE92-92A4-4481-8EA3-3507640AE3A6}.Release|x86.Build.0 = Release|x86
		{D544D66B-22F6-4A80-80C4-49883EF306F6}.Debug|Any CPU.ActiveCfg = Debug|Any CPU
		{D544D66B-22F6-4A80-80C4-49883EF306F6}.Debug|Any CPU.Build.0 = Debug|Any CPU
		{D544D66B-22F6-4A80-80C4-49883EF306F6}.Debug|Any CPU.Deploy.0 = Debug|Any CPU
		{D544D66B-22F6-4A80-80C4-49883EF306F6}.Debug|x64.ActiveCfg = Debug|x64
		{D544D66B-22F6-4A80-80C4-49883EF306F6}.Debug|x64.Build.0 = Debug|x64
		{D544D66B-22F6-4A80-80C4-49883EF306F6}.Debug|x64.Deploy.0 = Debug|x64
		{D544D66B-22F6-4A80-80C4-49883EF306F6}.Debug|x86.ActiveCfg = Debug|x86
		{D544D66B-22F6-4A80-80C4-49883EF306F6}.Debug|x86.Build.0 = Debug|x86
		{D544D66B-22F6-4A80-80C4-49883EF306F6}.Debug|x86.Deploy.0 = Debug|x86
		{D544D66B-22F6-4A80-80C4-49883EF306F6}.Release|Any CPU.ActiveCfg = Release|Any CPU
		{D544D66B-22F6-4A80-80C4-49883EF306F6}.Release|Any CPU.Build.0 = Release|Any CPU
		{D544D66B-22F6-4A80-80C4-49883EF306F6}.Release|Any CPU.Deploy.0 = Release|Any CPU
		{D544D66B-22F6-4A80-80C4-49883EF306F6}.Release|x64.ActiveCfg = Release|x64
		{D544D66B-22F6-4A80-80C4-49883EF306F6}.Release|x64.Build.0 = Release|x64
		{D544D66B-22F6-4A80-80C4-49883EF306F6}.Release|x64.Deploy.0 = Release|x64
		{D544D66B-22F6-4A80-80C4-49883EF306F6}.Release|x86.ActiveCfg = Release|x86
		{D544D66B-22F6-4A80-80C4-49883EF306F6}.Release|x86.Build.0 = Release|x86
		{D544D66B-22F6-4A80-80C4-49883EF306F6}.Release|x86.Deploy.0 = Release|x86
		{A5ADBD34-DC5F-45EE-AB6A-8E9122DA478D}.Debug|Any CPU.ActiveCfg = Debug|Any CPU
		{A5ADBD34-DC5F-45EE-AB6A-8E9122DA478D}.Debug|Any CPU.Build.0 = Debug|Any CPU
		{A5ADBD34-DC5F-45EE-AB6A-8E9122DA478D}.Debug|x64.ActiveCfg = Debug|x64
		{A5ADBD34-DC5F-45EE-AB6A-8E9122DA478D}.Debug|x64.Build.0 = Debug|x64
		{A5ADBD34-DC5F-45EE-AB6A-8E9122DA478D}.Debug|x86.ActiveCfg = Debug|x86
		{A5ADBD34-DC5F-45EE-AB6A-8E9122DA478D}.Debug|x86.Build.0 = Debug|x86
		{A5ADBD34-DC5F-45EE-AB6A-8E9122DA478D}.Release|Any CPU.ActiveCfg = Release|Any CPU
		{A5ADBD34-DC5F-45EE-AB6A-8E9122DA478D}.Release|Any CPU.Build.0 = Release|Any CPU
		{A5ADBD34-DC5F-45EE-AB6A-8E9122DA478D}.Release|x64.ActiveCfg = Release|x64
		{A5ADBD34-DC5F-45EE-AB6A-8E9122DA478D}.Release|x64.Build.0 = Release|x64
		{A5ADBD34-DC5F-45EE-AB6A-8E9122DA478D}.Release|x86.ActiveCfg = Release|x86
		{A5ADBD34-DC5F-45EE-AB6A-8E9122DA478D}.Release|x86.Build.0 = Release|x86
		{CF80C6A7-30B6-45B8-8FF2-CC3176B95239}.Debug|Any CPU.ActiveCfg = Debug|Any CPU
		{CF80C6A7-30B6-45B8-8FF2-CC3176B95239}.Debug|Any CPU.Build.0 = Debug|Any CPU
		{CF80C6A7-30B6-45B8-8FF2-CC3176B95239}.Debug|x64.ActiveCfg = Debug|x64
		{CF80C6A7-30B6-45B8-8FF2-CC3176B95239}.Debug|x64.Build.0 = Debug|x64
		{CF80C6A7-30B6-45B8-8FF2-CC3176B95239}.Debug|x86.ActiveCfg = Debug|x86
		{CF80C6A7-30B6-45B8-8FF2-CC3176B95239}.Debug|x86.Build.0 = Debug|x86
		{CF80C6A7-30B6-45B8-8FF2-CC3176B95239}.Release|Any CPU.ActiveCfg = Release|Any CPU
		{CF80C6A7-30B6-45B8-8FF2-CC3176B95239}.Release|Any CPU.Build.0 = Release|Any CPU
		{CF80C6A7-30B6-45B8-8FF2-CC3176B95239}.Release|x64.ActiveCfg = Release|x64
		{CF80C6A7-30B6-45B8-8FF2-CC3176B95239}.Release|x64.Build.0 = Release|x64
		{CF80C6A7-30B6-45B8-8FF2-CC3176B95239}.Release|x86.ActiveCfg = Release|x86
		{CF80C6A7-30B6-45B8-8FF2-CC3176B95239}.Release|x86.Build.0 = Release|x86
		{6115EB46-3E3D-4413-903A-618177C655AF}.Debug|Any CPU.ActiveCfg = Debug|Any CPU
		{6115EB46-3E3D-4413-903A-618177C655AF}.Debug|Any CPU.Build.0 = Debug|Any CPU
		{6115EB46-3E3D-4413-903A-618177C655AF}.Debug|x64.ActiveCfg = Debug|x64
		{6115EB46-3E3D-4413-903A-618177C655AF}.Debug|x64.Build.0 = Debug|x64
		{6115EB46-3E3D-4413-903A-618177C655AF}.Debug|x86.ActiveCfg = Debug|x86
		{6115EB46-3E3D-4413-903A-618177C655AF}.Debug|x86.Build.0 = Debug|x86
		{6115EB46-3E3D-4413-903A-618177C655AF}.Release|Any CPU.ActiveCfg = Release|Any CPU
		{6115EB46-3E3D-4413-903A-618177C655AF}.Release|Any CPU.Build.0 = Release|Any CPU
		{6115EB46-3E3D-4413-903A-618177C655AF}.Release|x64.ActiveCfg = Release|x64
		{6115EB46-3E3D-4413-903A-618177C655AF}.Release|x64.Build.0 = Release|x64
		{6115EB46-3E3D-4413-903A-618177C655AF}.Release|x86.ActiveCfg = Release|x86
		{6115EB46-3E3D-4413-903A-618177C655AF}.Release|x86.Build.0 = Release|x86
		{8BBD586B-EB2E-4971-AE41-91A8E68F114E}.Debug|Any CPU.ActiveCfg = Debug|Any CPU
		{8BBD586B-EB2E-4971-AE41-91A8E68F114E}.Debug|Any CPU.Build.0 = Debug|Any CPU
		{8BBD586B-EB2E-4971-AE41-91A8E68F114E}.Debug|x64.ActiveCfg = Debug|x64
		{8BBD586B-EB2E-4971-AE41-91A8E68F114E}.Debug|x64.Build.0 = Debug|x64
		{8BBD586B-EB2E-4971-AE41-91A8E68F114E}.Debug|x86.ActiveCfg = Debug|x86
		{8BBD586B-EB2E-4971-AE41-91A8E68F114E}.Debug|x86.Build.0 = Debug|x86
		{8BBD586B-EB2E-4971-AE41-91A8E68F114E}.Release|Any CPU.ActiveCfg = Release|Any CPU
		{8BBD586B-EB2E-4971-AE41-91A8E68F114E}.Release|Any CPU.Build.0 = Release|Any CPU
		{8BBD586B-EB2E-4971-AE41-91A8E68F114E}.Release|x64.ActiveCfg = Release|x64
		{8BBD586B-EB2E-4971-AE41-91A8E68F114E}.Release|x64.Build.0 = Release|x64
		{8BBD586B-EB2E-4971-AE41-91A8E68F114E}.Release|x86.ActiveCfg = Release|x86
		{8BBD586B-EB2E-4971-AE41-91A8E68F114E}.Release|x86.Build.0 = Release|x86
	EndGlobalSection
	GlobalSection(SolutionProperties) = preSolution
		HideSolutionNode = FALSE
	EndGlobalSection
	GlobalSection(ExtensibilityGlobals) = postSolution
		SolutionGuid = {2D1440C2-372C-4E3C-9D67-0D513AE88603}
	EndGlobalSection
	GlobalSection(TeamFoundationVersionControl) = preSolution
		SccNumberOfProjects = 6
		SccEnterpriseProvider = {4CA58AB2-18FA-4F8D-95D4-32DDF27D184C}
		SccTeamFoundationServer = http://tasc-code.gotoadvantage.com:8080/tfs/advantage
		SccProjectUniqueName0 = Advantage\u0020Database\u0020Update\\Advantage\u0020Database\u0020Update.vbproj
		SccProjectName0 = Advantage\u0020Database\u0020Update
		SccAuxPath0 = http://tasc-code.gotoadvantage.com:8080/tfs/advantage
		SccLocalPath0 = Advantage\u0020Database\u0020Update
		SccProvider0 = {4CA58AB2-18FA-4F8D-95D4-32DDF27D184C}
		SccProjectUniqueName1 = Advantage\u0020Database\\Advantage\u0020Database.sqlproj
		SccProjectName1 = .
		SccAuxPath1 = http://tasc-code.gotoadvantage.com:8080/tfs/advantage
		SccLocalPath1 = .
		SccProvider1 = {4CA58AB2-18FA-4F8D-95D4-32DDF27D184C}
		SccProjectFilePathRelativizedFromConnection1 = Advantage\u0020Database\\
		SccProjectUniqueName2 = AdvantageFramework\\AdvantageFramework.vbproj
		SccProjectName2 = AdvantageFramework
		SccAuxPath2 = http://tasc-code.gotoadvantage.com:8080/tfs/advantage
		SccLocalPath2 = AdvantageFramework
		SccProvider2 = {4CA58AB2-18FA-4F8D-95D4-32DDF27D184C}
		SccProjectUniqueName3 = AdvantageFramework.BLogic\\AdvantageFramework.BLogic.vbproj
		SccProjectName3 = AdvantageFramework.BLogic
		SccAuxPath3 = http://tasc-code.gotoadvantage.com:8080/tfs/advantage
		SccLocalPath3 = AdvantageFramework.BLogic
		SccProvider3 = {4CA58AB2-18FA-4F8D-95D4-32DDF27D184C}
		SccProjectUniqueName4 = AdvantageFramework.Reporting.Reports\\AdvantageFramework.Reporting.Reports.vbproj
		SccProjectName4 = AdvantageFramework.Reporting.Reports
		SccAuxPath4 = http://tasc-code.gotoadvantage.com:8080/tfs/advantage
		SccLocalPath4 = AdvantageFramework.Reporting.Reports
		SccProvider4 = {4CA58AB2-18FA-4F8D-95D4-32DDF27D184C}
		SccProjectUniqueName5 = AdvantageFramework.WinForm\\AdvantageFramework.WinForm.vbproj
		SccProjectName5 = AdvantageFramework.WinForm
		SccAuxPath5 = http://tasc-code.gotoadvantage.com:8080/tfs/advantage
		SccLocalPath5 = AdvantageFramework.WinForm
		SccProvider5 = {4CA58AB2-18FA-4F8D-95D4-32DDF27D184C}
	EndGlobalSection
EndGlobal
