
Microsoft Visual Studio Solution File, Format Version 12.00
# Visual Studio 15
VisualStudioVersion = 15.0.27428.2011
MinimumVisualStudioVersion = 10.0.40219.1
Project("{F184B08F-C81C-45F6-A57F-5ABD9991F28F}") = "AdvantageFramework", "AdvantageFramework\AdvantageFramework.vbproj", "{A5ADBD34-DC5F-45EE-AB6A-8E9122DA478D}"
EndProject
Project("{F184B08F-C81C-45F6-A57F-5ABD9991F28F}") = "AdvantageFramework.WinForm", "AdvantageFramework.WinForm\AdvantageFramework.WinForm.vbproj", "{8BBD586B-EB2E-4971-AE41-91A8E68F114E}"
EndProject
Project("{F184B08F-C81C-45F6-A57F-5ABD9991F28F}") = "Advantage", "Advantage\Advantage.vbproj", "{F463E268-1263-45BA-9CC2-855A94CE5B8C}"
EndProject
Project("{F184B08F-C81C-45F6-A57F-5ABD9991F28F}") = "AdvantageFramework.Reporting.Reports", "AdvantageFramework.Reporting.Reports\AdvantageFramework.Reporting.Reports.vbproj", "{6115EB46-3E3D-4413-903A-618177C655AF}"
EndProject
Project("{F184B08F-C81C-45F6-A57F-5ABD9991F28F}") = "Advantage Database Update", "Advantage Database Update\Advantage Database Update.vbproj", "{E4B6AE92-92A4-4481-8EA3-3507640AE3A6}"
EndProject
Project("{00D1A9C2-B5F0-4AF3-8072-F6C62B433612}") = "Advantage Database", "Advantage Database\Advantage Database.sqlproj", "{D544D66B-22F6-4A80-80C4-49883EF306F6}"
EndProject
Project("{F184B08F-C81C-45F6-A57F-5ABD9991F28F}") = "Advantage Custom Report Import", "Advantage Custom Report Import\Advantage Custom Report Import.vbproj", "{D63BF961-5BC1-4DC1-8E99-B0D671FCAFD9}"
EndProject
Project("{F184B08F-C81C-45F6-A57F-5ABD9991F28F}") = "Advantage License Key Generator", "Advantage License Key Generator\Advantage License Key Generator.vbproj", "{1D1D5741-993C-4B7C-AE6E-C1FCDA3303CA}"
EndProject
Project("{F184B08F-C81C-45F6-A57F-5ABD9991F28F}") = "Advantage License Key Import", "Advantage License Key Import\Advantage License Key Import.vbproj", "{393CD97D-73D5-413B-BC2E-FA9884D36302}"
EndProject
Project("{F184B08F-C81C-45F6-A57F-5ABD9991F28F}") = "Advantage Security Setup Assistant", "Advantage Security Setup Assistant\Advantage Security Setup Assistant.vbproj", "{1A090CB9-937E-41E7-A648-4A0F5803328C}"
EndProject
Project("{F184B08F-C81C-45F6-A57F-5ABD9991F28F}") = "Advantage Test Project", "Advantage Test Project\Advantage Test Project.vbproj", "{B5F82D2F-A022-4962-88F6-9B6ABCBA0CF1}"
EndProject
Project("{F184B08F-C81C-45F6-A57F-5ABD9991F28F}") = "Advantage Services", "Advantage Services\Advantage Services.vbproj", "{568717D3-2FD9-46F8-87CE-96F302C825C8}"
EndProject
Project("{F184B08F-C81C-45F6-A57F-5ABD9991F28F}") = "AdvantageFramework.BLogic", "AdvantageFramework.BLogic\AdvantageFramework.BLogic.vbproj", "{CF80C6A7-30B6-45B8-8FF2-CC3176B95239}"
EndProject
Project("{F184B08F-C81C-45F6-A57F-5ABD9991F28F}") = "AdvantageFramework.GoogleServices", "AdvantageFramework.GoogleServices\AdvantageFramework.GoogleServices.vbproj", "{AB88A898-E70A-4A0A-879A-6C91168F7B4B}"
EndProject
Project("{F184B08F-C81C-45F6-A57F-5ABD9991F28F}") = "Advantage Nielsen Database Update", "Advantage Nielsen Database Update\Advantage Nielsen Database Update.vbproj", "{A959B0B0-1820-4322-9A12-732C112844A9}"
EndProject
Project("{F184B08F-C81C-45F6-A57F-5ABD9991F28F}") = "Advantage MSAccess", "Advantage MSAccess\Advantage MSAccess.vbproj", "{0E21BE3E-4CAC-48FD-A813-D78804989B4E}"
EndProject
Project("{F184B08F-C81C-45F6-A57F-5ABD9991F28F}") = "Advantage Connection Configurator", "Advantage Connection Configurator\Advantage Connection Configurator.vbproj", "{AF7FE417-BD16-423F-96CF-3616E5A90666}"
EndProject
Project("{F184B08F-C81C-45F6-A57F-5ABD9991F28F}") = "Advantage Upgrade Wizard", "Advantage Upgrade Wizard\Advantage Upgrade Wizard.vbproj", "{EA16E1E9-DC49-4297-9CED-8C28E5D0C21D}"
EndProject
Project("{F184B08F-C81C-45F6-A57F-5ABD9991F28F}") = "Advantage National Database Update", "Advantage National Database Update\Advantage National Database Update.vbproj", "{18177378-A693-4364-A658-F3F1CE569564}"
EndProject
Project("{F184B08F-C81C-45F6-A57F-5ABD9991F28F}") = "AdvantageFramework.Security.Adassist", "AdvantageFramework.Security.Adassist\AdvantageFramework.Security.Adassist.vbproj", "{5089C126-FB1B-4BCB-802E-BED86D62FB67}"
EndProject
Project("{F184B08F-C81C-45F6-A57F-5ABD9991F28F}") = "Advantage Com Registry", "Advantage Com Registry\Advantage Com Registry.vbproj", "{685C813D-15F7-41C1-BE74-C9CA074375BD}"
EndProject
Project("{F184B08F-C81C-45F6-A57F-5ABD9991F28F}") = "Advantage Payment Manager Export FTP", "Advantage Payment Manager Export FTP\Advantage Payment Manager Export FTP.vbproj", "{FB8E34E4-1CBD-4AD4-A85F-AA8D6614E1A6}"
EndProject
Project("{F184B08F-C81C-45F6-A57F-5ABD9991F28F}") = "AdvantageFramework.Com", "AdvantageFramework.Com\AdvantageFramework.Com.vbproj", "{9A82A167-A965-4462-A07A-C40A356BEA3E}"
EndProject
Project("{F184B08F-C81C-45F6-A57F-5ABD9991F28F}") = "Advantage Access Login", "Advantage Access Login\Advantage Access Login.vbproj", "{1EECE1A9-6F09-4E39-953E-27F6074B0F5D}"
EndProject
Project("{F184B08F-C81C-45F6-A57F-5ABD9991F28F}") = "Advantage Access Email", "Advantage Access Email\Advantage Access Email.vbproj", "{62EC726D-7870-4761-9D17-7471E2A04A56}"
EndProject
Global
	GlobalSection(SolutionConfigurationPlatforms) = preSolution
		Debug|Any CPU = Debug|Any CPU
		Debug|Mixed Platforms = Debug|Mixed Platforms
		Debug|x64 = Debug|x64
		Debug|x86 = Debug|x86
		Release|Any CPU = Release|Any CPU
		Release|Mixed Platforms = Release|Mixed Platforms
		Release|x64 = Release|x64
		Release|x86 = Release|x86
	EndGlobalSection
	GlobalSection(ProjectConfigurationPlatforms) = postSolution
		{A5ADBD34-DC5F-45EE-AB6A-8E9122DA478D}.Debug|Any CPU.ActiveCfg = Debug|Any CPU
		{A5ADBD34-DC5F-45EE-AB6A-8E9122DA478D}.Debug|Any CPU.Build.0 = Debug|Any CPU
		{A5ADBD34-DC5F-45EE-AB6A-8E9122DA478D}.Debug|Mixed Platforms.ActiveCfg = Debug|Any CPU
		{A5ADBD34-DC5F-45EE-AB6A-8E9122DA478D}.Debug|x64.ActiveCfg = Debug|x64
		{A5ADBD34-DC5F-45EE-AB6A-8E9122DA478D}.Debug|x64.Build.0 = Debug|x64
		{A5ADBD34-DC5F-45EE-AB6A-8E9122DA478D}.Debug|x86.ActiveCfg = Debug|x86
		{A5ADBD34-DC5F-45EE-AB6A-8E9122DA478D}.Debug|x86.Build.0 = Debug|x86
		{A5ADBD34-DC5F-45EE-AB6A-8E9122DA478D}.Release|Any CPU.ActiveCfg = Release|Any CPU
		{A5ADBD34-DC5F-45EE-AB6A-8E9122DA478D}.Release|Any CPU.Build.0 = Release|Any CPU
		{A5ADBD34-DC5F-45EE-AB6A-8E9122DA478D}.Release|Mixed Platforms.ActiveCfg = Release|Any CPU
		{A5ADBD34-DC5F-45EE-AB6A-8E9122DA478D}.Release|Mixed Platforms.Build.0 = Release|Any CPU
		{A5ADBD34-DC5F-45EE-AB6A-8E9122DA478D}.Release|x64.ActiveCfg = Release|x64
		{A5ADBD34-DC5F-45EE-AB6A-8E9122DA478D}.Release|x64.Build.0 = Release|x64
		{A5ADBD34-DC5F-45EE-AB6A-8E9122DA478D}.Release|x86.ActiveCfg = Release|x86
		{A5ADBD34-DC5F-45EE-AB6A-8E9122DA478D}.Release|x86.Build.0 = Release|x86
		{8BBD586B-EB2E-4971-AE41-91A8E68F114E}.Debug|Any CPU.ActiveCfg = Debug|Any CPU
		{8BBD586B-EB2E-4971-AE41-91A8E68F114E}.Debug|Any CPU.Build.0 = Debug|Any CPU
		{8BBD586B-EB2E-4971-AE41-91A8E68F114E}.Debug|Mixed Platforms.ActiveCfg = Debug|Any CPU
		{8BBD586B-EB2E-4971-AE41-91A8E68F114E}.Debug|Mixed Platforms.Build.0 = Debug|Any CPU
		{8BBD586B-EB2E-4971-AE41-91A8E68F114E}.Debug|x64.ActiveCfg = Debug|x64
		{8BBD586B-EB2E-4971-AE41-91A8E68F114E}.Debug|x64.Build.0 = Debug|x64
		{8BBD586B-EB2E-4971-AE41-91A8E68F114E}.Debug|x86.ActiveCfg = Debug|x86
		{8BBD586B-EB2E-4971-AE41-91A8E68F114E}.Debug|x86.Build.0 = Debug|x86
		{8BBD586B-EB2E-4971-AE41-91A8E68F114E}.Release|Any CPU.ActiveCfg = Release|Any CPU
		{8BBD586B-EB2E-4971-AE41-91A8E68F114E}.Release|Any CPU.Build.0 = Release|Any CPU
		{8BBD586B-EB2E-4971-AE41-91A8E68F114E}.Release|Mixed Platforms.ActiveCfg = Release|Any CPU
		{8BBD586B-EB2E-4971-AE41-91A8E68F114E}.Release|Mixed Platforms.Build.0 = Release|Any CPU
		{8BBD586B-EB2E-4971-AE41-91A8E68F114E}.Release|x64.ActiveCfg = Release|x64
		{8BBD586B-EB2E-4971-AE41-91A8E68F114E}.Release|x64.Build.0 = Release|x64
		{8BBD586B-EB2E-4971-AE41-91A8E68F114E}.Release|x86.ActiveCfg = Release|x86
		{8BBD586B-EB2E-4971-AE41-91A8E68F114E}.Release|x86.Build.0 = Release|x86
		{F463E268-1263-45BA-9CC2-855A94CE5B8C}.Debug|Any CPU.ActiveCfg = Debug|Any CPU
		{F463E268-1263-45BA-9CC2-855A94CE5B8C}.Debug|Any CPU.Build.0 = Debug|Any CPU
		{F463E268-1263-45BA-9CC2-855A94CE5B8C}.Debug|Mixed Platforms.ActiveCfg = Debug|x86
		{F463E268-1263-45BA-9CC2-855A94CE5B8C}.Debug|Mixed Platforms.Build.0 = Debug|x86
		{F463E268-1263-45BA-9CC2-855A94CE5B8C}.Debug|x64.ActiveCfg = Debug|x64
		{F463E268-1263-45BA-9CC2-855A94CE5B8C}.Debug|x64.Build.0 = Debug|x64
		{F463E268-1263-45BA-9CC2-855A94CE5B8C}.Debug|x86.ActiveCfg = Debug|x86
		{F463E268-1263-45BA-9CC2-855A94CE5B8C}.Debug|x86.Build.0 = Debug|x86
		{F463E268-1263-45BA-9CC2-855A94CE5B8C}.Release|Any CPU.ActiveCfg = Release|Any CPU
		{F463E268-1263-45BA-9CC2-855A94CE5B8C}.Release|Any CPU.Build.0 = Release|Any CPU
		{F463E268-1263-45BA-9CC2-855A94CE5B8C}.Release|Mixed Platforms.ActiveCfg = Release|x86
		{F463E268-1263-45BA-9CC2-855A94CE5B8C}.Release|Mixed Platforms.Build.0 = Release|x86
		{F463E268-1263-45BA-9CC2-855A94CE5B8C}.Release|x64.ActiveCfg = Release|x64
		{F463E268-1263-45BA-9CC2-855A94CE5B8C}.Release|x64.Build.0 = Release|x64
		{F463E268-1263-45BA-9CC2-855A94CE5B8C}.Release|x86.ActiveCfg = Release|x86
		{F463E268-1263-45BA-9CC2-855A94CE5B8C}.Release|x86.Build.0 = Release|x86
		{6115EB46-3E3D-4413-903A-618177C655AF}.Debug|Any CPU.ActiveCfg = Debug|Any CPU
		{6115EB46-3E3D-4413-903A-618177C655AF}.Debug|Any CPU.Build.0 = Debug|Any CPU
		{6115EB46-3E3D-4413-903A-618177C655AF}.Debug|Mixed Platforms.ActiveCfg = Debug|Any CPU
		{6115EB46-3E3D-4413-903A-618177C655AF}.Debug|x64.ActiveCfg = Debug|x64
		{6115EB46-3E3D-4413-903A-618177C655AF}.Debug|x64.Build.0 = Debug|x64
		{6115EB46-3E3D-4413-903A-618177C655AF}.Debug|x86.ActiveCfg = Debug|x86
		{6115EB46-3E3D-4413-903A-618177C655AF}.Debug|x86.Build.0 = Debug|x86
		{6115EB46-3E3D-4413-903A-618177C655AF}.Release|Any CPU.ActiveCfg = Release|Any CPU
		{6115EB46-3E3D-4413-903A-618177C655AF}.Release|Any CPU.Build.0 = Release|Any CPU
		{6115EB46-3E3D-4413-903A-618177C655AF}.Release|Mixed Platforms.ActiveCfg = Release|Any CPU
		{6115EB46-3E3D-4413-903A-618177C655AF}.Release|Mixed Platforms.Build.0 = Release|Any CPU
		{6115EB46-3E3D-4413-903A-618177C655AF}.Release|x64.ActiveCfg = Release|x64
		{6115EB46-3E3D-4413-903A-618177C655AF}.Release|x64.Build.0 = Release|x64
		{6115EB46-3E3D-4413-903A-618177C655AF}.Release|x86.ActiveCfg = Release|x86
		{6115EB46-3E3D-4413-903A-618177C655AF}.Release|x86.Build.0 = Release|x86
		{E4B6AE92-92A4-4481-8EA3-3507640AE3A6}.Debug|Any CPU.ActiveCfg = Debug|Any CPU
		{E4B6AE92-92A4-4481-8EA3-3507640AE3A6}.Debug|Any CPU.Build.0 = Debug|Any CPU
		{E4B6AE92-92A4-4481-8EA3-3507640AE3A6}.Debug|Mixed Platforms.ActiveCfg = Debug|x86
		{E4B6AE92-92A4-4481-8EA3-3507640AE3A6}.Debug|x64.ActiveCfg = Debug|x64
		{E4B6AE92-92A4-4481-8EA3-3507640AE3A6}.Debug|x64.Build.0 = Debug|x64
		{E4B6AE92-92A4-4481-8EA3-3507640AE3A6}.Debug|x86.ActiveCfg = Debug|x86
		{E4B6AE92-92A4-4481-8EA3-3507640AE3A6}.Debug|x86.Build.0 = Debug|x86
		{E4B6AE92-92A4-4481-8EA3-3507640AE3A6}.Release|Any CPU.ActiveCfg = Release|Any CPU
		{E4B6AE92-92A4-4481-8EA3-3507640AE3A6}.Release|Any CPU.Build.0 = Release|Any CPU
		{E4B6AE92-92A4-4481-8EA3-3507640AE3A6}.Release|Mixed Platforms.ActiveCfg = Release|x86
		{E4B6AE92-92A4-4481-8EA3-3507640AE3A6}.Release|Mixed Platforms.Build.0 = Release|x86
		{E4B6AE92-92A4-4481-8EA3-3507640AE3A6}.Release|x64.ActiveCfg = Release|x64
		{E4B6AE92-92A4-4481-8EA3-3507640AE3A6}.Release|x64.Build.0 = Release|x64
		{E4B6AE92-92A4-4481-8EA3-3507640AE3A6}.Release|x86.ActiveCfg = Release|x86
		{E4B6AE92-92A4-4481-8EA3-3507640AE3A6}.Release|x86.Build.0 = Release|x86
		{D544D66B-22F6-4A80-80C4-49883EF306F6}.Debug|Any CPU.ActiveCfg = Debug|Any CPU
		{D544D66B-22F6-4A80-80C4-49883EF306F6}.Debug|Mixed Platforms.ActiveCfg = Debug|Any CPU
		{D544D66B-22F6-4A80-80C4-49883EF306F6}.Debug|x64.ActiveCfg = Debug|x64
		{D544D66B-22F6-4A80-80C4-49883EF306F6}.Debug|x64.Build.0 = Debug|x64
		{D544D66B-22F6-4A80-80C4-49883EF306F6}.Debug|x64.Deploy.0 = Debug|x64
		{D544D66B-22F6-4A80-80C4-49883EF306F6}.Debug|x86.ActiveCfg = Debug|x86
		{D544D66B-22F6-4A80-80C4-49883EF306F6}.Release|Any CPU.ActiveCfg = Release|Any CPU
		{D544D66B-22F6-4A80-80C4-49883EF306F6}.Release|Mixed Platforms.ActiveCfg = Release|Any CPU
		{D544D66B-22F6-4A80-80C4-49883EF306F6}.Release|x64.ActiveCfg = Release|x64
		{D544D66B-22F6-4A80-80C4-49883EF306F6}.Release|x86.ActiveCfg = Release|x86
		{D63BF961-5BC1-4DC1-8E99-B0D671FCAFD9}.Debug|Any CPU.ActiveCfg = Debug|Any CPU
		{D63BF961-5BC1-4DC1-8E99-B0D671FCAFD9}.Debug|Any CPU.Build.0 = Debug|Any CPU
		{D63BF961-5BC1-4DC1-8E99-B0D671FCAFD9}.Debug|Mixed Platforms.ActiveCfg = Debug|x86
		{D63BF961-5BC1-4DC1-8E99-B0D671FCAFD9}.Debug|x64.ActiveCfg = Debug|x64
		{D63BF961-5BC1-4DC1-8E99-B0D671FCAFD9}.Debug|x64.Build.0 = Debug|x64
		{D63BF961-5BC1-4DC1-8E99-B0D671FCAFD9}.Debug|x86.ActiveCfg = Debug|x86
		{D63BF961-5BC1-4DC1-8E99-B0D671FCAFD9}.Debug|x86.Build.0 = Debug|x86
		{D63BF961-5BC1-4DC1-8E99-B0D671FCAFD9}.Release|Any CPU.ActiveCfg = Release|Any CPU
		{D63BF961-5BC1-4DC1-8E99-B0D671FCAFD9}.Release|Any CPU.Build.0 = Release|Any CPU
		{D63BF961-5BC1-4DC1-8E99-B0D671FCAFD9}.Release|Mixed Platforms.ActiveCfg = Release|x86
		{D63BF961-5BC1-4DC1-8E99-B0D671FCAFD9}.Release|Mixed Platforms.Build.0 = Release|x86
		{D63BF961-5BC1-4DC1-8E99-B0D671FCAFD9}.Release|x64.ActiveCfg = Release|x64
		{D63BF961-5BC1-4DC1-8E99-B0D671FCAFD9}.Release|x64.Build.0 = Release|x64
		{D63BF961-5BC1-4DC1-8E99-B0D671FCAFD9}.Release|x86.ActiveCfg = Release|x86
		{D63BF961-5BC1-4DC1-8E99-B0D671FCAFD9}.Release|x86.Build.0 = Release|x86
		{1D1D5741-993C-4B7C-AE6E-C1FCDA3303CA}.Debug|Any CPU.ActiveCfg = Debug|Any CPU
		{1D1D5741-993C-4B7C-AE6E-C1FCDA3303CA}.Debug|Mixed Platforms.ActiveCfg = Debug|x86
		{1D1D5741-993C-4B7C-AE6E-C1FCDA3303CA}.Debug|x64.ActiveCfg = Debug|x64
		{1D1D5741-993C-4B7C-AE6E-C1FCDA3303CA}.Debug|x64.Build.0 = Debug|x64
		{1D1D5741-993C-4B7C-AE6E-C1FCDA3303CA}.Debug|x86.ActiveCfg = Debug|x86
		{1D1D5741-993C-4B7C-AE6E-C1FCDA3303CA}.Release|Any CPU.ActiveCfg = Release|Any CPU
		{1D1D5741-993C-4B7C-AE6E-C1FCDA3303CA}.Release|Mixed Platforms.ActiveCfg = Release|x86
		{1D1D5741-993C-4B7C-AE6E-C1FCDA3303CA}.Release|x64.ActiveCfg = Release|x64
		{1D1D5741-993C-4B7C-AE6E-C1FCDA3303CA}.Release|x86.ActiveCfg = Release|x86
		{393CD97D-73D5-413B-BC2E-FA9884D36302}.Debug|Any CPU.ActiveCfg = Debug|Any CPU
		{393CD97D-73D5-413B-BC2E-FA9884D36302}.Debug|Any CPU.Build.0 = Debug|Any CPU
		{393CD97D-73D5-413B-BC2E-FA9884D36302}.Debug|Mixed Platforms.ActiveCfg = Debug|x86
		{393CD97D-73D5-413B-BC2E-FA9884D36302}.Debug|x64.ActiveCfg = Debug|x64
		{393CD97D-73D5-413B-BC2E-FA9884D36302}.Debug|x64.Build.0 = Debug|x64
		{393CD97D-73D5-413B-BC2E-FA9884D36302}.Debug|x86.ActiveCfg = Debug|x86
		{393CD97D-73D5-413B-BC2E-FA9884D36302}.Debug|x86.Build.0 = Debug|x86
		{393CD97D-73D5-413B-BC2E-FA9884D36302}.Release|Any CPU.ActiveCfg = Release|Any CPU
		{393CD97D-73D5-413B-BC2E-FA9884D36302}.Release|Any CPU.Build.0 = Release|Any CPU
		{393CD97D-73D5-413B-BC2E-FA9884D36302}.Release|Mixed Platforms.ActiveCfg = Release|x86
		{393CD97D-73D5-413B-BC2E-FA9884D36302}.Release|Mixed Platforms.Build.0 = Release|x86
		{393CD97D-73D5-413B-BC2E-FA9884D36302}.Release|x64.ActiveCfg = Release|x64
		{393CD97D-73D5-413B-BC2E-FA9884D36302}.Release|x64.Build.0 = Release|x64
		{393CD97D-73D5-413B-BC2E-FA9884D36302}.Release|x86.ActiveCfg = Release|x86
		{393CD97D-73D5-413B-BC2E-FA9884D36302}.Release|x86.Build.0 = Release|x86
		{1A090CB9-937E-41E7-A648-4A0F5803328C}.Debug|Any CPU.ActiveCfg = Debug|Any CPU
		{1A090CB9-937E-41E7-A648-4A0F5803328C}.Debug|Any CPU.Build.0 = Debug|Any CPU
		{1A090CB9-937E-41E7-A648-4A0F5803328C}.Debug|Mixed Platforms.ActiveCfg = Debug|x86
		{1A090CB9-937E-41E7-A648-4A0F5803328C}.Debug|x64.ActiveCfg = Debug|x64
		{1A090CB9-937E-41E7-A648-4A0F5803328C}.Debug|x64.Build.0 = Debug|x64
		{1A090CB9-937E-41E7-A648-4A0F5803328C}.Debug|x86.ActiveCfg = Debug|x86
		{1A090CB9-937E-41E7-A648-4A0F5803328C}.Debug|x86.Build.0 = Debug|x86
		{1A090CB9-937E-41E7-A648-4A0F5803328C}.Release|Any CPU.ActiveCfg = Release|Any CPU
		{1A090CB9-937E-41E7-A648-4A0F5803328C}.Release|Any CPU.Build.0 = Release|Any CPU
		{1A090CB9-937E-41E7-A648-4A0F5803328C}.Release|Mixed Platforms.ActiveCfg = Release|x86
		{1A090CB9-937E-41E7-A648-4A0F5803328C}.Release|Mixed Platforms.Build.0 = Release|x86
		{1A090CB9-937E-41E7-A648-4A0F5803328C}.Release|x64.ActiveCfg = Release|x64
		{1A090CB9-937E-41E7-A648-4A0F5803328C}.Release|x64.Build.0 = Release|x64
		{1A090CB9-937E-41E7-A648-4A0F5803328C}.Release|x86.ActiveCfg = Release|x86
		{1A090CB9-937E-41E7-A648-4A0F5803328C}.Release|x86.Build.0 = Release|x86
		{B5F82D2F-A022-4962-88F6-9B6ABCBA0CF1}.Debug|Any CPU.ActiveCfg = Debug|Any CPU
		{B5F82D2F-A022-4962-88F6-9B6ABCBA0CF1}.Debug|Any CPU.Build.0 = Debug|Any CPU
		{B5F82D2F-A022-4962-88F6-9B6ABCBA0CF1}.Debug|Mixed Platforms.ActiveCfg = Debug|x86
		{B5F82D2F-A022-4962-88F6-9B6ABCBA0CF1}.Debug|Mixed Platforms.Build.0 = Debug|x86
		{B5F82D2F-A022-4962-88F6-9B6ABCBA0CF1}.Debug|x64.ActiveCfg = Debug|x64
		{B5F82D2F-A022-4962-88F6-9B6ABCBA0CF1}.Debug|x64.Build.0 = Debug|x64
		{B5F82D2F-A022-4962-88F6-9B6ABCBA0CF1}.Debug|x86.ActiveCfg = Debug|x86
		{B5F82D2F-A022-4962-88F6-9B6ABCBA0CF1}.Debug|x86.Build.0 = Debug|x86
		{B5F82D2F-A022-4962-88F6-9B6ABCBA0CF1}.Release|Any CPU.ActiveCfg = Release|Any CPU
		{B5F82D2F-A022-4962-88F6-9B6ABCBA0CF1}.Release|Mixed Platforms.ActiveCfg = Release|x86
		{B5F82D2F-A022-4962-88F6-9B6ABCBA0CF1}.Release|Mixed Platforms.Build.0 = Release|x86
		{B5F82D2F-A022-4962-88F6-9B6ABCBA0CF1}.Release|x64.ActiveCfg = Release|x64
		{B5F82D2F-A022-4962-88F6-9B6ABCBA0CF1}.Release|x64.Build.0 = Release|x64
		{B5F82D2F-A022-4962-88F6-9B6ABCBA0CF1}.Release|x86.ActiveCfg = Release|x86
		{568717D3-2FD9-46F8-87CE-96F302C825C8}.Debug|Any CPU.ActiveCfg = Debug|Any CPU
		{568717D3-2FD9-46F8-87CE-96F302C825C8}.Debug|Any CPU.Build.0 = Debug|Any CPU
		{568717D3-2FD9-46F8-87CE-96F302C825C8}.Debug|Mixed Platforms.ActiveCfg = Debug|x86
		{568717D3-2FD9-46F8-87CE-96F302C825C8}.Debug|Mixed Platforms.Build.0 = Debug|x86
		{568717D3-2FD9-46F8-87CE-96F302C825C8}.Debug|x64.ActiveCfg = Debug|x64
		{568717D3-2FD9-46F8-87CE-96F302C825C8}.Debug|x64.Build.0 = Debug|x64
		{568717D3-2FD9-46F8-87CE-96F302C825C8}.Debug|x86.ActiveCfg = Debug|x86
		{568717D3-2FD9-46F8-87CE-96F302C825C8}.Release|Any CPU.ActiveCfg = Release|Any CPU
		{568717D3-2FD9-46F8-87CE-96F302C825C8}.Release|Mixed Platforms.ActiveCfg = Release|x86
		{568717D3-2FD9-46F8-87CE-96F302C825C8}.Release|Mixed Platforms.Build.0 = Release|x86
		{568717D3-2FD9-46F8-87CE-96F302C825C8}.Release|x64.ActiveCfg = Release|x64
		{568717D3-2FD9-46F8-87CE-96F302C825C8}.Release|x64.Build.0 = Release|x64
		{568717D3-2FD9-46F8-87CE-96F302C825C8}.Release|x86.ActiveCfg = Release|x86
		{CF80C6A7-30B6-45B8-8FF2-CC3176B95239}.Debug|Any CPU.ActiveCfg = Debug|Any CPU
		{CF80C6A7-30B6-45B8-8FF2-CC3176B95239}.Debug|Any CPU.Build.0 = Debug|Any CPU
		{CF80C6A7-30B6-45B8-8FF2-CC3176B95239}.Debug|Mixed Platforms.ActiveCfg = Debug|x86
		{CF80C6A7-30B6-45B8-8FF2-CC3176B95239}.Debug|Mixed Platforms.Build.0 = Debug|x86
		{CF80C6A7-30B6-45B8-8FF2-CC3176B95239}.Debug|x64.ActiveCfg = Debug|x64
		{CF80C6A7-30B6-45B8-8FF2-CC3176B95239}.Debug|x64.Build.0 = Debug|x64
		{CF80C6A7-30B6-45B8-8FF2-CC3176B95239}.Debug|x86.ActiveCfg = Debug|x86
		{CF80C6A7-30B6-45B8-8FF2-CC3176B95239}.Debug|x86.Build.0 = Debug|x86
		{CF80C6A7-30B6-45B8-8FF2-CC3176B95239}.Release|Any CPU.ActiveCfg = Release|Any CPU
		{CF80C6A7-30B6-45B8-8FF2-CC3176B95239}.Release|Any CPU.Build.0 = Release|Any CPU
		{CF80C6A7-30B6-45B8-8FF2-CC3176B95239}.Release|Mixed Platforms.ActiveCfg = Release|x86
		{CF80C6A7-30B6-45B8-8FF2-CC3176B95239}.Release|Mixed Platforms.Build.0 = Release|x86
		{CF80C6A7-30B6-45B8-8FF2-CC3176B95239}.Release|x64.ActiveCfg = Release|x64
		{CF80C6A7-30B6-45B8-8FF2-CC3176B95239}.Release|x64.Build.0 = Release|x64
		{CF80C6A7-30B6-45B8-8FF2-CC3176B95239}.Release|x86.ActiveCfg = Release|x86
		{CF80C6A7-30B6-45B8-8FF2-CC3176B95239}.Release|x86.Build.0 = Release|x86
		{AB88A898-E70A-4A0A-879A-6C91168F7B4B}.Debug|Any CPU.ActiveCfg = Debug|Any CPU
		{AB88A898-E70A-4A0A-879A-6C91168F7B4B}.Debug|Any CPU.Build.0 = Debug|Any CPU
		{AB88A898-E70A-4A0A-879A-6C91168F7B4B}.Debug|Mixed Platforms.ActiveCfg = Debug|x86
		{AB88A898-E70A-4A0A-879A-6C91168F7B4B}.Debug|Mixed Platforms.Build.0 = Debug|x86
		{AB88A898-E70A-4A0A-879A-6C91168F7B4B}.Debug|x64.ActiveCfg = Debug|x64
		{AB88A898-E70A-4A0A-879A-6C91168F7B4B}.Debug|x86.ActiveCfg = Debug|x86
		{AB88A898-E70A-4A0A-879A-6C91168F7B4B}.Debug|x86.Build.0 = Debug|x86
		{AB88A898-E70A-4A0A-879A-6C91168F7B4B}.Release|Any CPU.ActiveCfg = Release|Any CPU
		{AB88A898-E70A-4A0A-879A-6C91168F7B4B}.Release|Any CPU.Build.0 = Release|Any CPU
		{AB88A898-E70A-4A0A-879A-6C91168F7B4B}.Release|Mixed Platforms.ActiveCfg = Release|x86
		{AB88A898-E70A-4A0A-879A-6C91168F7B4B}.Release|Mixed Platforms.Build.0 = Release|x86
		{AB88A898-E70A-4A0A-879A-6C91168F7B4B}.Release|x64.ActiveCfg = Release|Any CPU
		{AB88A898-E70A-4A0A-879A-6C91168F7B4B}.Release|x86.ActiveCfg = Release|x86
		{AB88A898-E70A-4A0A-879A-6C91168F7B4B}.Release|x86.Build.0 = Release|x86
		{A959B0B0-1820-4322-9A12-732C112844A9}.Debug|Any CPU.ActiveCfg = Debug|Any CPU
		{A959B0B0-1820-4322-9A12-732C112844A9}.Debug|Any CPU.Build.0 = Debug|Any CPU
		{A959B0B0-1820-4322-9A12-732C112844A9}.Debug|Mixed Platforms.ActiveCfg = Debug|x86
		{A959B0B0-1820-4322-9A12-732C112844A9}.Debug|Mixed Platforms.Build.0 = Debug|x86
		{A959B0B0-1820-4322-9A12-732C112844A9}.Debug|x64.ActiveCfg = Debug|Any CPU
		{A959B0B0-1820-4322-9A12-732C112844A9}.Debug|x64.Build.0 = Debug|Any CPU
		{A959B0B0-1820-4322-9A12-732C112844A9}.Debug|x86.ActiveCfg = Debug|x86
		{A959B0B0-1820-4322-9A12-732C112844A9}.Debug|x86.Build.0 = Debug|x86
		{A959B0B0-1820-4322-9A12-732C112844A9}.Release|Any CPU.ActiveCfg = Release|Any CPU
		{A959B0B0-1820-4322-9A12-732C112844A9}.Release|Any CPU.Build.0 = Release|Any CPU
		{A959B0B0-1820-4322-9A12-732C112844A9}.Release|Mixed Platforms.ActiveCfg = Release|x86
		{A959B0B0-1820-4322-9A12-732C112844A9}.Release|Mixed Platforms.Build.0 = Release|x86
		{A959B0B0-1820-4322-9A12-732C112844A9}.Release|x64.ActiveCfg = Release|Any CPU
		{A959B0B0-1820-4322-9A12-732C112844A9}.Release|x64.Build.0 = Release|Any CPU
		{A959B0B0-1820-4322-9A12-732C112844A9}.Release|x86.ActiveCfg = Release|x86
		{A959B0B0-1820-4322-9A12-732C112844A9}.Release|x86.Build.0 = Release|x86
		{0E21BE3E-4CAC-48FD-A813-D78804989B4E}.Debug|Any CPU.ActiveCfg = Debug|Any CPU
		{0E21BE3E-4CAC-48FD-A813-D78804989B4E}.Debug|Any CPU.Build.0 = Debug|Any CPU
		{0E21BE3E-4CAC-48FD-A813-D78804989B4E}.Debug|Mixed Platforms.ActiveCfg = Debug|Any CPU
		{0E21BE3E-4CAC-48FD-A813-D78804989B4E}.Debug|Mixed Platforms.Build.0 = Debug|Any CPU
		{0E21BE3E-4CAC-48FD-A813-D78804989B4E}.Debug|x64.ActiveCfg = Debug|Any CPU
		{0E21BE3E-4CAC-48FD-A813-D78804989B4E}.Debug|x64.Build.0 = Debug|Any CPU
		{0E21BE3E-4CAC-48FD-A813-D78804989B4E}.Debug|x86.ActiveCfg = Debug|Any CPU
		{0E21BE3E-4CAC-48FD-A813-D78804989B4E}.Debug|x86.Build.0 = Debug|Any CPU
		{0E21BE3E-4CAC-48FD-A813-D78804989B4E}.Release|Any CPU.ActiveCfg = Release|Any CPU
		{0E21BE3E-4CAC-48FD-A813-D78804989B4E}.Release|Any CPU.Build.0 = Release|Any CPU
		{0E21BE3E-4CAC-48FD-A813-D78804989B4E}.Release|Mixed Platforms.ActiveCfg = Release|Any CPU
		{0E21BE3E-4CAC-48FD-A813-D78804989B4E}.Release|Mixed Platforms.Build.0 = Release|Any CPU
		{0E21BE3E-4CAC-48FD-A813-D78804989B4E}.Release|x64.ActiveCfg = Release|Any CPU
		{0E21BE3E-4CAC-48FD-A813-D78804989B4E}.Release|x64.Build.0 = Release|Any CPU
		{0E21BE3E-4CAC-48FD-A813-D78804989B4E}.Release|x86.ActiveCfg = Release|Any CPU
		{0E21BE3E-4CAC-48FD-A813-D78804989B4E}.Release|x86.Build.0 = Release|Any CPU
		{AF7FE417-BD16-423F-96CF-3616E5A90666}.Debug|Any CPU.ActiveCfg = Debug|Any CPU
		{AF7FE417-BD16-423F-96CF-3616E5A90666}.Debug|Any CPU.Build.0 = Debug|Any CPU
		{AF7FE417-BD16-423F-96CF-3616E5A90666}.Debug|Mixed Platforms.ActiveCfg = Debug|x86
		{AF7FE417-BD16-423F-96CF-3616E5A90666}.Debug|Mixed Platforms.Build.0 = Debug|x86
		{AF7FE417-BD16-423F-96CF-3616E5A90666}.Debug|x64.ActiveCfg = Debug|x64
		{AF7FE417-BD16-423F-96CF-3616E5A90666}.Debug|x64.Build.0 = Debug|x64
		{AF7FE417-BD16-423F-96CF-3616E5A90666}.Debug|x86.ActiveCfg = Debug|x86
		{AF7FE417-BD16-423F-96CF-3616E5A90666}.Debug|x86.Build.0 = Debug|x86
		{AF7FE417-BD16-423F-96CF-3616E5A90666}.Release|Any CPU.ActiveCfg = Release|Any CPU
		{AF7FE417-BD16-423F-96CF-3616E5A90666}.Release|Any CPU.Build.0 = Release|Any CPU
		{AF7FE417-BD16-423F-96CF-3616E5A90666}.Release|Mixed Platforms.ActiveCfg = Release|x86
		{AF7FE417-BD16-423F-96CF-3616E5A90666}.Release|Mixed Platforms.Build.0 = Release|x86
		{AF7FE417-BD16-423F-96CF-3616E5A90666}.Release|x64.ActiveCfg = Release|x64
		{AF7FE417-BD16-423F-96CF-3616E5A90666}.Release|x64.Build.0 = Release|x64
		{AF7FE417-BD16-423F-96CF-3616E5A90666}.Release|x86.ActiveCfg = Release|x86
		{AF7FE417-BD16-423F-96CF-3616E5A90666}.Release|x86.Build.0 = Release|x86
		{EA16E1E9-DC49-4297-9CED-8C28E5D0C21D}.Debug|Any CPU.ActiveCfg = Debug|Any CPU
		{EA16E1E9-DC49-4297-9CED-8C28E5D0C21D}.Debug|Any CPU.Build.0 = Debug|Any CPU
		{EA16E1E9-DC49-4297-9CED-8C28E5D0C21D}.Debug|Mixed Platforms.ActiveCfg = Debug|Any CPU
		{EA16E1E9-DC49-4297-9CED-8C28E5D0C21D}.Debug|Mixed Platforms.Build.0 = Debug|Any CPU
		{EA16E1E9-DC49-4297-9CED-8C28E5D0C21D}.Debug|x64.ActiveCfg = Debug|Any CPU
		{EA16E1E9-DC49-4297-9CED-8C28E5D0C21D}.Debug|x64.Build.0 = Debug|Any CPU
		{EA16E1E9-DC49-4297-9CED-8C28E5D0C21D}.Debug|x86.ActiveCfg = Debug|Any CPU
		{EA16E1E9-DC49-4297-9CED-8C28E5D0C21D}.Debug|x86.Build.0 = Debug|Any CPU
		{EA16E1E9-DC49-4297-9CED-8C28E5D0C21D}.Release|Any CPU.ActiveCfg = Release|Any CPU
		{EA16E1E9-DC49-4297-9CED-8C28E5D0C21D}.Release|Any CPU.Build.0 = Release|Any CPU
		{EA16E1E9-DC49-4297-9CED-8C28E5D0C21D}.Release|Mixed Platforms.ActiveCfg = Release|Any CPU
		{EA16E1E9-DC49-4297-9CED-8C28E5D0C21D}.Release|Mixed Platforms.Build.0 = Release|Any CPU
		{EA16E1E9-DC49-4297-9CED-8C28E5D0C21D}.Release|x64.ActiveCfg = Release|Any CPU
		{EA16E1E9-DC49-4297-9CED-8C28E5D0C21D}.Release|x64.Build.0 = Release|Any CPU
		{EA16E1E9-DC49-4297-9CED-8C28E5D0C21D}.Release|x86.ActiveCfg = Release|Any CPU
		{EA16E1E9-DC49-4297-9CED-8C28E5D0C21D}.Release|x86.Build.0 = Release|Any CPU
		{18177378-A693-4364-A658-F3F1CE569564}.Debug|Any CPU.ActiveCfg = Debug|Any CPU
		{18177378-A693-4364-A658-F3F1CE569564}.Debug|Any CPU.Build.0 = Debug|Any CPU
		{18177378-A693-4364-A658-F3F1CE569564}.Debug|Mixed Platforms.ActiveCfg = Debug|Any CPU
		{18177378-A693-4364-A658-F3F1CE569564}.Debug|Mixed Platforms.Build.0 = Debug|Any CPU
		{18177378-A693-4364-A658-F3F1CE569564}.Debug|x64.ActiveCfg = Debug|Any CPU
		{18177378-A693-4364-A658-F3F1CE569564}.Debug|x64.Build.0 = Debug|Any CPU
		{18177378-A693-4364-A658-F3F1CE569564}.Debug|x86.ActiveCfg = Debug|Any CPU
		{18177378-A693-4364-A658-F3F1CE569564}.Debug|x86.Build.0 = Debug|Any CPU
		{18177378-A693-4364-A658-F3F1CE569564}.Release|Any CPU.ActiveCfg = Release|Any CPU
		{18177378-A693-4364-A658-F3F1CE569564}.Release|Any CPU.Build.0 = Release|Any CPU
		{18177378-A693-4364-A658-F3F1CE569564}.Release|Mixed Platforms.ActiveCfg = Release|Any CPU
		{18177378-A693-4364-A658-F3F1CE569564}.Release|Mixed Platforms.Build.0 = Release|Any CPU
		{18177378-A693-4364-A658-F3F1CE569564}.Release|x64.ActiveCfg = Release|Any CPU
		{18177378-A693-4364-A658-F3F1CE569564}.Release|x64.Build.0 = Release|Any CPU
		{18177378-A693-4364-A658-F3F1CE569564}.Release|x86.ActiveCfg = Release|Any CPU
		{18177378-A693-4364-A658-F3F1CE569564}.Release|x86.Build.0 = Release|Any CPU
		{5089C126-FB1B-4BCB-802E-BED86D62FB67}.Debug|Any CPU.ActiveCfg = Debug|Any CPU
		{5089C126-FB1B-4BCB-802E-BED86D62FB67}.Debug|Any CPU.Build.0 = Debug|Any CPU
		{5089C126-FB1B-4BCB-802E-BED86D62FB67}.Debug|Mixed Platforms.ActiveCfg = Debug|Any CPU
		{5089C126-FB1B-4BCB-802E-BED86D62FB67}.Debug|Mixed Platforms.Build.0 = Debug|Any CPU
		{5089C126-FB1B-4BCB-802E-BED86D62FB67}.Debug|x64.ActiveCfg = Debug|Any CPU
		{5089C126-FB1B-4BCB-802E-BED86D62FB67}.Debug|x64.Build.0 = Debug|Any CPU
		{5089C126-FB1B-4BCB-802E-BED86D62FB67}.Debug|x86.ActiveCfg = Debug|Any CPU
		{5089C126-FB1B-4BCB-802E-BED86D62FB67}.Debug|x86.Build.0 = Debug|Any CPU
		{5089C126-FB1B-4BCB-802E-BED86D62FB67}.Release|Any CPU.ActiveCfg = Release|Any CPU
		{5089C126-FB1B-4BCB-802E-BED86D62FB67}.Release|Any CPU.Build.0 = Release|Any CPU
		{5089C126-FB1B-4BCB-802E-BED86D62FB67}.Release|Mixed Platforms.ActiveCfg = Release|Any CPU
		{5089C126-FB1B-4BCB-802E-BED86D62FB67}.Release|Mixed Platforms.Build.0 = Release|Any CPU
		{5089C126-FB1B-4BCB-802E-BED86D62FB67}.Release|x64.ActiveCfg = Release|Any CPU
		{5089C126-FB1B-4BCB-802E-BED86D62FB67}.Release|x64.Build.0 = Release|Any CPU
		{5089C126-FB1B-4BCB-802E-BED86D62FB67}.Release|x86.ActiveCfg = Release|Any CPU
		{5089C126-FB1B-4BCB-802E-BED86D62FB67}.Release|x86.Build.0 = Release|Any CPU
		{685C813D-15F7-41C1-BE74-C9CA074375BD}.Debug|Any CPU.ActiveCfg = Debug|Any CPU
		{685C813D-15F7-41C1-BE74-C9CA074375BD}.Debug|Any CPU.Build.0 = Debug|Any CPU
		{685C813D-15F7-41C1-BE74-C9CA074375BD}.Debug|Mixed Platforms.ActiveCfg = Debug|Any CPU
		{685C813D-15F7-41C1-BE74-C9CA074375BD}.Debug|Mixed Platforms.Build.0 = Debug|Any CPU
		{685C813D-15F7-41C1-BE74-C9CA074375BD}.Debug|x64.ActiveCfg = Debug|Any CPU
		{685C813D-15F7-41C1-BE74-C9CA074375BD}.Debug|x64.Build.0 = Debug|Any CPU
		{685C813D-15F7-41C1-BE74-C9CA074375BD}.Debug|x86.ActiveCfg = Debug|Any CPU
		{685C813D-15F7-41C1-BE74-C9CA074375BD}.Debug|x86.Build.0 = Debug|Any CPU
		{685C813D-15F7-41C1-BE74-C9CA074375BD}.Release|Any CPU.ActiveCfg = Release|Any CPU
		{685C813D-15F7-41C1-BE74-C9CA074375BD}.Release|Any CPU.Build.0 = Release|Any CPU
		{685C813D-15F7-41C1-BE74-C9CA074375BD}.Release|Mixed Platforms.ActiveCfg = Release|Any CPU
		{685C813D-15F7-41C1-BE74-C9CA074375BD}.Release|Mixed Platforms.Build.0 = Release|Any CPU
		{685C813D-15F7-41C1-BE74-C9CA074375BD}.Release|x64.ActiveCfg = Release|Any CPU
		{685C813D-15F7-41C1-BE74-C9CA074375BD}.Release|x64.Build.0 = Release|Any CPU
		{685C813D-15F7-41C1-BE74-C9CA074375BD}.Release|x86.ActiveCfg = Release|Any CPU
		{685C813D-15F7-41C1-BE74-C9CA074375BD}.Release|x86.Build.0 = Release|Any CPU
		{FB8E34E4-1CBD-4AD4-A85F-AA8D6614E1A6}.Debug|Any CPU.ActiveCfg = Debug|Any CPU
		{FB8E34E4-1CBD-4AD4-A85F-AA8D6614E1A6}.Debug|Any CPU.Build.0 = Debug|Any CPU
		{FB8E34E4-1CBD-4AD4-A85F-AA8D6614E1A6}.Debug|Mixed Platforms.ActiveCfg = Debug|Any CPU
		{FB8E34E4-1CBD-4AD4-A85F-AA8D6614E1A6}.Debug|Mixed Platforms.Build.0 = Debug|Any CPU
		{FB8E34E4-1CBD-4AD4-A85F-AA8D6614E1A6}.Debug|x64.ActiveCfg = Debug|Any CPU
		{FB8E34E4-1CBD-4AD4-A85F-AA8D6614E1A6}.Debug|x64.Build.0 = Debug|Any CPU
		{FB8E34E4-1CBD-4AD4-A85F-AA8D6614E1A6}.Debug|x86.ActiveCfg = Debug|Any CPU
		{FB8E34E4-1CBD-4AD4-A85F-AA8D6614E1A6}.Debug|x86.Build.0 = Debug|Any CPU
		{FB8E34E4-1CBD-4AD4-A85F-AA8D6614E1A6}.Release|Any CPU.ActiveCfg = Release|Any CPU
		{FB8E34E4-1CBD-4AD4-A85F-AA8D6614E1A6}.Release|Any CPU.Build.0 = Release|Any CPU
		{FB8E34E4-1CBD-4AD4-A85F-AA8D6614E1A6}.Release|Mixed Platforms.ActiveCfg = Release|Any CPU
		{FB8E34E4-1CBD-4AD4-A85F-AA8D6614E1A6}.Release|Mixed Platforms.Build.0 = Release|Any CPU
		{FB8E34E4-1CBD-4AD4-A85F-AA8D6614E1A6}.Release|x64.ActiveCfg = Release|Any CPU
		{FB8E34E4-1CBD-4AD4-A85F-AA8D6614E1A6}.Release|x64.Build.0 = Release|Any CPU
		{FB8E34E4-1CBD-4AD4-A85F-AA8D6614E1A6}.Release|x86.ActiveCfg = Release|Any CPU
		{FB8E34E4-1CBD-4AD4-A85F-AA8D6614E1A6}.Release|x86.Build.0 = Release|Any CPU
		{9A82A167-A965-4462-A07A-C40A356BEA3E}.Debug|Any CPU.ActiveCfg = Debug|Any CPU
		{9A82A167-A965-4462-A07A-C40A356BEA3E}.Debug|Any CPU.Build.0 = Debug|Any CPU
		{9A82A167-A965-4462-A07A-C40A356BEA3E}.Debug|Mixed Platforms.ActiveCfg = Debug|Any CPU
		{9A82A167-A965-4462-A07A-C40A356BEA3E}.Debug|Mixed Platforms.Build.0 = Debug|Any CPU
		{9A82A167-A965-4462-A07A-C40A356BEA3E}.Debug|x64.ActiveCfg = Debug|Any CPU
		{9A82A167-A965-4462-A07A-C40A356BEA3E}.Debug|x64.Build.0 = Debug|Any CPU
		{9A82A167-A965-4462-A07A-C40A356BEA3E}.Debug|x86.ActiveCfg = Debug|Any CPU
		{9A82A167-A965-4462-A07A-C40A356BEA3E}.Debug|x86.Build.0 = Debug|Any CPU
		{9A82A167-A965-4462-A07A-C40A356BEA3E}.Release|Any CPU.ActiveCfg = Release|Any CPU
		{9A82A167-A965-4462-A07A-C40A356BEA3E}.Release|Any CPU.Build.0 = Release|Any CPU
		{9A82A167-A965-4462-A07A-C40A356BEA3E}.Release|Mixed Platforms.ActiveCfg = Release|Any CPU
		{9A82A167-A965-4462-A07A-C40A356BEA3E}.Release|Mixed Platforms.Build.0 = Release|Any CPU
		{9A82A167-A965-4462-A07A-C40A356BEA3E}.Release|x64.ActiveCfg = Release|Any CPU
		{9A82A167-A965-4462-A07A-C40A356BEA3E}.Release|x64.Build.0 = Release|Any CPU
		{9A82A167-A965-4462-A07A-C40A356BEA3E}.Release|x86.ActiveCfg = Release|Any CPU
		{9A82A167-A965-4462-A07A-C40A356BEA3E}.Release|x86.Build.0 = Release|Any CPU
		{1EECE1A9-6F09-4E39-953E-27F6074B0F5D}.Debug|Any CPU.ActiveCfg = Debug|Any CPU
		{1EECE1A9-6F09-4E39-953E-27F6074B0F5D}.Debug|Any CPU.Build.0 = Debug|Any CPU
		{1EECE1A9-6F09-4E39-953E-27F6074B0F5D}.Debug|Mixed Platforms.ActiveCfg = Debug|Any CPU
		{1EECE1A9-6F09-4E39-953E-27F6074B0F5D}.Debug|Mixed Platforms.Build.0 = Debug|Any CPU
		{1EECE1A9-6F09-4E39-953E-27F6074B0F5D}.Debug|x64.ActiveCfg = Debug|Any CPU
		{1EECE1A9-6F09-4E39-953E-27F6074B0F5D}.Debug|x64.Build.0 = Debug|Any CPU
		{1EECE1A9-6F09-4E39-953E-27F6074B0F5D}.Debug|x86.ActiveCfg = Debug|Any CPU
		{1EECE1A9-6F09-4E39-953E-27F6074B0F5D}.Debug|x86.Build.0 = Debug|Any CPU
		{1EECE1A9-6F09-4E39-953E-27F6074B0F5D}.Release|Any CPU.ActiveCfg = Release|Any CPU
		{1EECE1A9-6F09-4E39-953E-27F6074B0F5D}.Release|Any CPU.Build.0 = Release|Any CPU
		{1EECE1A9-6F09-4E39-953E-27F6074B0F5D}.Release|Mixed Platforms.ActiveCfg = Release|Any CPU
		{1EECE1A9-6F09-4E39-953E-27F6074B0F5D}.Release|Mixed Platforms.Build.0 = Release|Any CPU
		{1EECE1A9-6F09-4E39-953E-27F6074B0F5D}.Release|x64.ActiveCfg = Release|Any CPU
		{1EECE1A9-6F09-4E39-953E-27F6074B0F5D}.Release|x64.Build.0 = Release|Any CPU
		{1EECE1A9-6F09-4E39-953E-27F6074B0F5D}.Release|x86.ActiveCfg = Release|Any CPU
		{1EECE1A9-6F09-4E39-953E-27F6074B0F5D}.Release|x86.Build.0 = Release|Any CPU
		{62EC726D-7870-4761-9D17-7471E2A04A56}.Debug|Any CPU.ActiveCfg = Debug|Any CPU
		{62EC726D-7870-4761-9D17-7471E2A04A56}.Debug|Any CPU.Build.0 = Debug|Any CPU
		{62EC726D-7870-4761-9D17-7471E2A04A56}.Debug|Mixed Platforms.ActiveCfg = Debug|Any CPU
		{62EC726D-7870-4761-9D17-7471E2A04A56}.Debug|Mixed Platforms.Build.0 = Debug|Any CPU
		{62EC726D-7870-4761-9D17-7471E2A04A56}.Debug|x64.ActiveCfg = Debug|Any CPU
		{62EC726D-7870-4761-9D17-7471E2A04A56}.Debug|x64.Build.0 = Debug|Any CPU
		{62EC726D-7870-4761-9D17-7471E2A04A56}.Debug|x86.ActiveCfg = Debug|Any CPU
		{62EC726D-7870-4761-9D17-7471E2A04A56}.Debug|x86.Build.0 = Debug|Any CPU
		{62EC726D-7870-4761-9D17-7471E2A04A56}.Release|Any CPU.ActiveCfg = Release|Any CPU
		{62EC726D-7870-4761-9D17-7471E2A04A56}.Release|Any CPU.Build.0 = Release|Any CPU
		{62EC726D-7870-4761-9D17-7471E2A04A56}.Release|Mixed Platforms.ActiveCfg = Release|Any CPU
		{62EC726D-7870-4761-9D17-7471E2A04A56}.Release|Mixed Platforms.Build.0 = Release|Any CPU
		{62EC726D-7870-4761-9D17-7471E2A04A56}.Release|x64.ActiveCfg = Release|Any CPU
		{62EC726D-7870-4761-9D17-7471E2A04A56}.Release|x64.Build.0 = Release|Any CPU
		{62EC726D-7870-4761-9D17-7471E2A04A56}.Release|x86.ActiveCfg = Release|Any CPU
		{62EC726D-7870-4761-9D17-7471E2A04A56}.Release|x86.Build.0 = Release|Any CPU
	EndGlobalSection
	GlobalSection(SolutionProperties) = preSolution
		HideSolutionNode = FALSE
	EndGlobalSection
	GlobalSection(ExtensibilityGlobals) = postSolution
		SolutionGuid = {2D753129-95C6-4AB0-BB50-172A60FABCE9}
	EndGlobalSection
	GlobalSection(TeamFoundationVersionControl) = preSolution
		SccNumberOfProjects = 26
		SccEnterpriseProvider = {4CA58AB2-18FA-4F8D-95D4-32DDF27D184C}
		SccTeamFoundationServer = http://tasc-code.gotoadvantage.com:8080/tfs/advantage
		SccLocalPath0 = .
		SccProjectUniqueName1 = AdvantageFramework\\AdvantageFramework.vbproj
		SccProjectName1 = AdvantageFramework
		SccLocalPath1 = AdvantageFramework
		SccProjectUniqueName2 = AdvantageFramework.WinForm\\AdvantageFramework.WinForm.vbproj
		SccProjectName2 = AdvantageFramework.WinForm
		SccLocalPath2 = AdvantageFramework.WinForm
		SccProjectUniqueName3 = Advantage\\Advantage.vbproj
		SccProjectName3 = Advantage
		SccLocalPath3 = Advantage
		SccProjectUniqueName4 = AdvantageFramework.Reporting.Reports\\AdvantageFramework.Reporting.Reports.vbproj
		SccProjectName4 = AdvantageFramework.Reporting.Reports
		SccLocalPath4 = AdvantageFramework.Reporting.Reports
		SccProjectUniqueName5 = Advantage\u0020Database\u0020Update\\Advantage\u0020Database\u0020Update.vbproj
		SccProjectName5 = Advantage\u0020Database\u0020Update
		SccLocalPath5 = Advantage\u0020Database\u0020Update
		SccProjectUniqueName6 = Advantage\u0020Database\\Advantage\u0020Database.sqlproj
		SccLocalPath6 = .
		SccProjectFilePathRelativizedFromConnection6 = Advantage\u0020Database\\
		SccProjectUniqueName7 = Advantage\u0020Custom\u0020Report\u0020Import\\Advantage\u0020Custom\u0020Report\u0020Import.vbproj
		SccProjectName7 = Advantage\u0020Custom\u0020Report\u0020Import
		SccLocalPath7 = Advantage\u0020Custom\u0020Report\u0020Import
		SccProjectUniqueName8 = Advantage\u0020License\u0020Key\u0020Generator\\Advantage\u0020License\u0020Key\u0020Generator.vbproj
		SccProjectName8 = Advantage\u0020License\u0020Key\u0020Generator
		SccLocalPath8 = Advantage\u0020License\u0020Key\u0020Generator
		SccProjectUniqueName9 = Advantage\u0020License\u0020Key\u0020Import\\Advantage\u0020License\u0020Key\u0020Import.vbproj
		SccProjectName9 = Advantage\u0020License\u0020Key\u0020Import
		SccLocalPath9 = Advantage\u0020License\u0020Key\u0020Import
		SccProjectUniqueName10 = Advantage\u0020Security\u0020Setup\u0020Assistant\\Advantage\u0020Security\u0020Setup\u0020Assistant.vbproj
		SccProjectName10 = Advantage\u0020Security\u0020Setup\u0020Assistant
		SccLocalPath10 = Advantage\u0020Security\u0020Setup\u0020Assistant
		SccProjectUniqueName11 = Advantage\u0020Test\u0020Project\\Advantage\u0020Test\u0020Project.vbproj
		SccProjectName11 = Advantage\u0020Test\u0020Project
		SccLocalPath11 = Advantage\u0020Test\u0020Project
		SccProjectUniqueName12 = Advantage\u0020Services\\Advantage\u0020Services.vbproj
		SccProjectName12 = Advantage\u0020Services
		SccLocalPath12 = Advantage\u0020Services
		SccProjectUniqueName13 = AdvantageFramework.BLogic\\AdvantageFramework.BLogic.vbproj
		SccProjectName13 = AdvantageFramework.BLogic
		SccLocalPath13 = AdvantageFramework.BLogic
		SccProjectUniqueName14 = AdvantageFramework.GoogleServices\\AdvantageFramework.GoogleServices.vbproj
		SccProjectName14 = AdvantageFramework.GoogleServices
		SccLocalPath14 = AdvantageFramework.GoogleServices
		SccProjectUniqueName15 = Advantage\u0020Nielsen\u0020Database\u0020Update\\Advantage\u0020Nielsen\u0020Database\u0020Update.vbproj
		SccProjectName15 = Advantage\u0020Nielsen\u0020Database\u0020Update
		SccLocalPath15 = Advantage\u0020Nielsen\u0020Database\u0020Update
		SccProjectUniqueName16 = Advantage\u0020MSAccess\\Advantage\u0020MSAccess.vbproj
		SccProjectName16 = Advantage\u0020MSAccess
		SccLocalPath16 = Advantage\u0020MSAccess
		SccProjectUniqueName17 = Advantage\u0020Connection\u0020Configurator\\Advantage\u0020Connection\u0020Configurator.vbproj
		SccProjectName17 = Advantage\u0020Connection\u0020Configurator
		SccLocalPath17 = Advantage\u0020Connection\u0020Configurator
		SccProjectUniqueName18 = Advantage\u0020Upgrade\u0020Wizard\\Advantage\u0020Upgrade\u0020Wizard.vbproj
		SccProjectName18 = Advantage\u0020Upgrade\u0020Wizard
		SccLocalPath18 = Advantage\u0020Upgrade\u0020Wizard
		SccProjectUniqueName19 = Advantage\u0020National\u0020Database\u0020Update\\Advantage\u0020National\u0020Database\u0020Update.vbproj
		SccProjectName19 = Advantage\u0020National\u0020Database\u0020Update
		SccLocalPath19 = Advantage\u0020National\u0020Database\u0020Update
		SccProjectUniqueName20 = AdvantageFramework.Security.Adassist\\AdvantageFramework.Security.Adassist.vbproj
		SccProjectName20 = AdvantageFramework.Security.Adassist
		SccLocalPath20 = AdvantageFramework.Security.Adassist
		SccProjectUniqueName21 = Advantage\u0020Com\u0020Registry\\Advantage\u0020Com\u0020Registry.vbproj
		SccProjectName21 = Advantage\u0020Com\u0020Registry
		SccLocalPath21 = Advantage\u0020Com\u0020Registry
		SccProjectUniqueName22 = Advantage\u0020Payment\u0020Manager\u0020Export\u0020FTP\\Advantage\u0020Payment\u0020Manager\u0020Export\u0020FTP.vbproj
		SccProjectName22 = Advantage\u0020Payment\u0020Manager\u0020Export\u0020FTP
		SccLocalPath22 = Advantage\u0020Payment\u0020Manager\u0020Export\u0020FTP
		SccProjectUniqueName23 = AdvantageFramework.Com\\AdvantageFramework.Com.vbproj
		SccProjectName23 = AdvantageFramework.Com
		SccLocalPath23 = AdvantageFramework.Com
		SccProjectUniqueName24 = Advantage\u0020Access\u0020Login\\Advantage\u0020Access\u0020Login.vbproj
		SccProjectName24 = Advantage\u0020Access\u0020Login
		SccLocalPath24 = Advantage\u0020Access\u0020Login
		SccProjectUniqueName25 = Advantage\u0020Access\u0020Email\\Advantage\u0020Access\u0020Email.vbproj
		SccProjectName25 = Advantage\u0020Access\u0020Email
		SccLocalPath25 = Advantage\u0020Access\u0020Email
	EndGlobalSection
EndGlobal
