
Microsoft Visual Studio Solution File, Format Version 12.00
# Visual Studio 15
VisualStudioVersion = 15.0.28307.1259
MinimumVisualStudioVersion = 10.0.40219.1
Project("{F184B08F-C81C-45F6-A57F-5ABD9991F28F}") = "AdvantageFramework.WinForm", "AdvantageFramework.WinForm\AdvantageFramework.WinForm.vbproj", "{8BBD586B-EB2E-4971-AE41-91A8E68F114E}"
EndProject
Project("{F184B08F-C81C-45F6-A57F-5ABD9991F28F}") = "Advantage Services", "Advantage Services\Advantage Services.vbproj", "{568717D3-2FD9-46F8-87CE-96F302C825C8}"
EndProject
Project("{F184B08F-C81C-45F6-A57F-5ABD9991F28F}") = "AdvantageFramework", "AdvantageFramework\AdvantageFramework.vbproj", "{A5ADBD34-DC5F-45EE-AB6A-8E9122DA478D}"
EndProject
Project("{F184B08F-C81C-45F6-A57F-5ABD9991F28F}") = "AdvantageFramework.Web", "AdvantageFramework.Web\AdvantageFramework.Web.vbproj", "{2854ABA2-CE90-406B-8041-C9B84D2F97B6}"
EndProject
Project("{F184B08F-C81C-45F6-A57F-5ABD9991F28F}") = "Webvantage", "Webvantage\Webvantage\Webvantage.vbproj", "{CE8A2210-DC00-4858-9936-91F0D42AB486}"
EndProject
Project("{F184B08F-C81C-45F6-A57F-5ABD9991F28F}") = "AdvantageFramework.Reporting.Reports", "AdvantageFramework.Reporting.Reports\AdvantageFramework.Reporting.Reports.vbproj", "{6115EB46-3E3D-4413-903A-618177C655AF}"
EndProject
Project("{F184B08F-C81C-45F6-A57F-5ABD9991F28F}") = "ActiveReportsAssembly", "Webvantage\ActiveReportsAssembly\ActiveReportsAssembly.vbproj", "{6737C74B-2B68-4280-A1F8-3BB04CD37435}"
EndProject
Project("{F184B08F-C81C-45F6-A57F-5ABD9991F28F}") = "Advantage", "Advantage\Advantage.vbproj", "{F463E268-1263-45BA-9CC2-855A94CE5B8C}"
EndProject
Project("{00D1A9C2-B5F0-4AF3-8072-F6C62B433612}") = "Advantage Database", "Advantage Database\Advantage Database.sqlproj", "{D544D66B-22F6-4A80-80C4-49883EF306F6}"
EndProject
Project("{F184B08F-C81C-45F6-A57F-5ABD9991F28F}") = "Advantage Database Update", "Advantage Database Update\Advantage Database Update.vbproj", "{E4B6AE92-92A4-4481-8EA3-3507640AE3A6}"
EndProject
Project("{F184B08F-C81C-45F6-A57F-5ABD9991F28F}") = "Advantage Custom Report Import", "Advantage Custom Report Import\Advantage Custom Report Import.vbproj", "{D63BF961-5BC1-4DC1-8E99-B0D671FCAFD9}"
EndProject
Project("{F184B08F-C81C-45F6-A57F-5ABD9991F28F}") = "Advantage License Key Import", "Advantage License Key Import\Advantage License Key Import.vbproj", "{393CD97D-73D5-413B-BC2E-FA9884D36302}"
EndProject
Project("{F184B08F-C81C-45F6-A57F-5ABD9991F28F}") = "Advantage Security Setup Assistant", "Advantage Security Setup Assistant\Advantage Security Setup Assistant.vbproj", "{1A090CB9-937E-41E7-A648-4A0F5803328C}"
EndProject
Project("{F184B08F-C81C-45F6-A57F-5ABD9991F28F}") = "Advantage License Key Generator", "Advantage License Key Generator\Advantage License Key Generator.vbproj", "{1D1D5741-993C-4B7C-AE6E-C1FCDA3303CA}"
EndProject
Project("{F184B08F-C81C-45F6-A57F-5ABD9991F28F}") = "Advantage Test Project", "Advantage Test Project\Advantage Test Project.vbproj", "{B5F82D2F-A022-4962-88F6-9B6ABCBA0CF1}"
EndProject
Project("{F184B08F-C81C-45F6-A57F-5ABD9991F28F}") = "AdvantageFramework.BLogic", "AdvantageFramework.BLogic\AdvantageFramework.BLogic.vbproj", "{CF80C6A7-30B6-45B8-8FF2-CC3176B95239}"
EndProject
Project("{F184B08F-C81C-45F6-A57F-5ABD9991F28F}") = "AdvantageFramework.GoogleServices", "AdvantageFramework.GoogleServices\AdvantageFramework.GoogleServices.vbproj", "{AB88A898-E70A-4A0A-879A-6C91168F7B4B}"
EndProject
Project("{F184B08F-C81C-45F6-A57F-5ABD9991F28F}") = "Advantage Windows Service", "Advantage Window Service\Advantage Windows Service.vbproj", "{601CBF72-029C-40A9-BEEA-18F3A18FAFDF}"
EndProject
Project("{F184B08F-C81C-45F6-A57F-5ABD9991F28F}") = "AdvantageTests", "AdvantageTests\AdvantageTests.vbproj", "{71B4A4EC-B689-436E-9CF8-2440AD2340C6}"
EndProject
Project("{2150E333-8FDC-42A3-9474-1A3956D46DE8}") = "Solution Items", "Solution Items", "{60210C61-477E-4606-A28E-27723090DDB2}"
	ProjectSection(SolutionItems) = preProject
		.editorconfig = .editorconfig
	EndProjectSection
EndProject
Project("{F184B08F-C81C-45F6-A57F-5ABD9991F28F}") = "Advantage Nielsen Database Update", "Advantage Nielsen Database Update\Advantage Nielsen Database Update.vbproj", "{A959B0B0-1820-4322-9A12-732C112844A9}"
EndProject
Project("{00D1A9C2-B5F0-4AF3-8072-F6C62B433612}") = "Nielsen DB", "Nielsen DB\Nielsen DB.sqlproj", "{4B83306C-1794-46FC-8A37-F2A3280AFC60}"
EndProject
Project("{F184B08F-C81C-45F6-A57F-5ABD9991F28F}") = "Advantage MSAccess", "Advantage MSAccess\Advantage MSAccess.vbproj", "{0E21BE3E-4CAC-48FD-A813-D78804989B4E}"
EndProject
Project("{F184B08F-C81C-45F6-A57F-5ABD9991F28F}") = "Advantage Connection Configurator", "Advantage Connection Configurator\Advantage Connection Configurator.vbproj", "{AF7FE417-BD16-423F-96CF-3616E5A90666}"
EndProject
Project("{F184B08F-C81C-45F6-A57F-5ABD9991F28F}") = "Advantage Upgrade Wizard", "Advantage Upgrade Wizard\Advantage Upgrade Wizard.vbproj", "{EA16E1E9-DC49-4297-9CED-8C28E5D0C21D}"
EndProject
Project("{F184B08F-C81C-45F6-A57F-5ABD9991F28F}") = "Advantage National Database Update", "Advantage National Database Update\Advantage National Database Update.vbproj", "{18177378-A693-4364-A658-F3F1CE569564}"
EndProject
Project("{F184B08F-C81C-45F6-A57F-5ABD9991F28F}") = "Advantage Payment Manager Export FTP", "Advantage Payment Manager Export FTP\Advantage Payment Manager Export FTP.vbproj", "{FB8E34E4-1CBD-4AD4-A85F-AA8D6614E1A6}"
EndProject
Project("{F184B08F-C81C-45F6-A57F-5ABD9991F28F}") = "AdvantageFramework.Security.Adassist", "AdvantageFramework.Security.Adassist\AdvantageFramework.Security.Adassist.vbproj", "{5089C126-FB1B-4BCB-802E-BED86D62FB67}"
EndProject
Project("{F184B08F-C81C-45F6-A57F-5ABD9991F28F}") = "Advantage Com Registry", "Advantage Com Registry\Advantage Com Registry.vbproj", "{685C813D-15F7-41C1-BE74-C9CA074375BD}"
EndProject
Project("{F184B08F-C81C-45F6-A57F-5ABD9991F28F}") = "Advantage YayPay Complete Invoice Export", "Advantage YayPay Complete Invoice Export\Advantage YayPay Complete Invoice Export.vbproj", "{E086A890-8D92-4611-986A-6FBD260E57B0}"
EndProject
Project("{F184B08F-C81C-45F6-A57F-5ABD9991F28F}") = "AdvantageFramework.Com", "AdvantageFramework.Com\AdvantageFramework.Com.vbproj", "{9A82A167-A965-4462-A07A-C40A356BEA3E}"
EndProject
Project("{F184B08F-C81C-45F6-A57F-5ABD9991F28F}") = "Advantage Access Email", "Advantage Access Email\Advantage Access Email.vbproj", "{62EC726D-7870-4761-9D17-7471E2A04A56}"
EndProject
Project("{F184B08F-C81C-45F6-A57F-5ABD9991F28F}") = "Advantage Access Login", "Advantage Access Login\Advantage Access Login.vbproj", "{1EECE1A9-6F09-4E39-953E-27F6074B0F5D}"
EndProject
Global
	GlobalSection(SolutionConfigurationPlatforms) = preSolution
		Debug|Any CPU = Debug|Any CPU
		Debug|x64 = Debug|x64
		Debug|x86 = Debug|x86
		Release|Any CPU = Release|Any CPU
		Release|x64 = Release|x64
		Release|x86 = Release|x86
	EndGlobalSection
	GlobalSection(ProjectConfigurationPlatforms) = postSolution
		{8BBD586B-EB2E-4971-AE41-91A8E68F114E}.Debug|Any CPU.ActiveCfg = Debug|Any CPU
		{8BBD586B-EB2E-4971-AE41-91A8E68F114E}.Debug|Any CPU.Build.0 = Debug|Any CPU
		{8BBD586B-EB2E-4971-AE41-91A8E68F114E}.Debug|x64.ActiveCfg = Debug|x64
		{8BBD586B-EB2E-4971-AE41-91A8E68F114E}.Debug|x64.Build.0 = Debug|x64
		{8BBD586B-EB2E-4971-AE41-91A8E68F114E}.Debug|x86.ActiveCfg = Debug|x86
		{8BBD586B-EB2E-4971-AE41-91A8E68F114E}.Debug|x86.Build.0 = Debug|x86
		{8BBD586B-EB2E-4971-AE41-91A8E68F114E}.Release|Any CPU.ActiveCfg = Release|Any CPU
		{8BBD586B-EB2E-4971-AE41-91A8E68F114E}.Release|Any CPU.Build.0 = Release|Any CPU
		{8BBD586B-EB2E-4971-AE41-91A8E68F114E}.Release|x64.ActiveCfg = Release|x64
		{8BBD586B-EB2E-4971-AE41-91A8E68F114E}.Release|x64.Build.0 = Release|x64
		{8BBD586B-EB2E-4971-AE41-91A8E68F114E}.Release|x86.ActiveCfg = Release|x86
		{8BBD586B-EB2E-4971-AE41-91A8E68F114E}.Release|x86.Build.0 = Release|x86
		{568717D3-2FD9-46F8-87CE-96F302C825C8}.Debug|Any CPU.ActiveCfg = Debug|Any CPU
		{568717D3-2FD9-46F8-87CE-96F302C825C8}.Debug|Any CPU.Build.0 = Debug|Any CPU
		{568717D3-2FD9-46F8-87CE-96F302C825C8}.Debug|x64.ActiveCfg = Debug|x64
		{568717D3-2FD9-46F8-87CE-96F302C825C8}.Debug|x64.Build.0 = Debug|x64
		{568717D3-2FD9-46F8-87CE-96F302C825C8}.Debug|x86.ActiveCfg = Debug|x86
		{568717D3-2FD9-46F8-87CE-96F302C825C8}.Debug|x86.Build.0 = Debug|x86
		{568717D3-2FD9-46F8-87CE-96F302C825C8}.Release|Any CPU.ActiveCfg = Release|Any CPU
		{568717D3-2FD9-46F8-87CE-96F302C825C8}.Release|Any CPU.Build.0 = Release|Any CPU
		{568717D3-2FD9-46F8-87CE-96F302C825C8}.Release|x64.ActiveCfg = Release|x64
		{568717D3-2FD9-46F8-87CE-96F302C825C8}.Release|x64.Build.0 = Release|x64
		{568717D3-2FD9-46F8-87CE-96F302C825C8}.Release|x86.ActiveCfg = Release|x86
		{568717D3-2FD9-46F8-87CE-96F302C825C8}.Release|x86.Build.0 = Release|x86
		{A5ADBD34-DC5F-45EE-AB6A-8E9122DA478D}.Debug|Any CPU.ActiveCfg = Debug|Any CPU
		{A5ADBD34-DC5F-45EE-AB6A-8E9122DA478D}.Debug|Any CPU.Build.0 = Debug|Any CPU
		{A5ADBD34-DC5F-45EE-AB6A-8E9122DA478D}.Debug|x64.ActiveCfg = Debug|x64
		{A5ADBD34-DC5F-45EE-AB6A-8E9122DA478D}.Debug|x64.Build.0 = Debug|x64
		{A5ADBD34-DC5F-45EE-AB6A-8E9122DA478D}.Debug|x86.ActiveCfg = Debug|x86
		{A5ADBD34-DC5F-45EE-AB6A-8E9122DA478D}.Debug|x86.Build.0 = Debug|x86
		{A5ADBD34-DC5F-45EE-AB6A-8E9122DA478D}.Release|Any CPU.ActiveCfg = Release|Any CPU
		{A5ADBD34-DC5F-45EE-AB6A-8E9122DA478D}.Release|Any CPU.Build.0 = Release|Any CPU
		{A5ADBD34-DC5F-45EE-AB6A-8E9122DA478D}.Release|x64.ActiveCfg = Release|x64
		{A5ADBD34-DC5F-45EE-AB6A-8E9122DA478D}.Release|x64.Build.0 = Release|x64
		{A5ADBD34-DC5F-45EE-AB6A-8E9122DA478D}.Release|x86.ActiveCfg = Release|x86
		{A5ADBD34-DC5F-45EE-AB6A-8E9122DA478D}.Release|x86.Build.0 = Release|x86
		{2854ABA2-CE90-406B-8041-C9B84D2F97B6}.Debug|Any CPU.ActiveCfg = Debug|Any CPU
		{2854ABA2-CE90-406B-8041-C9B84D2F97B6}.Debug|Any CPU.Build.0 = Debug|Any CPU
		{2854ABA2-CE90-406B-8041-C9B84D2F97B6}.Debug|x64.ActiveCfg = Debug|x64
		{2854ABA2-CE90-406B-8041-C9B84D2F97B6}.Debug|x64.Build.0 = Debug|x64
		{2854ABA2-CE90-406B-8041-C9B84D2F97B6}.Debug|x86.ActiveCfg = Debug|x86
		{2854ABA2-CE90-406B-8041-C9B84D2F97B6}.Debug|x86.Build.0 = Debug|x86
		{2854ABA2-CE90-406B-8041-C9B84D2F97B6}.Release|Any CPU.ActiveCfg = Release|Any CPU
		{2854ABA2-CE90-406B-8041-C9B84D2F97B6}.Release|Any CPU.Build.0 = Release|Any CPU
		{2854ABA2-CE90-406B-8041-C9B84D2F97B6}.Release|x64.ActiveCfg = Release|x64
		{2854ABA2-CE90-406B-8041-C9B84D2F97B6}.Release|x64.Build.0 = Release|x64
		{2854ABA2-CE90-406B-8041-C9B84D2F97B6}.Release|x86.ActiveCfg = Release|x86
		{2854ABA2-CE90-406B-8041-C9B84D2F97B6}.Release|x86.Build.0 = Release|x86
		{CE8A2210-DC00-4858-9936-91F0D42AB486}.Debug|Any CPU.ActiveCfg = Debug|Any CPU
		{CE8A2210-DC00-4858-9936-91F0D42AB486}.Debug|Any CPU.Build.0 = Debug|Any CPU
		{CE8A2210-DC00-4858-9936-91F0D42AB486}.Debug|x64.ActiveCfg = Debug|x64
		{CE8A2210-DC00-4858-9936-91F0D42AB486}.Debug|x64.Build.0 = Debug|x64
		{CE8A2210-DC00-4858-9936-91F0D42AB486}.Debug|x86.ActiveCfg = Debug|x86
		{CE8A2210-DC00-4858-9936-91F0D42AB486}.Debug|x86.Build.0 = Debug|x86
		{CE8A2210-DC00-4858-9936-91F0D42AB486}.Release|Any CPU.ActiveCfg = Release|Any CPU
		{CE8A2210-DC00-4858-9936-91F0D42AB486}.Release|Any CPU.Build.0 = Release|Any CPU
		{CE8A2210-DC00-4858-9936-91F0D42AB486}.Release|x64.ActiveCfg = Release|x64
		{CE8A2210-DC00-4858-9936-91F0D42AB486}.Release|x64.Build.0 = Release|x64
		{CE8A2210-DC00-4858-9936-91F0D42AB486}.Release|x86.ActiveCfg = Release|x86
		{CE8A2210-DC00-4858-9936-91F0D42AB486}.Release|x86.Build.0 = Release|x86
		{6115EB46-3E3D-4413-903A-618177C655AF}.Debug|Any CPU.ActiveCfg = Debug|Any CPU
		{6115EB46-3E3D-4413-903A-618177C655AF}.Debug|Any CPU.Build.0 = Debug|Any CPU
		{6115EB46-3E3D-4413-903A-618177C655AF}.Debug|x64.ActiveCfg = Debug|x64
		{6115EB46-3E3D-4413-903A-618177C655AF}.Debug|x64.Build.0 = Debug|x64
		{6115EB46-3E3D-4413-903A-618177C655AF}.Debug|x86.ActiveCfg = Debug|x86
		{6115EB46-3E3D-4413-903A-618177C655AF}.Debug|x86.Build.0 = Debug|x86
		{6115EB46-3E3D-4413-903A-618177C655AF}.Release|Any CPU.ActiveCfg = Release|Any CPU
		{6115EB46-3E3D-4413-903A-618177C655AF}.Release|Any CPU.Build.0 = Release|Any CPU
		{6115EB46-3E3D-4413-903A-618177C655AF}.Release|x64.ActiveCfg = Release|x64
		{6115EB46-3E3D-4413-903A-618177C655AF}.Release|x64.Build.0 = Release|x64
		{6115EB46-3E3D-4413-903A-618177C655AF}.Release|x86.ActiveCfg = Release|x86
		{6115EB46-3E3D-4413-903A-618177C655AF}.Release|x86.Build.0 = Release|x86
		{6737C74B-2B68-4280-A1F8-3BB04CD37435}.Debug|Any CPU.ActiveCfg = Debug|Any CPU
		{6737C74B-2B68-4280-A1F8-3BB04CD37435}.Debug|Any CPU.Build.0 = Debug|Any CPU
		{6737C74B-2B68-4280-A1F8-3BB04CD37435}.Debug|x64.ActiveCfg = Debug|x64
		{6737C74B-2B68-4280-A1F8-3BB04CD37435}.Debug|x64.Build.0 = Debug|x64
		{6737C74B-2B68-4280-A1F8-3BB04CD37435}.Debug|x86.ActiveCfg = Debug|x86
		{6737C74B-2B68-4280-A1F8-3BB04CD37435}.Debug|x86.Build.0 = Debug|x86
		{6737C74B-2B68-4280-A1F8-3BB04CD37435}.Release|Any CPU.ActiveCfg = Release|Any CPU
		{6737C74B-2B68-4280-A1F8-3BB04CD37435}.Release|Any CPU.Build.0 = Release|Any CPU
		{6737C74B-2B68-4280-A1F8-3BB04CD37435}.Release|x64.ActiveCfg = Release|x64
		{6737C74B-2B68-4280-A1F8-3BB04CD37435}.Release|x64.Build.0 = Release|x64
		{6737C74B-2B68-4280-A1F8-3BB04CD37435}.Release|x86.ActiveCfg = Release|x86
		{6737C74B-2B68-4280-A1F8-3BB04CD37435}.Release|x86.Build.0 = Release|x86
		{F463E268-1263-45BA-9CC2-855A94CE5B8C}.Debug|Any CPU.ActiveCfg = Debug|Any CPU
		{F463E268-1263-45BA-9CC2-855A94CE5B8C}.Debug|Any CPU.Build.0 = Debug|Any CPU
		{F463E268-1263-45BA-9CC2-855A94CE5B8C}.Debug|x64.ActiveCfg = Debug|x64
		{F463E268-1263-45BA-9CC2-855A94CE5B8C}.Debug|x64.Build.0 = Debug|x64
		{F463E268-1263-45BA-9CC2-855A94CE5B8C}.Debug|x86.ActiveCfg = Debug|x86
		{F463E268-1263-45BA-9CC2-855A94CE5B8C}.Debug|x86.Build.0 = Debug|x86
		{F463E268-1263-45BA-9CC2-855A94CE5B8C}.Release|Any CPU.ActiveCfg = Release|Any CPU
		{F463E268-1263-45BA-9CC2-855A94CE5B8C}.Release|Any CPU.Build.0 = Release|Any CPU
		{F463E268-1263-45BA-9CC2-855A94CE5B8C}.Release|x64.ActiveCfg = Release|x64
		{F463E268-1263-45BA-9CC2-855A94CE5B8C}.Release|x64.Build.0 = Release|x64
		{F463E268-1263-45BA-9CC2-855A94CE5B8C}.Release|x86.ActiveCfg = Release|x86
		{F463E268-1263-45BA-9CC2-855A94CE5B8C}.Release|x86.Build.0 = Release|x86
		{D544D66B-22F6-4A80-80C4-49883EF306F6}.Debug|Any CPU.ActiveCfg = Debug|Any CPU
		{D544D66B-22F6-4A80-80C4-49883EF306F6}.Debug|Any CPU.Build.0 = Debug|Any CPU
		{D544D66B-22F6-4A80-80C4-49883EF306F6}.Debug|Any CPU.Deploy.0 = Debug|Any CPU
		{D544D66B-22F6-4A80-80C4-49883EF306F6}.Debug|x64.ActiveCfg = Debug|x64
		{D544D66B-22F6-4A80-80C4-49883EF306F6}.Debug|x64.Build.0 = Debug|x64
		{D544D66B-22F6-4A80-80C4-49883EF306F6}.Debug|x64.Deploy.0 = Debug|x64
		{D544D66B-22F6-4A80-80C4-49883EF306F6}.Debug|x86.ActiveCfg = Debug|x86
		{D544D66B-22F6-4A80-80C4-49883EF306F6}.Debug|x86.Build.0 = Debug|x86
		{D544D66B-22F6-4A80-80C4-49883EF306F6}.Debug|x86.Deploy.0 = Debug|x86
		{D544D66B-22F6-4A80-80C4-49883EF306F6}.Release|Any CPU.ActiveCfg = Release|Any CPU
		{D544D66B-22F6-4A80-80C4-49883EF306F6}.Release|Any CPU.Build.0 = Release|Any CPU
		{D544D66B-22F6-4A80-80C4-49883EF306F6}.Release|Any CPU.Deploy.0 = Release|Any CPU
		{D544D66B-22F6-4A80-80C4-49883EF306F6}.Release|x64.ActiveCfg = Release|x64
		{D544D66B-22F6-4A80-80C4-49883EF306F6}.Release|x64.Build.0 = Release|x64
		{D544D66B-22F6-4A80-80C4-49883EF306F6}.Release|x64.Deploy.0 = Release|x64
		{D544D66B-22F6-4A80-80C4-49883EF306F6}.Release|x86.ActiveCfg = Release|x86
		{D544D66B-22F6-4A80-80C4-49883EF306F6}.Release|x86.Build.0 = Release|x86
		{D544D66B-22F6-4A80-80C4-49883EF306F6}.Release|x86.Deploy.0 = Release|x86
		{E4B6AE92-92A4-4481-8EA3-3507640AE3A6}.Debug|Any CPU.ActiveCfg = Debug|Any CPU
		{E4B6AE92-92A4-4481-8EA3-3507640AE3A6}.Debug|Any CPU.Build.0 = Debug|Any CPU
		{E4B6AE92-92A4-4481-8EA3-3507640AE3A6}.Debug|x64.ActiveCfg = Debug|x64
		{E4B6AE92-92A4-4481-8EA3-3507640AE3A6}.Debug|x64.Build.0 = Debug|x64
		{E4B6AE92-92A4-4481-8EA3-3507640AE3A6}.Debug|x86.ActiveCfg = Debug|x86
		{E4B6AE92-92A4-4481-8EA3-3507640AE3A6}.Debug|x86.Build.0 = Debug|x86
		{E4B6AE92-92A4-4481-8EA3-3507640AE3A6}.Release|Any CPU.ActiveCfg = Release|Any CPU
		{E4B6AE92-92A4-4481-8EA3-3507640AE3A6}.Release|Any CPU.Build.0 = Release|Any CPU
		{E4B6AE92-92A4-4481-8EA3-3507640AE3A6}.Release|x64.ActiveCfg = Release|x64
		{E4B6AE92-92A4-4481-8EA3-3507640AE3A6}.Release|x64.Build.0 = Release|x64
		{E4B6AE92-92A4-4481-8EA3-3507640AE3A6}.Release|x86.ActiveCfg = Release|x86
		{E4B6AE92-92A4-4481-8EA3-3507640AE3A6}.Release|x86.Build.0 = Release|x86
		{D63BF961-5BC1-4DC1-8E99-B0D671FCAFD9}.Debug|Any CPU.ActiveCfg = Debug|Any CPU
		{D63BF961-5BC1-4DC1-8E99-B0D671FCAFD9}.Debug|Any CPU.Build.0 = Debug|Any CPU
		{D63BF961-5BC1-4DC1-8E99-B0D671FCAFD9}.Debug|x64.ActiveCfg = Debug|x64
		{D63BF961-5BC1-4DC1-8E99-B0D671FCAFD9}.Debug|x64.Build.0 = Debug|x64
		{D63BF961-5BC1-4DC1-8E99-B0D671FCAFD9}.Debug|x86.ActiveCfg = Debug|x86
		{D63BF961-5BC1-4DC1-8E99-B0D671FCAFD9}.Debug|x86.Build.0 = Debug|x86
		{D63BF961-5BC1-4DC1-8E99-B0D671FCAFD9}.Release|Any CPU.ActiveCfg = Release|Any CPU
		{D63BF961-5BC1-4DC1-8E99-B0D671FCAFD9}.Release|Any CPU.Build.0 = Release|Any CPU
		{D63BF961-5BC1-4DC1-8E99-B0D671FCAFD9}.Release|x64.ActiveCfg = Release|x64
		{D63BF961-5BC1-4DC1-8E99-B0D671FCAFD9}.Release|x64.Build.0 = Release|x64
		{D63BF961-5BC1-4DC1-8E99-B0D671FCAFD9}.Release|x86.ActiveCfg = Release|x86
		{D63BF961-5BC1-4DC1-8E99-B0D671FCAFD9}.Release|x86.Build.0 = Release|x86
		{393CD97D-73D5-413B-BC2E-FA9884D36302}.Debug|Any CPU.ActiveCfg = Debug|Any CPU
		{393CD97D-73D5-413B-BC2E-FA9884D36302}.Debug|Any CPU.Build.0 = Debug|Any CPU
		{393CD97D-73D5-413B-BC2E-FA9884D36302}.Debug|x64.ActiveCfg = Debug|x64
		{393CD97D-73D5-413B-BC2E-FA9884D36302}.Debug|x64.Build.0 = Debug|x64
		{393CD97D-73D5-413B-BC2E-FA9884D36302}.Debug|x86.ActiveCfg = Debug|x86
		{393CD97D-73D5-413B-BC2E-FA9884D36302}.Debug|x86.Build.0 = Debug|x86
		{393CD97D-73D5-413B-BC2E-FA9884D36302}.Release|Any CPU.ActiveCfg = Release|Any CPU
		{393CD97D-73D5-413B-BC2E-FA9884D36302}.Release|Any CPU.Build.0 = Release|Any CPU
		{393CD97D-73D5-413B-BC2E-FA9884D36302}.Release|x64.ActiveCfg = Release|x64
		{393CD97D-73D5-413B-BC2E-FA9884D36302}.Release|x64.Build.0 = Release|x64
		{393CD97D-73D5-413B-BC2E-FA9884D36302}.Release|x86.ActiveCfg = Release|x86
		{393CD97D-73D5-413B-BC2E-FA9884D36302}.Release|x86.Build.0 = Release|x86
		{1A090CB9-937E-41E7-A648-4A0F5803328C}.Debug|Any CPU.ActiveCfg = Debug|Any CPU
		{1A090CB9-937E-41E7-A648-4A0F5803328C}.Debug|Any CPU.Build.0 = Debug|Any CPU
		{1A090CB9-937E-41E7-A648-4A0F5803328C}.Debug|x64.ActiveCfg = Debug|x64
		{1A090CB9-937E-41E7-A648-4A0F5803328C}.Debug|x64.Build.0 = Debug|x64
		{1A090CB9-937E-41E7-A648-4A0F5803328C}.Debug|x86.ActiveCfg = Debug|x86
		{1A090CB9-937E-41E7-A648-4A0F5803328C}.Debug|x86.Build.0 = Debug|x86
		{1A090CB9-937E-41E7-A648-4A0F5803328C}.Release|Any CPU.ActiveCfg = Release|Any CPU
		{1A090CB9-937E-41E7-A648-4A0F5803328C}.Release|Any CPU.Build.0 = Release|Any CPU
		{1A090CB9-937E-41E7-A648-4A0F5803328C}.Release|x64.ActiveCfg = Release|x64
		{1A090CB9-937E-41E7-A648-4A0F5803328C}.Release|x64.Build.0 = Release|x64
		{1A090CB9-937E-41E7-A648-4A0F5803328C}.Release|x86.ActiveCfg = Release|x86
		{1A090CB9-937E-41E7-A648-4A0F5803328C}.Release|x86.Build.0 = Release|x86
		{1D1D5741-993C-4B7C-AE6E-C1FCDA3303CA}.Debug|Any CPU.ActiveCfg = Debug|Any CPU
		{1D1D5741-993C-4B7C-AE6E-C1FCDA3303CA}.Debug|Any CPU.Build.0 = Debug|Any CPU
		{1D1D5741-993C-4B7C-AE6E-C1FCDA3303CA}.Debug|x64.ActiveCfg = Debug|x64
		{1D1D5741-993C-4B7C-AE6E-C1FCDA3303CA}.Debug|x64.Build.0 = Debug|x64
		{1D1D5741-993C-4B7C-AE6E-C1FCDA3303CA}.Debug|x86.ActiveCfg = Debug|x86
		{1D1D5741-993C-4B7C-AE6E-C1FCDA3303CA}.Debug|x86.Build.0 = Debug|x86
		{1D1D5741-993C-4B7C-AE6E-C1FCDA3303CA}.Release|Any CPU.ActiveCfg = Release|Any CPU
		{1D1D5741-993C-4B7C-AE6E-C1FCDA3303CA}.Release|Any CPU.Build.0 = Release|Any CPU
		{1D1D5741-993C-4B7C-AE6E-C1FCDA3303CA}.Release|x64.ActiveCfg = Release|x64
		{1D1D5741-993C-4B7C-AE6E-C1FCDA3303CA}.Release|x64.Build.0 = Release|x64
		{1D1D5741-993C-4B7C-AE6E-C1FCDA3303CA}.Release|x86.ActiveCfg = Release|x86
		{1D1D5741-993C-4B7C-AE6E-C1FCDA3303CA}.Release|x86.Build.0 = Release|x86
		{B5F82D2F-A022-4962-88F6-9B6ABCBA0CF1}.Debug|Any CPU.ActiveCfg = Debug|Any CPU
		{B5F82D2F-A022-4962-88F6-9B6ABCBA0CF1}.Debug|Any CPU.Build.0 = Debug|Any CPU
		{B5F82D2F-A022-4962-88F6-9B6ABCBA0CF1}.Debug|x64.ActiveCfg = Debug|x64
		{B5F82D2F-A022-4962-88F6-9B6ABCBA0CF1}.Debug|x64.Build.0 = Debug|x64
		{B5F82D2F-A022-4962-88F6-9B6ABCBA0CF1}.Debug|x86.ActiveCfg = Debug|x86
		{B5F82D2F-A022-4962-88F6-9B6ABCBA0CF1}.Debug|x86.Build.0 = Debug|x86
		{B5F82D2F-A022-4962-88F6-9B6ABCBA0CF1}.Release|Any CPU.ActiveCfg = Release|Any CPU
		{B5F82D2F-A022-4962-88F6-9B6ABCBA0CF1}.Release|Any CPU.Build.0 = Release|Any CPU
		{B5F82D2F-A022-4962-88F6-9B6ABCBA0CF1}.Release|x64.ActiveCfg = Release|x64
		{B5F82D2F-A022-4962-88F6-9B6ABCBA0CF1}.Release|x64.Build.0 = Release|x64
		{B5F82D2F-A022-4962-88F6-9B6ABCBA0CF1}.Release|x86.ActiveCfg = Release|x86
		{B5F82D2F-A022-4962-88F6-9B6ABCBA0CF1}.Release|x86.Build.0 = Release|x86
		{CF80C6A7-30B6-45B8-8FF2-CC3176B95239}.Debug|Any CPU.ActiveCfg = Debug|Any CPU
		{CF80C6A7-30B6-45B8-8FF2-CC3176B95239}.Debug|Any CPU.Build.0 = Debug|Any CPU
		{CF80C6A7-30B6-45B8-8FF2-CC3176B95239}.Debug|x64.ActiveCfg = Debug|x64
		{CF80C6A7-30B6-45B8-8FF2-CC3176B95239}.Debug|x64.Build.0 = Debug|x64
		{CF80C6A7-30B6-45B8-8FF2-CC3176B95239}.Debug|x86.ActiveCfg = Debug|x86
		{CF80C6A7-30B6-45B8-8FF2-CC3176B95239}.Debug|x86.Build.0 = Debug|x86
		{CF80C6A7-30B6-45B8-8FF2-CC3176B95239}.Release|Any CPU.ActiveCfg = Release|Any CPU
		{CF80C6A7-30B6-45B8-8FF2-CC3176B95239}.Release|Any CPU.Build.0 = Release|Any CPU
		{CF80C6A7-30B6-45B8-8FF2-CC3176B95239}.Release|x64.ActiveCfg = Release|x64
		{CF80C6A7-30B6-45B8-8FF2-CC3176B95239}.Release|x64.Build.0 = Release|x64
		{CF80C6A7-30B6-45B8-8FF2-CC3176B95239}.Release|x86.ActiveCfg = Release|x86
		{CF80C6A7-30B6-45B8-8FF2-CC3176B95239}.Release|x86.Build.0 = Release|x86
		{AB88A898-E70A-4A0A-879A-6C91168F7B4B}.Debug|Any CPU.ActiveCfg = Debug|Any CPU
		{AB88A898-E70A-4A0A-879A-6C91168F7B4B}.Debug|Any CPU.Build.0 = Debug|Any CPU
		{AB88A898-E70A-4A0A-879A-6C91168F7B4B}.Debug|x64.ActiveCfg = Debug|x64
		{AB88A898-E70A-4A0A-879A-6C91168F7B4B}.Debug|x64.Build.0 = Debug|x64
		{AB88A898-E70A-4A0A-879A-6C91168F7B4B}.Debug|x86.ActiveCfg = Debug|x86
		{AB88A898-E70A-4A0A-879A-6C91168F7B4B}.Debug|x86.Build.0 = Debug|x86
		{AB88A898-E70A-4A0A-879A-6C91168F7B4B}.Release|Any CPU.ActiveCfg = Release|Any CPU
		{AB88A898-E70A-4A0A-879A-6C91168F7B4B}.Release|Any CPU.Build.0 = Release|Any CPU
		{AB88A898-E70A-4A0A-879A-6C91168F7B4B}.Release|x64.ActiveCfg = Release|x64
		{AB88A898-E70A-4A0A-879A-6C91168F7B4B}.Release|x64.Build.0 = Release|x64
		{AB88A898-E70A-4A0A-879A-6C91168F7B4B}.Release|x86.ActiveCfg = Release|x86
		{AB88A898-E70A-4A0A-879A-6C91168F7B4B}.Release|x86.Build.0 = Release|x86
		{601CBF72-029C-40A9-BEEA-18F3A18FAFDF}.Debug|Any CPU.ActiveCfg = Debug|Any CPU
		{601CBF72-029C-40A9-BEEA-18F3A18FAFDF}.Debug|Any CPU.Build.0 = Debug|Any CPU
		{601CBF72-029C-40A9-BEEA-18F3A18FAFDF}.Debug|x64.ActiveCfg = Debug|x64
		{601CBF72-029C-40A9-BEEA-18F3A18FAFDF}.Debug|x64.Build.0 = Debug|x64
		{601CBF72-029C-40A9-BEEA-18F3A18FAFDF}.Debug|x86.ActiveCfg = Debug|x86
		{601CBF72-029C-40A9-BEEA-18F3A18FAFDF}.Debug|x86.Build.0 = Debug|x86
		{601CBF72-029C-40A9-BEEA-18F3A18FAFDF}.Release|Any CPU.ActiveCfg = Release|Any CPU
		{601CBF72-029C-40A9-BEEA-18F3A18FAFDF}.Release|Any CPU.Build.0 = Release|Any CPU
		{601CBF72-029C-40A9-BEEA-18F3A18FAFDF}.Release|x64.ActiveCfg = Release|x64
		{601CBF72-029C-40A9-BEEA-18F3A18FAFDF}.Release|x64.Build.0 = Release|x64
		{601CBF72-029C-40A9-BEEA-18F3A18FAFDF}.Release|x86.ActiveCfg = Release|x86
		{601CBF72-029C-40A9-BEEA-18F3A18FAFDF}.Release|x86.Build.0 = Release|x86
		{71B4A4EC-B689-436E-9CF8-2440AD2340C6}.Debug|Any CPU.ActiveCfg = Debug|Any CPU
		{71B4A4EC-B689-436E-9CF8-2440AD2340C6}.Debug|Any CPU.Build.0 = Debug|Any CPU
		{71B4A4EC-B689-436E-9CF8-2440AD2340C6}.Debug|x64.ActiveCfg = Debug|Any CPU
		{71B4A4EC-B689-436E-9CF8-2440AD2340C6}.Debug|x64.Build.0 = Debug|Any CPU
		{71B4A4EC-B689-436E-9CF8-2440AD2340C6}.Debug|x86.ActiveCfg = Debug|x86
		{71B4A4EC-B689-436E-9CF8-2440AD2340C6}.Debug|x86.Build.0 = Debug|x86
		{71B4A4EC-B689-436E-9CF8-2440AD2340C6}.Release|Any CPU.ActiveCfg = Release|Any CPU
		{71B4A4EC-B689-436E-9CF8-2440AD2340C6}.Release|Any CPU.Build.0 = Release|Any CPU
		{71B4A4EC-B689-436E-9CF8-2440AD2340C6}.Release|x64.ActiveCfg = Release|Any CPU
		{71B4A4EC-B689-436E-9CF8-2440AD2340C6}.Release|x64.Build.0 = Release|Any CPU
		{71B4A4EC-B689-436E-9CF8-2440AD2340C6}.Release|x86.ActiveCfg = Release|x86
		{71B4A4EC-B689-436E-9CF8-2440AD2340C6}.Release|x86.Build.0 = Release|x86
		{A959B0B0-1820-4322-9A12-732C112844A9}.Debug|Any CPU.ActiveCfg = Debug|Any CPU
		{A959B0B0-1820-4322-9A12-732C112844A9}.Debug|Any CPU.Build.0 = Debug|Any CPU
		{A959B0B0-1820-4322-9A12-732C112844A9}.Debug|x64.ActiveCfg = Debug|Any CPU
		{A959B0B0-1820-4322-9A12-732C112844A9}.Debug|x64.Build.0 = Debug|Any CPU
		{A959B0B0-1820-4322-9A12-732C112844A9}.Debug|x86.ActiveCfg = Debug|x86
		{A959B0B0-1820-4322-9A12-732C112844A9}.Debug|x86.Build.0 = Debug|x86
		{A959B0B0-1820-4322-9A12-732C112844A9}.Release|Any CPU.ActiveCfg = Release|Any CPU
		{A959B0B0-1820-4322-9A12-732C112844A9}.Release|Any CPU.Build.0 = Release|Any CPU
		{A959B0B0-1820-4322-9A12-732C112844A9}.Release|x64.ActiveCfg = Release|Any CPU
		{A959B0B0-1820-4322-9A12-732C112844A9}.Release|x64.Build.0 = Release|Any CPU
		{A959B0B0-1820-4322-9A12-732C112844A9}.Release|x86.ActiveCfg = Release|x86
		{A959B0B0-1820-4322-9A12-732C112844A9}.Release|x86.Build.0 = Release|x86
		{4B83306C-1794-46FC-8A37-F2A3280AFC60}.Debug|Any CPU.ActiveCfg = Debug|Any CPU
		{4B83306C-1794-46FC-8A37-F2A3280AFC60}.Debug|Any CPU.Build.0 = Debug|Any CPU
		{4B83306C-1794-46FC-8A37-F2A3280AFC60}.Debug|Any CPU.Deploy.0 = Debug|Any CPU
		{4B83306C-1794-46FC-8A37-F2A3280AFC60}.Debug|x64.ActiveCfg = Debug|Any CPU
		{4B83306C-1794-46FC-8A37-F2A3280AFC60}.Debug|x64.Build.0 = Debug|Any CPU
		{4B83306C-1794-46FC-8A37-F2A3280AFC60}.Debug|x64.Deploy.0 = Debug|Any CPU
		{4B83306C-1794-46FC-8A37-F2A3280AFC60}.Debug|x86.ActiveCfg = Debug|Any CPU
		{4B83306C-1794-46FC-8A37-F2A3280AFC60}.Debug|x86.Build.0 = Debug|Any CPU
		{4B83306C-1794-46FC-8A37-F2A3280AFC60}.Debug|x86.Deploy.0 = Debug|Any CPU
		{4B83306C-1794-46FC-8A37-F2A3280AFC60}.Release|Any CPU.ActiveCfg = Release|Any CPU
		{4B83306C-1794-46FC-8A37-F2A3280AFC60}.Release|Any CPU.Build.0 = Release|Any CPU
		{4B83306C-1794-46FC-8A37-F2A3280AFC60}.Release|Any CPU.Deploy.0 = Release|Any CPU
		{4B83306C-1794-46FC-8A37-F2A3280AFC60}.Release|x64.ActiveCfg = Release|Any CPU
		{4B83306C-1794-46FC-8A37-F2A3280AFC60}.Release|x64.Build.0 = Release|Any CPU
		{4B83306C-1794-46FC-8A37-F2A3280AFC60}.Release|x64.Deploy.0 = Release|Any CPU
		{4B83306C-1794-46FC-8A37-F2A3280AFC60}.Release|x86.ActiveCfg = Release|Any CPU
		{4B83306C-1794-46FC-8A37-F2A3280AFC60}.Release|x86.Build.0 = Release|Any CPU
		{4B83306C-1794-46FC-8A37-F2A3280AFC60}.Release|x86.Deploy.0 = Release|Any CPU
		{0E21BE3E-4CAC-48FD-A813-D78804989B4E}.Debug|Any CPU.ActiveCfg = Debug|Any CPU
		{0E21BE3E-4CAC-48FD-A813-D78804989B4E}.Debug|Any CPU.Build.0 = Debug|Any CPU
		{0E21BE3E-4CAC-48FD-A813-D78804989B4E}.Debug|x64.ActiveCfg = Debug|Any CPU
		{0E21BE3E-4CAC-48FD-A813-D78804989B4E}.Debug|x64.Build.0 = Debug|Any CPU
		{0E21BE3E-4CAC-48FD-A813-D78804989B4E}.Debug|x86.ActiveCfg = Debug|Any CPU
		{0E21BE3E-4CAC-48FD-A813-D78804989B4E}.Debug|x86.Build.0 = Debug|Any CPU
		{0E21BE3E-4CAC-48FD-A813-D78804989B4E}.Release|Any CPU.ActiveCfg = Release|Any CPU
		{0E21BE3E-4CAC-48FD-A813-D78804989B4E}.Release|Any CPU.Build.0 = Release|Any CPU
		{0E21BE3E-4CAC-48FD-A813-D78804989B4E}.Release|x64.ActiveCfg = Release|Any CPU
		{0E21BE3E-4CAC-48FD-A813-D78804989B4E}.Release|x64.Build.0 = Release|Any CPU
		{0E21BE3E-4CAC-48FD-A813-D78804989B4E}.Release|x86.ActiveCfg = Release|Any CPU
		{0E21BE3E-4CAC-48FD-A813-D78804989B4E}.Release|x86.Build.0 = Release|Any CPU
		{AF7FE417-BD16-423F-96CF-3616E5A90666}.Debug|Any CPU.ActiveCfg = Debug|Any CPU
		{AF7FE417-BD16-423F-96CF-3616E5A90666}.Debug|Any CPU.Build.0 = Debug|Any CPU
		{AF7FE417-BD16-423F-96CF-3616E5A90666}.Debug|x64.ActiveCfg = Debug|x64
		{AF7FE417-BD16-423F-96CF-3616E5A90666}.Debug|x64.Build.0 = Debug|x64
		{AF7FE417-BD16-423F-96CF-3616E5A90666}.Debug|x86.ActiveCfg = Debug|x86
		{AF7FE417-BD16-423F-96CF-3616E5A90666}.Debug|x86.Build.0 = Debug|x86
		{AF7FE417-BD16-423F-96CF-3616E5A90666}.Release|Any CPU.ActiveCfg = Release|Any CPU
		{AF7FE417-BD16-423F-96CF-3616E5A90666}.Release|Any CPU.Build.0 = Release|Any CPU
		{AF7FE417-BD16-423F-96CF-3616E5A90666}.Release|x64.ActiveCfg = Release|x64
		{AF7FE417-BD16-423F-96CF-3616E5A90666}.Release|x64.Build.0 = Release|x64
		{AF7FE417-BD16-423F-96CF-3616E5A90666}.Release|x86.ActiveCfg = Release|x86
		{AF7FE417-BD16-423F-96CF-3616E5A90666}.Release|x86.Build.0 = Release|x86
		{EA16E1E9-DC49-4297-9CED-8C28E5D0C21D}.Debug|Any CPU.ActiveCfg = Debug|Any CPU
		{EA16E1E9-DC49-4297-9CED-8C28E5D0C21D}.Debug|Any CPU.Build.0 = Debug|Any CPU
		{EA16E1E9-DC49-4297-9CED-8C28E5D0C21D}.Debug|x64.ActiveCfg = Debug|Any CPU
		{EA16E1E9-DC49-4297-9CED-8C28E5D0C21D}.Debug|x64.Build.0 = Debug|Any CPU
		{EA16E1E9-DC49-4297-9CED-8C28E5D0C21D}.Debug|x86.ActiveCfg = Debug|Any CPU
		{EA16E1E9-DC49-4297-9CED-8C28E5D0C21D}.Debug|x86.Build.0 = Debug|Any CPU
		{EA16E1E9-DC49-4297-9CED-8C28E5D0C21D}.Release|Any CPU.ActiveCfg = Release|Any CPU
		{EA16E1E9-DC49-4297-9CED-8C28E5D0C21D}.Release|Any CPU.Build.0 = Release|Any CPU
		{EA16E1E9-DC49-4297-9CED-8C28E5D0C21D}.Release|x64.ActiveCfg = Release|Any CPU
		{EA16E1E9-DC49-4297-9CED-8C28E5D0C21D}.Release|x64.Build.0 = Release|Any CPU
		{EA16E1E9-DC49-4297-9CED-8C28E5D0C21D}.Release|x86.ActiveCfg = Release|Any CPU
		{EA16E1E9-DC49-4297-9CED-8C28E5D0C21D}.Release|x86.Build.0 = Release|Any CPU
		{18177378-A693-4364-A658-F3F1CE569564}.Debug|Any CPU.ActiveCfg = Debug|Any CPU
		{18177378-A693-4364-A658-F3F1CE569564}.Debug|Any CPU.Build.0 = Debug|Any CPU
		{18177378-A693-4364-A658-F3F1CE569564}.Debug|x64.ActiveCfg = Debug|Any CPU
		{18177378-A693-4364-A658-F3F1CE569564}.Debug|x64.Build.0 = Debug|Any CPU
		{18177378-A693-4364-A658-F3F1CE569564}.Debug|x86.ActiveCfg = Debug|Any CPU
		{18177378-A693-4364-A658-F3F1CE569564}.Debug|x86.Build.0 = Debug|Any CPU
		{18177378-A693-4364-A658-F3F1CE569564}.Release|Any CPU.ActiveCfg = Release|Any CPU
		{18177378-A693-4364-A658-F3F1CE569564}.Release|Any CPU.Build.0 = Release|Any CPU
		{18177378-A693-4364-A658-F3F1CE569564}.Release|x64.ActiveCfg = Release|Any CPU
		{18177378-A693-4364-A658-F3F1CE569564}.Release|x64.Build.0 = Release|Any CPU
		{18177378-A693-4364-A658-F3F1CE569564}.Release|x86.ActiveCfg = Release|Any CPU
		{18177378-A693-4364-A658-F3F1CE569564}.Release|x86.Build.0 = Release|Any CPU
		{FB8E34E4-1CBD-4AD4-A85F-AA8D6614E1A6}.Debug|Any CPU.ActiveCfg = Debug|Any CPU
		{FB8E34E4-1CBD-4AD4-A85F-AA8D6614E1A6}.Debug|Any CPU.Build.0 = Debug|Any CPU
		{FB8E34E4-1CBD-4AD4-A85F-AA8D6614E1A6}.Debug|x64.ActiveCfg = Debug|Any CPU
		{FB8E34E4-1CBD-4AD4-A85F-AA8D6614E1A6}.Debug|x64.Build.0 = Debug|Any CPU
		{FB8E34E4-1CBD-4AD4-A85F-AA8D6614E1A6}.Debug|x86.ActiveCfg = Debug|Any CPU
		{FB8E34E4-1CBD-4AD4-A85F-AA8D6614E1A6}.Debug|x86.Build.0 = Debug|Any CPU
		{FB8E34E4-1CBD-4AD4-A85F-AA8D6614E1A6}.Release|Any CPU.ActiveCfg = Release|Any CPU
		{FB8E34E4-1CBD-4AD4-A85F-AA8D6614E1A6}.Release|Any CPU.Build.0 = Release|Any CPU
		{FB8E34E4-1CBD-4AD4-A85F-AA8D6614E1A6}.Release|x64.ActiveCfg = Release|Any CPU
		{FB8E34E4-1CBD-4AD4-A85F-AA8D6614E1A6}.Release|x64.Build.0 = Release|Any CPU
		{FB8E34E4-1CBD-4AD4-A85F-AA8D6614E1A6}.Release|x86.ActiveCfg = Release|Any CPU
		{FB8E34E4-1CBD-4AD4-A85F-AA8D6614E1A6}.Release|x86.Build.0 = Release|Any CPU
		{5089C126-FB1B-4BCB-802E-BED86D62FB67}.Debug|Any CPU.ActiveCfg = Debug|Any CPU
		{5089C126-FB1B-4BCB-802E-BED86D62FB67}.Debug|Any CPU.Build.0 = Debug|Any CPU
		{5089C126-FB1B-4BCB-802E-BED86D62FB67}.Debug|x64.ActiveCfg = Debug|Any CPU
		{5089C126-FB1B-4BCB-802E-BED86D62FB67}.Debug|x64.Build.0 = Debug|Any CPU
		{5089C126-FB1B-4BCB-802E-BED86D62FB67}.Debug|x86.ActiveCfg = Debug|Any CPU
		{5089C126-FB1B-4BCB-802E-BED86D62FB67}.Debug|x86.Build.0 = Debug|Any CPU
		{5089C126-FB1B-4BCB-802E-BED86D62FB67}.Release|Any CPU.ActiveCfg = Release|Any CPU
		{5089C126-FB1B-4BCB-802E-BED86D62FB67}.Release|Any CPU.Build.0 = Release|Any CPU
		{5089C126-FB1B-4BCB-802E-BED86D62FB67}.Release|x64.ActiveCfg = Release|Any CPU
		{5089C126-FB1B-4BCB-802E-BED86D62FB67}.Release|x64.Build.0 = Release|Any CPU
		{5089C126-FB1B-4BCB-802E-BED86D62FB67}.Release|x86.ActiveCfg = Release|Any CPU
		{5089C126-FB1B-4BCB-802E-BED86D62FB67}.Release|x86.Build.0 = Release|Any CPU
		{685C813D-15F7-41C1-BE74-C9CA074375BD}.Debug|Any CPU.ActiveCfg = Debug|Any CPU
		{685C813D-15F7-41C1-BE74-C9CA074375BD}.Debug|Any CPU.Build.0 = Debug|Any CPU
		{685C813D-15F7-41C1-BE74-C9CA074375BD}.Debug|x64.ActiveCfg = Debug|Any CPU
		{685C813D-15F7-41C1-BE74-C9CA074375BD}.Debug|x64.Build.0 = Debug|Any CPU
		{685C813D-15F7-41C1-BE74-C9CA074375BD}.Debug|x86.ActiveCfg = Debug|Any CPU
		{685C813D-15F7-41C1-BE74-C9CA074375BD}.Debug|x86.Build.0 = Debug|Any CPU
		{685C813D-15F7-41C1-BE74-C9CA074375BD}.Release|Any CPU.ActiveCfg = Release|Any CPU
		{685C813D-15F7-41C1-BE74-C9CA074375BD}.Release|Any CPU.Build.0 = Release|Any CPU
		{685C813D-15F7-41C1-BE74-C9CA074375BD}.Release|x64.ActiveCfg = Release|Any CPU
		{685C813D-15F7-41C1-BE74-C9CA074375BD}.Release|x64.Build.0 = Release|Any CPU
		{685C813D-15F7-41C1-BE74-C9CA074375BD}.Release|x86.ActiveCfg = Release|Any CPU
		{685C813D-15F7-41C1-BE74-C9CA074375BD}.Release|x86.Build.0 = Release|Any CPU
		{E086A890-8D92-4611-986A-6FBD260E57B0}.Debug|Any CPU.ActiveCfg = Debug|Any CPU
		{E086A890-8D92-4611-986A-6FBD260E57B0}.Debug|Any CPU.Build.0 = Debug|Any CPU
		{E086A890-8D92-4611-986A-6FBD260E57B0}.Debug|x64.ActiveCfg = Debug|Any CPU
		{E086A890-8D92-4611-986A-6FBD260E57B0}.Debug|x64.Build.0 = Debug|Any CPU
		{E086A890-8D92-4611-986A-6FBD260E57B0}.Debug|x86.ActiveCfg = Debug|Any CPU
		{E086A890-8D92-4611-986A-6FBD260E57B0}.Debug|x86.Build.0 = Debug|Any CPU
		{E086A890-8D92-4611-986A-6FBD260E57B0}.Release|Any CPU.ActiveCfg = Release|Any CPU
		{E086A890-8D92-4611-986A-6FBD260E57B0}.Release|Any CPU.Build.0 = Release|Any CPU
		{E086A890-8D92-4611-986A-6FBD260E57B0}.Release|x64.ActiveCfg = Release|Any CPU
		{E086A890-8D92-4611-986A-6FBD260E57B0}.Release|x64.Build.0 = Release|Any CPU
		{E086A890-8D92-4611-986A-6FBD260E57B0}.Release|x86.ActiveCfg = Release|Any CPU
		{E086A890-8D92-4611-986A-6FBD260E57B0}.Release|x86.Build.0 = Release|Any CPU
		{9A82A167-A965-4462-A07A-C40A356BEA3E}.Debug|Any CPU.ActiveCfg = Debug|Any CPU
		{9A82A167-A965-4462-A07A-C40A356BEA3E}.Debug|Any CPU.Build.0 = Debug|Any CPU
		{9A82A167-A965-4462-A07A-C40A356BEA3E}.Debug|x64.ActiveCfg = Debug|Any CPU
		{9A82A167-A965-4462-A07A-C40A356BEA3E}.Debug|x64.Build.0 = Debug|Any CPU
		{9A82A167-A965-4462-A07A-C40A356BEA3E}.Debug|x86.ActiveCfg = Debug|Any CPU
		{9A82A167-A965-4462-A07A-C40A356BEA3E}.Debug|x86.Build.0 = Debug|Any CPU
		{9A82A167-A965-4462-A07A-C40A356BEA3E}.Release|Any CPU.ActiveCfg = Release|Any CPU
		{9A82A167-A965-4462-A07A-C40A356BEA3E}.Release|Any CPU.Build.0 = Release|Any CPU
		{9A82A167-A965-4462-A07A-C40A356BEA3E}.Release|x64.ActiveCfg = Release|Any CPU
		{9A82A167-A965-4462-A07A-C40A356BEA3E}.Release|x64.Build.0 = Release|Any CPU
		{9A82A167-A965-4462-A07A-C40A356BEA3E}.Release|x86.ActiveCfg = Release|Any CPU
		{9A82A167-A965-4462-A07A-C40A356BEA3E}.Release|x86.Build.0 = Release|Any CPU
		{62EC726D-7870-4761-9D17-7471E2A04A56}.Debug|Any CPU.ActiveCfg = Debug|Any CPU
		{62EC726D-7870-4761-9D17-7471E2A04A56}.Debug|Any CPU.Build.0 = Debug|Any CPU
		{62EC726D-7870-4761-9D17-7471E2A04A56}.Debug|x64.ActiveCfg = Debug|Any CPU
		{62EC726D-7870-4761-9D17-7471E2A04A56}.Debug|x64.Build.0 = Debug|Any CPU
		{62EC726D-7870-4761-9D17-7471E2A04A56}.Debug|x86.ActiveCfg = Debug|Any CPU
		{62EC726D-7870-4761-9D17-7471E2A04A56}.Debug|x86.Build.0 = Debug|Any CPU
		{62EC726D-7870-4761-9D17-7471E2A04A56}.Release|Any CPU.ActiveCfg = Release|Any CPU
		{62EC726D-7870-4761-9D17-7471E2A04A56}.Release|Any CPU.Build.0 = Release|Any CPU
		{62EC726D-7870-4761-9D17-7471E2A04A56}.Release|x64.ActiveCfg = Release|Any CPU
		{62EC726D-7870-4761-9D17-7471E2A04A56}.Release|x64.Build.0 = Release|Any CPU
		{62EC726D-7870-4761-9D17-7471E2A04A56}.Release|x86.ActiveCfg = Release|Any CPU
		{62EC726D-7870-4761-9D17-7471E2A04A56}.Release|x86.Build.0 = Release|Any CPU
		{1EECE1A9-6F09-4E39-953E-27F6074B0F5D}.Debug|Any CPU.ActiveCfg = Debug|Any CPU
		{1EECE1A9-6F09-4E39-953E-27F6074B0F5D}.Debug|Any CPU.Build.0 = Debug|Any CPU
		{1EECE1A9-6F09-4E39-953E-27F6074B0F5D}.Debug|x64.ActiveCfg = Debug|Any CPU
		{1EECE1A9-6F09-4E39-953E-27F6074B0F5D}.Debug|x64.Build.0 = Debug|Any CPU
		{1EECE1A9-6F09-4E39-953E-27F6074B0F5D}.Debug|x86.ActiveCfg = Debug|Any CPU
		{1EECE1A9-6F09-4E39-953E-27F6074B0F5D}.Debug|x86.Build.0 = Debug|Any CPU
		{1EECE1A9-6F09-4E39-953E-27F6074B0F5D}.Release|Any CPU.ActiveCfg = Release|Any CPU
		{1EECE1A9-6F09-4E39-953E-27F6074B0F5D}.Release|Any CPU.Build.0 = Release|Any CPU
		{1EECE1A9-6F09-4E39-953E-27F6074B0F5D}.Release|x64.ActiveCfg = Release|Any CPU
		{1EECE1A9-6F09-4E39-953E-27F6074B0F5D}.Release|x64.Build.0 = Release|Any CPU
		{1EECE1A9-6F09-4E39-953E-27F6074B0F5D}.Release|x86.ActiveCfg = Release|Any CPU
		{1EECE1A9-6F09-4E39-953E-27F6074B0F5D}.Release|x86.Build.0 = Release|Any CPU
	EndGlobalSection
	GlobalSection(SolutionProperties) = preSolution
		HideSolutionNode = FALSE
	EndGlobalSection
	GlobalSection(ExtensibilityGlobals) = postSolution
		LessCompiler = ce8a2210-dc00-4858-9936-91f0d42ab486
		SolutionGuid = {9377B2E8-FD79-45A4-B5AA-93860009762A}
	EndGlobalSection
	GlobalSection(TeamFoundationVersionControl) = preSolution
		SccNumberOfProjects = 32
		SccEnterpriseProvider = {4CA58AB2-18FA-4F8D-95D4-32DDF27D184C}
		SccTeamFoundationServer = http://tasc-code.gotoadvantage.com:8080/tfs/advantage
		SccProjectUniqueName0 = AdvantageFramework.WinForm\\AdvantageFramework.WinForm.vbproj
		SccProjectName0 = AdvantageFramework.WinForm
		SccAuxPath0 = http://tasc-code.gotoadvantage.com:8080/tfs/advantage
		SccLocalPath0 = AdvantageFramework.WinForm
		SccProvider0 = {4CA58AB2-18FA-4F8D-95D4-32DDF27D184C}
		SccProjectUniqueName1 = Advantage\u0020Services\\Advantage\u0020Services.vbproj
		SccProjectName1 = Advantage\u0020Services
		SccAuxPath1 = http://tasc-code.gotoadvantage.com:8080/tfs/advantage
		SccLocalPath1 = Advantage\u0020Services
		SccProvider1 = {4CA58AB2-18FA-4F8D-95D4-32DDF27D184C}
		SccProjectUniqueName2 = AdvantageFramework\\AdvantageFramework.vbproj
		SccProjectName2 = AdvantageFramework
		SccAuxPath2 = http://tasc-code.gotoadvantage.com:8080/tfs/advantage
		SccLocalPath2 = AdvantageFramework
		SccProvider2 = {4CA58AB2-18FA-4F8D-95D4-32DDF27D184C}
		SccProjectUniqueName3 = AdvantageFramework.Web\\AdvantageFramework.Web.vbproj
		SccProjectName3 = AdvantageFramework.Web
		SccAuxPath3 = http://tasc-code.gotoadvantage.com:8080/tfs/advantage
		SccLocalPath3 = AdvantageFramework.Web
		SccProvider3 = {4CA58AB2-18FA-4F8D-95D4-32DDF27D184C}
		SccProjectUniqueName4 = AdvantageFramework.Reporting.Reports\\AdvantageFramework.Reporting.Reports.vbproj
		SccProjectName4 = AdvantageFramework.Reporting.Reports
		SccAuxPath4 = http://tasc-code.gotoadvantage.com:8080/tfs/advantage
		SccLocalPath4 = AdvantageFramework.Reporting.Reports
		SccProvider4 = {4CA58AB2-18FA-4F8D-95D4-32DDF27D184C}
		SccProjectUniqueName5 = Webvantage\\ActiveReportsAssembly\\ActiveReportsAssembly.vbproj
		SccProjectName5 = .
		SccAuxPath5 = http://tasc-code.gotoadvantage.com:8080/tfs/advantage
		SccLocalPath5 = .
		SccProvider5 = {4CA58AB2-18FA-4F8D-95D4-32DDF27D184C}
		SccProjectFilePathRelativizedFromConnection5 = Webvantage\\ActiveReportsAssembly\\
		SccProjectUniqueName6 = Advantage\\Advantage.vbproj
		SccProjectName6 = Advantage
		SccAuxPath6 = http://tasc-code.gotoadvantage.com:8080/tfs/advantage
		SccLocalPath6 = Advantage
		SccProvider6 = {4CA58AB2-18FA-4F8D-95D4-32DDF27D184C}
		SccProjectUniqueName7 = Advantage\u0020Database\u0020Update\\Advantage\u0020Database\u0020Update.vbproj
		SccProjectName7 = Advantage\u0020Database\u0020Update
		SccAuxPath7 = http://tasc-code.gotoadvantage.com:8080/tfs/advantage
		SccLocalPath7 = Advantage\u0020Database\u0020Update
		SccProvider7 = {4CA58AB2-18FA-4F8D-95D4-32DDF27D184C}
		SccProjectUniqueName8 = Webvantage\\Webvantage\\Webvantage.vbproj
		SccProjectName8 = Webvantage/Webvantage
		SccAuxPath8 = http://tasc-code.gotoadvantage.com:8080/tfs/advantage
		SccLocalPath8 = Webvantage\\Webvantage
		SccProvider8 = {4CA58AB2-18FA-4F8D-95D4-32DDF27D184C}
		SccProjectUniqueName9 = Advantage\u0020Custom\u0020Report\u0020Import\\Advantage\u0020Custom\u0020Report\u0020Import.vbproj
		SccProjectName9 = Advantage\u0020Custom\u0020Report\u0020Import
		SccAuxPath9 = http://tasc-code.gotoadvantage.com:8080/tfs/advantage
		SccLocalPath9 = Advantage\u0020Custom\u0020Report\u0020Import
		SccProvider9 = {4CA58AB2-18FA-4F8D-95D4-32DDF27D184C}
		SccProjectUniqueName10 = Advantage\u0020License\u0020Key\u0020Import\\Advantage\u0020License\u0020Key\u0020Import.vbproj
		SccProjectName10 = Advantage\u0020License\u0020Key\u0020Import
		SccAuxPath10 = http://tasc-code.gotoadvantage.com:8080/tfs/advantage
		SccLocalPath10 = Advantage\u0020License\u0020Key\u0020Import
		SccProvider10 = {4CA58AB2-18FA-4F8D-95D4-32DDF27D184C}
		SccProjectUniqueName11 = Advantage\u0020Security\u0020Setup\u0020Assistant\\Advantage\u0020Security\u0020Setup\u0020Assistant.vbproj
		SccProjectName11 = Advantage\u0020Security\u0020Setup\u0020Assistant
		SccAuxPath11 = http://tasc-code.gotoadvantage.com:8080/tfs/advantage
		SccLocalPath11 = Advantage\u0020Security\u0020Setup\u0020Assistant
		SccProvider11 = {4CA58AB2-18FA-4F8D-95D4-32DDF27D184C}
		SccProjectUniqueName12 = Advantage\u0020License\u0020Key\u0020Generator\\Advantage\u0020License\u0020Key\u0020Generator.vbproj
		SccProjectName12 = Advantage\u0020License\u0020Key\u0020Generator
		SccAuxPath12 = http://tasc-code.gotoadvantage.com:8080/tfs/advantage
		SccLocalPath12 = Advantage\u0020License\u0020Key\u0020Generator
		SccProvider12 = {4CA58AB2-18FA-4F8D-95D4-32DDF27D184C}
		SccProjectUniqueName13 = Advantage\u0020Test\u0020Project\\Advantage\u0020Test\u0020Project.vbproj
		SccProjectName13 = Advantage\u0020Test\u0020Project
		SccAuxPath13 = http://tasc-code.gotoadvantage.com:8080/tfs/advantage
		SccLocalPath13 = Advantage\u0020Test\u0020Project
		SccProvider13 = {4CA58AB2-18FA-4F8D-95D4-32DDF27D184C}
		SccProjectUniqueName14 = AdvantageFramework.BLogic\\AdvantageFramework.BLogic.vbproj
		SccProjectName14 = AdvantageFramework.BLogic
		SccAuxPath14 = http://tasc-code.gotoadvantage.com:8080/tfs/advantage
		SccLocalPath14 = AdvantageFramework.BLogic
		SccProvider14 = {4CA58AB2-18FA-4F8D-95D4-32DDF27D184C}
		SccProjectUniqueName15 = AdvantageFramework.GoogleServices\\AdvantageFramework.GoogleServices.vbproj
		SccProjectName15 = AdvantageFramework.GoogleServices
		SccAuxPath15 = http://tasc-code.gotoadvantage.com:8080/tfs/advantage
		SccLocalPath15 = AdvantageFramework.GoogleServices
		SccProvider15 = {4CA58AB2-18FA-4F8D-95D4-32DDF27D184C}
		SccProjectUniqueName16 = Advantage\u0020Window\u0020Service\\Advantage\u0020Windows\u0020Service.vbproj
		SccProjectName16 = Advantage\u0020Window\u0020Service
		SccAuxPath16 = http://tasc-code.gotoadvantage.com:8080/tfs/advantage
		SccLocalPath16 = Advantage\u0020Window\u0020Service
		SccProvider16 = {4CA58AB2-18FA-4F8D-95D4-32DDF27D184C}
		SccProjectUniqueName17 = Advantage\u0020Nielsen\u0020Database\u0020Update\\Advantage\u0020Nielsen\u0020Database\u0020Update.vbproj
		SccProjectName17 = Advantage\u0020Nielsen\u0020Database\u0020Update
		SccAuxPath17 = http://tasc-code.gotoadvantage.com:8080/tfs/advantage
		SccLocalPath17 = Advantage\u0020Nielsen\u0020Database\u0020Update
		SccProvider17 = {4CA58AB2-18FA-4F8D-95D4-32DDF27D184C}
		SccProjectUniqueName18 = Advantage\u0020MSAccess\\Advantage\u0020MSAccess.vbproj
		SccProjectName18 = Advantage\u0020MSAccess
		SccAuxPath18 = http://tasc-code.gotoadvantage.com:8080/tfs/advantage
		SccLocalPath18 = Advantage\u0020MSAccess
		SccProvider18 = {4CA58AB2-18FA-4F8D-95D4-32DDF27D184C}
		SccProjectUniqueName19 = Advantage\u0020Connection\u0020Configurator\\Advantage\u0020Connection\u0020Configurator.vbproj
		SccProjectName19 = Advantage\u0020Connection\u0020Configurator
		SccAuxPath19 = http://tasc-code.gotoadvantage.com:8080/tfs/advantage
		SccLocalPath19 = Advantage\u0020Connection\u0020Configurator
		SccProvider19 = {4CA58AB2-18FA-4F8D-95D4-32DDF27D184C}
		SccProjectUniqueName20 = Advantage\u0020Upgrade\u0020Wizard\\Advantage\u0020Upgrade\u0020Wizard.vbproj
		SccProjectName20 = Advantage\u0020Upgrade\u0020Wizard
		SccAuxPath20 = http://tasc-code.gotoadvantage.com:8080/tfs/advantage
		SccLocalPath20 = Advantage\u0020Upgrade\u0020Wizard
		SccProvider20 = {4CA58AB2-18FA-4F8D-95D4-32DDF27D184C}
		SccProjectUniqueName21 = Advantage\u0020National\u0020Database\u0020Update\\Advantage\u0020National\u0020Database\u0020Update.vbproj
		SccProjectName21 = Advantage\u0020National\u0020Database\u0020Update
		SccAuxPath21 = http://tasc-code.gotoadvantage.com:8080/tfs/advantage
		SccLocalPath21 = Advantage\u0020National\u0020Database\u0020Update
		SccProvider21 = {4CA58AB2-18FA-4F8D-95D4-32DDF27D184C}
		SccProjectUniqueName22 = Advantage\u0020Payment\u0020Manager\u0020Export\u0020FTP\\Advantage\u0020Payment\u0020Manager\u0020Export\u0020FTP.vbproj
		SccProjectName22 = Advantage\u0020Payment\u0020Manager\u0020Export\u0020FTP
		SccAuxPath22 = http://tasc-code.gotoadvantage.com:8080/tfs/advantage
		SccLocalPath22 = Advantage\u0020Payment\u0020Manager\u0020Export\u0020FTP
		SccProvider22 = {4CA58AB2-18FA-4F8D-95D4-32DDF27D184C}
		SccProjectUniqueName23 = AdvantageFramework.Security.Adassist\\AdvantageFramework.Security.Adassist.vbproj
		SccProjectName23 = AdvantageFramework.Security.Adassist
		SccAuxPath23 = http://tasc-code.gotoadvantage.com:8080/tfs/advantage
		SccLocalPath23 = AdvantageFramework.Security.Adassist
		SccProvider23 = {4CA58AB2-18FA-4F8D-95D4-32DDF27D184C}
		SccProjectUniqueName24 = Advantage\u0020Com\u0020Registry\\Advantage\u0020Com\u0020Registry.vbproj
		SccProjectName24 = Advantage\u0020Com\u0020Registry
		SccAuxPath24 = http://tasc-code.gotoadvantage.com:8080/tfs/advantage
		SccLocalPath24 = Advantage\u0020Com\u0020Registry
		SccProvider24 = {4CA58AB2-18FA-4F8D-95D4-32DDF27D184C}
		SccProjectUniqueName25 = Advantage\u0020YayPay\u0020Complete\u0020Invoice\u0020Export\\Advantage\u0020YayPay\u0020Complete\u0020Invoice\u0020Export.vbproj
		SccProjectName25 = Advantage\u0020YayPay\u0020Complete\u0020Invoice\u0020Export
		SccAuxPath25 = http://tasc-code.gotoadvantage.com:8080/tfs/advantage
		SccLocalPath25 = Advantage\u0020YayPay\u0020Complete\u0020Invoice\u0020Export
		SccProvider25 = {4CA58AB2-18FA-4F8D-95D4-32DDF27D184C}
		SccProjectUniqueName26 = AdvantageFramework.Com\\AdvantageFramework.Com.vbproj
		SccProjectName26 = AdvantageFramework.Com
		SccAuxPath26 = http://tasc-code.gotoadvantage.com:8080/tfs/advantage
		SccLocalPath26 = AdvantageFramework.Com
		SccProvider26 = {4CA58AB2-18FA-4F8D-95D4-32DDF27D184C}
		SccProjectUniqueName27 = Advantage\u0020Access\u0020Email\\Advantage\u0020Access\u0020Email.vbproj
		SccProjectName27 = Advantage\u0020Access\u0020Email
		SccAuxPath27 = http://tasc-code.gotoadvantage.com:8080/tfs/advantage
		SccLocalPath27 = Advantage\u0020Access\u0020Email
		SccProvider27 = {4CA58AB2-18FA-4F8D-95D4-32DDF27D184C}
		SccProjectUniqueName28 = Advantage\u0020Access\u0020Login\\Advantage\u0020Access\u0020Login.vbproj
		SccProjectName28 = Advantage\u0020Access\u0020Login
		SccAuxPath28 = http://tasc-code.gotoadvantage.com:8080/tfs/advantage
		SccLocalPath28 = Advantage\u0020Access\u0020Login
		SccProvider28 = {4CA58AB2-18FA-4F8D-95D4-32DDF27D184C}
		SccProjectUniqueName29 = AdvantageTests\\AdvantageTests.vbproj
		SccProjectName29 = AdvantageTests
		SccAuxPath29 = http://tasc-code.gotoadvantage.com:8080/tfs/advantage
		SccLocalPath29 = AdvantageTests
		SccProvider29 = {4CA58AB2-18FA-4F8D-95D4-32DDF27D184C}
		SccProjectUniqueName30 = Advantage\u0020Database\\Advantage\u0020Database.sqlproj
		SccProjectName30 = .
		SccAuxPath30 = http://tasc-code.gotoadvantage.com:8080/tfs/advantage
		SccLocalPath30 = .
		SccProvider30 = {4CA58AB2-18FA-4F8D-95D4-32DDF27D184C}
		SccProjectFilePathRelativizedFromConnection30 = Advantage\u0020Database\\
		SccProjectUniqueName31 = Nielsen\u0020DB\\Nielsen\u0020DB.sqlproj
		SccProjectName31 = Nielsen\u0020DB
		SccAuxPath31 = http://tasc-code.gotoadvantage.com:8080/tfs/advantage
		SccLocalPath31 = Nielsen\u0020DB
		SccProvider31 = {4CA58AB2-18FA-4F8D-95D4-32DDF27D184C}
	EndGlobalSection
	GlobalSection(TeamFoundationVersionControl) = preSolution
		SccNumberOfProjects = 30
		SccEnterpriseProvider = {4CA58AB2-18FA-4F8D-95D4-32DDF27D184C}
		SccTeamFoundationServer = http://tasc-code.gotoadvantage.com:8080/tfs/advantage
		SccProjectUniqueName0 = AdvantageFramework.WinForm\\AdvantageFramework.WinForm.vbproj
		SccProjectName0 = AdvantageFramework.WinForm
		SccAuxPath0 = http://tasc-code.gotoadvantage.com:8080/tfs/advantage
		SccLocalPath0 = AdvantageFramework.WinForm
		SccProvider0 = {4CA58AB2-18FA-4F8D-95D4-32DDF27D184C}
		SccProjectUniqueName1 = Advantage\u0020Services\\Advantage\u0020Services.vbproj
		SccProjectName1 = Advantage\u0020Services
		SccAuxPath1 = http://tasc-code.gotoadvantage.com:8080/tfs/advantage
		SccLocalPath1 = Advantage\u0020Services
		SccProvider1 = {4CA58AB2-18FA-4F8D-95D4-32DDF27D184C}
		SccProjectUniqueName2 = AdvantageFramework\\AdvantageFramework.vbproj
		SccProjectName2 = AdvantageFramework
		SccAuxPath2 = http://tasc-code.gotoadvantage.com:8080/tfs/advantage
		SccLocalPath2 = AdvantageFramework
		SccProvider2 = {4CA58AB2-18FA-4F8D-95D4-32DDF27D184C}
		SccProjectUniqueName3 = AdvantageFramework.Web\\AdvantageFramework.Web.vbproj
		SccProjectName3 = AdvantageFramework.Web
		SccAuxPath3 = http://tasc-code.gotoadvantage.com:8080/tfs/advantage
		SccLocalPath3 = AdvantageFramework.Web
		SccProvider3 = {4CA58AB2-18FA-4F8D-95D4-32DDF27D184C}
		SccProjectUniqueName4 = AdvantageFramework.Reporting.Reports\\AdvantageFramework.Reporting.Reports.vbproj
		SccProjectName4 = AdvantageFramework.Reporting.Reports
		SccAuxPath4 = http://tasc-code.gotoadvantage.com:8080/tfs/advantage
		SccLocalPath4 = AdvantageFramework.Reporting.Reports
		SccProvider4 = {4CA58AB2-18FA-4F8D-95D4-32DDF27D184C}
		SccProjectUniqueName5 = Webvantage\\ActiveReportsAssembly\\ActiveReportsAssembly.vbproj
		SccProjectName5 = .
		SccAuxPath5 = http://tasc-code.gotoadvantage.com:8080/tfs/advantage
		SccLocalPath5 = .
		SccProvider5 = {4CA58AB2-18FA-4F8D-95D4-32DDF27D184C}
		SccProjectFilePathRelativizedFromConnection5 = Webvantage\\ActiveReportsAssembly\\
		SccProjectUniqueName6 = Advantage\\Advantage.vbproj
		SccProjectName6 = Advantage
		SccAuxPath6 = http://tasc-code.gotoadvantage.com:8080/tfs/advantage
		SccLocalPath6 = Advantage
		SccProvider6 = {4CA58AB2-18FA-4F8D-95D4-32DDF27D184C}
		SccProjectUniqueName7 = Advantage\u0020Database\u0020Update\\Advantage\u0020Database\u0020Update.vbproj
		SccProjectName7 = Advantage\u0020Database\u0020Update
		SccAuxPath7 = http://tasc-code.gotoadvantage.com:8080/tfs/advantage
		SccLocalPath7 = Advantage\u0020Database\u0020Update
		SccProvider7 = {4CA58AB2-18FA-4F8D-95D4-32DDF27D184C}
		SccProjectUniqueName8 = Webvantage\\Webvantage\\Webvantage.vbproj
		SccProjectName8 = Webvantage/Webvantage
		SccAuxPath8 = http://tasc-code.gotoadvantage.com:8080/tfs/advantage
		SccLocalPath8 = Webvantage\\Webvantage
		SccProvider8 = {4CA58AB2-18FA-4F8D-95D4-32DDF27D184C}
		SccProjectFilePathRelativizedFromConnection8 = Advantage\u0020Database\\
		SccProjectUniqueName9 = Advantage\u0020Database\u0020Update\\Advantage\u0020Database\u0020Update.vbproj
		SccProjectName9 = Advantage\u0020Database\u0020Update
		SccAuxPath9 = http://tasc-code.gotoadvantage.com:8080/tfs/advantage
		SccLocalPath9 = Advantage\u0020Database\u0020Update
		SccProvider9 = {4CA58AB2-18FA-4F8D-95D4-32DDF27D184C}
		SccProjectUniqueName10 = Advantage\u0020Custom\u0020Report\u0020Import\\Advantage\u0020Custom\u0020Report\u0020Import.vbproj
		SccProjectName10 = Advantage\u0020Custom\u0020Report\u0020Import
		SccAuxPath10 = http://tasc-code.gotoadvantage.com:8080/tfs/advantage
		SccLocalPath10 = Advantage\u0020Custom\u0020Report\u0020Import
		SccProvider10 = {4CA58AB2-18FA-4F8D-95D4-32DDF27D184C}
		SccProjectUniqueName11 = Advantage\u0020License\u0020Key\u0020Import\\Advantage\u0020License\u0020Key\u0020Import.vbproj
		SccProjectName11 = Advantage\u0020License\u0020Key\u0020Import
		SccAuxPath11 = http://tasc-code.gotoadvantage.com:8080/tfs/advantage
		SccLocalPath11 = Advantage\u0020License\u0020Key\u0020Import
		SccProvider11 = {4CA58AB2-18FA-4F8D-95D4-32DDF27D184C}
		SccProjectUniqueName12 = Advantage\u0020Security\u0020Setup\u0020Assistant\\Advantage\u0020Security\u0020Setup\u0020Assistant.vbproj
		SccProjectName12 = Advantage\u0020Security\u0020Setup\u0020Assistant
		SccAuxPath12 = http://tasc-code.gotoadvantage.com:8080/tfs/advantage
		SccLocalPath12 = Advantage\u0020Security\u0020Setup\u0020Assistant
		SccProvider12 = {4CA58AB2-18FA-4F8D-95D4-32DDF27D184C}
		SccProjectUniqueName13 = Advantage\u0020License\u0020Key\u0020Generator\\Advantage\u0020License\u0020Key\u0020Generator.vbproj
		SccProjectName13 = Advantage\u0020License\u0020Key\u0020Generator
		SccAuxPath13 = http://tasc-code.gotoadvantage.com:8080/tfs/advantage
		SccLocalPath13 = Advantage\u0020License\u0020Key\u0020Generator
		SccProvider13 = {4CA58AB2-18FA-4F8D-95D4-32DDF27D184C}
		SccProjectUniqueName14 = Advantage\u0020Test\u0020Project\\Advantage\u0020Test\u0020Project.vbproj
		SccProjectName14 = Advantage\u0020Test\u0020Project
		SccAuxPath14 = http://tasc-code.gotoadvantage.com:8080/tfs/advantage
		SccLocalPath14 = Advantage\u0020Test\u0020Project
		SccProvider14 = {4CA58AB2-18FA-4F8D-95D4-32DDF27D184C}
		SccProjectUniqueName15 = AdvantageFramework.BLogic\\AdvantageFramework.BLogic.vbproj
		SccProjectName15 = AdvantageFramework.BLogic
		SccAuxPath15 = http://tasc-code.gotoadvantage.com:8080/tfs/advantage
		SccLocalPath15 = AdvantageFramework.BLogic
		SccProvider15 = {4CA58AB2-18FA-4F8D-95D4-32DDF27D184C}
		SccProjectUniqueName16 = AdvantageFramework.GoogleServices\\AdvantageFramework.GoogleServices.vbproj
		SccProjectName16 = AdvantageFramework.GoogleServices
		SccAuxPath16 = http://tasc-code.gotoadvantage.com:8080/tfs/advantage
		SccLocalPath16 = AdvantageFramework.GoogleServices
		SccProvider16 = {4CA58AB2-18FA-4F8D-95D4-32DDF27D184C}
		SccProjectUniqueName17 = Advantage\u0020Window\u0020Service\\Advantage\u0020Windows\u0020Service.vbproj
		SccProjectName17 = Advantage\u0020Window\u0020Service
		SccAuxPath17 = http://tasc-code.gotoadvantage.com:8080/tfs/advantage
		SccLocalPath17 = Advantage\u0020Window\u0020Service
		SccProvider17 = {4CA58AB2-18FA-4F8D-95D4-32DDF27D184C}
		SccProjectUniqueName18 = AdvantageTests\\AdvantageTests.vbproj
		SccProjectName18 = AdvantageTests
		SccAuxPath18 = http://tasc-code.gotoadvantage.com:8080/tfs/advantage
		SccLocalPath18 = AdvantageTests
		SccProvider18 = {4CA58AB2-18FA-4F8D-95D4-32DDF27D184C}
		SccProjectUniqueName19 = Advantage\u0020Nielsen\u0020Database\u0020Update\\Advantage\u0020Nielsen\u0020Database\u0020Update.vbproj
		SccProjectName19 = Advantage\u0020Nielsen\u0020Database\u0020Update
		SccAuxPath19 = http://tasc-code.gotoadvantage.com:8080/tfs/advantage
		SccLocalPath19 = Advantage\u0020Nielsen\u0020Database\u0020Update
		SccProvider19 = {4CA58AB2-18FA-4F8D-95D4-32DDF27D184C}
		SccProjectUniqueName20 = Nielsen\u0020DB\\Nielsen\u0020DB.sqlproj
		SccProjectName20 = Nielsen\u0020DB
		SccAuxPath20 = http://tasc-code.gotoadvantage.com:8080/tfs/advantage
		SccLocalPath20 = Nielsen\u0020DB
		SccProvider20 = {4CA58AB2-18FA-4F8D-95D4-32DDF27D184C}
		SccProjectUniqueName21 = Advantage\u0020MSAccess\\Advantage\u0020MSAccess.vbproj
		SccProjectName21 = Advantage\u0020MSAccess
		SccAuxPath21 = http://tasc-code.gotoadvantage.com:8080/tfs/advantage
		SccLocalPath21 = Advantage\u0020MSAccess
		SccProvider21 = {4CA58AB2-18FA-4F8D-95D4-32DDF27D184C}
		SccProjectUniqueName22 = Advantage\u0020Connection\u0020Configurator\\Advantage\u0020Connection\u0020Configurator.vbproj
		SccProjectName22 = Advantage\u0020Connection\u0020Configurator
		SccAuxPath22 = http://tasc-code.gotoadvantage.com:8080/tfs/advantage
		SccLocalPath22 = Advantage\u0020Connection\u0020Configurator
		SccProvider22 = {4CA58AB2-18FA-4F8D-95D4-32DDF27D184C}
		SccProjectUniqueName23 = Advantage\u0020Upgrade\u0020Wizard\\Advantage\u0020Upgrade\u0020Wizard.vbproj
		SccProjectName23 = Advantage\u0020Upgrade\u0020Wizard
		SccAuxPath23 = http://tasc-code.gotoadvantage.com:8080/tfs/advantage
		SccLocalPath23 = Advantage\u0020Upgrade\u0020Wizard
		SccProvider23 = {4CA58AB2-18FA-4F8D-95D4-32DDF27D184C}
		SccProjectUniqueName24 = Advantage\u0020National\u0020Database\u0020Update\\Advantage\u0020National\u0020Database\u0020Update.vbproj
		SccProjectName24 = Advantage\u0020National\u0020Database\u0020Update
		SccAuxPath24 = http://tasc-code.gotoadvantage.com:8080/tfs/advantage
		SccLocalPath24 = Advantage\u0020National\u0020Database\u0020Update
		SccProvider24 = {4CA58AB2-18FA-4F8D-95D4-32DDF27D184C}
		SccProjectUniqueName25 = Advantage\u0020Payment\u0020Manager\u0020Export\u0020FTP\\Advantage\u0020Payment\u0020Manager\u0020Export\u0020FTP.vbproj
		SccProjectName25 = Advantage\u0020Payment\u0020Manager\u0020Export\u0020FTP
		SccAuxPath25 = http://tasc-code.gotoadvantage.com:8080/tfs/advantage
		SccLocalPath25 = Advantage\u0020Payment\u0020Manager\u0020Export\u0020FTP
		SccProvider25 = {4CA58AB2-18FA-4F8D-95D4-32DDF27D184C}
		SccProjectUniqueName26 = AdvantageFramework.Security.Adassist\\AdvantageFramework.Security.Adassist.vbproj
		SccProjectName26 = AdvantageFramework.Security.Adassist
		SccAuxPath26 = http://tasc-code.gotoadvantage.com:8080/tfs/advantage
		SccLocalPath26 = AdvantageFramework.Security.Adassist
		SccProvider26 = {4CA58AB2-18FA-4F8D-95D4-32DDF27D184C}
		SccProjectUniqueName27 = Advantage\u0020Com\u0020Registry\\Advantage\u0020Com\u0020Registry.vbproj
		SccProjectName27 = Advantage\u0020Com\u0020Registry
		SccAuxPath27 = http://tasc-code.gotoadvantage.com:8080/tfs/advantage
		SccLocalPath27 = Advantage\u0020Com\u0020Registry
		SccProvider27 = {4CA58AB2-18FA-4F8D-95D4-32DDF27D184C}
		SccProjectUniqueName28 = Advantage\u0020YayPay\u0020Complete\u0020Invoice\u0020Export\\Advantage\u0020YayPay\u0020Complete\u0020Invoice\u0020Export.vbproj
		SccProjectName28 = Advantage\u0020YayPay\u0020Complete\u0020Invoice\u0020Export
		SccAuxPath28 = http://tasc-code.gotoadvantage.com:8080/tfs/advantage
		SccLocalPath28 = Advantage\u0020YayPay\u0020Complete\u0020Invoice\u0020Export
		SccProvider28 = {4CA58AB2-18FA-4F8D-95D4-32DDF27D184C}
		SccProjectUniqueName29 = AdvantageFramework.Com\\AdvantageFramework.Com.vbproj
		SccProjectName29 = AdvantageFramework.Com
		SccAuxPath29 = http://tasc-code.gotoadvantage.com:8080/tfs/advantage
		SccLocalPath29 = AdvantageFramework.Com
		SccProvider29 = {4CA58AB2-18FA-4F8D-95D4-32DDF27D184C}
	EndGlobalSection
EndGlobal
