
Microsoft Visual Studio Solution File, Format Version 11.00
# Visual Studio 2010
Project("{F184B08F-C81C-45F6-A57F-5ABD9991F28F}") = "AdvantageFramework", "AdvantageFramework\AdvantageFramework.vbproj", "{A5ADBD34-DC5F-45EE-AB6A-8E9122DA478D}"
EndProject
Project("{F184B08F-C81C-45F6-A57F-5ABD9991F28F}") = "AdvantageFramework.Reporting.Reports", "AdvantageFramework.Reporting.Reports\AdvantageFramework.Reporting.Reports.vbproj", "{6115EB46-3E3D-4413-903A-618177C655AF}"
EndProject
Project("{F184B08F-C81C-45F6-A57F-5ABD9991F28F}") = "Advantage Outlook Addin", "Advantage Outlook Addin\Advantage Outlook Addin.vbproj", "{6FB77B16-572C-4240-8908-582A563C67DC}"
EndProject
Project("{F184B08F-C81C-45F6-A57F-5ABD9991F28F}") = "Advantage Services", "Advantage Services\Advantage Services.vbproj", "{568717D3-2FD9-46F8-87CE-96F302C825C8}"
EndProject
Project("{F184B08F-C81C-45F6-A57F-5ABD9991F28F}") = "Advantage Windows Service", "Advantage Window Service\Advantage Windows Service.vbproj", "{601CBF72-029C-40A9-BEEA-18F3A18FAFDF}"
EndProject
Project("{54435603-DBB4-11D2-8724-00A0C9A8B90C}") = "Advantage Outlook Addin Setup - Office 2007 - 32", "Setups\Advantage Outlook Addin Setup - Office 2007 - 32\Advantage Outlook Addin Setup - Office 2007 - 32.vdproj", "{DC664673-9940-4027-8060-07D192539F71}"
EndProject
Project("{54435603-DBB4-11D2-8724-00A0C9A8B90C}") = "Advantage Outlook Addin Setup - Office 2007 - 64", "Setups\Advantage Outlook Addin Setup - Office 2007 - 64\Advantage Outlook Addin Setup - Office 2007 - 64.vdproj", "{BB20E1DB-6916-448B-B802-102F85961D65}"
EndProject
Project("{54435603-DBB4-11D2-8724-00A0C9A8B90C}") = "Advantage Outlook Addin Setup - Office 2010 - 32", "Setups\Advantage Outlook Addin Setup - Office 2010 - 32\Advantage Outlook Addin Setup - Office 2010 - 32.vdproj", "{8115BB4C-3AB4-4F78-9333-F8D3BB7AFBCA}"
EndProject
Project("{54435603-DBB4-11D2-8724-00A0C9A8B90C}") = "Advantage Outlook Addin Setup - Office 2010 - 64", "Setups\Advantage Outlook Addin Setup - Office 2010 - 64\Advantage Outlook Addin Setup - Office 2010 - 64.vdproj", "{E9952DA7-4A0F-4202-BCB4-81DE15AF7F24}"
EndProject
Project("{54435603-DBB4-11D2-8724-00A0C9A8B90C}") = "Advantage Services Setup 32", "Setups\Advantage Services Setup 32\Advantage Services Setup 32.vdproj", "{8514E5CD-4A75-4B2E-BDD6-D6B9DC36BB96}"
EndProject
Project("{F184B08F-C81C-45F6-A57F-5ABD9991F28F}") = "AdvantageFramework.BLogic", "AdvantageFramework.BLogic\AdvantageFramework.BLogic.vbproj", "{CF80C6A7-30B6-45B8-8FF2-CC3176B95239}"
EndProject
Project("{F184B08F-C81C-45F6-A57F-5ABD9991F28F}") = "AdvantageFramework.WinForm", "AdvantageFramework.WinForm\AdvantageFramework.WinForm.vbproj", "{8BBD586B-EB2E-4971-AE41-91A8E68F114E}"
EndProject
Global
	GlobalSection(TeamFoundationVersionControl) = preSolution
		SccNumberOfProjects = 13
		SccEnterpriseProvider = {4CA58AB2-18FA-4F8D-95D4-32DDF27D184C}
		SccTeamFoundationServer = http://tasc-code:8080/tfs/advantage
		SccLocalPath0 = .
		SccProjectUniqueName1 = AdvantageFramework\\AdvantageFramework.vbproj
		SccProjectName1 = AdvantageFramework
		SccLocalPath1 = AdvantageFramework
		SccProjectUniqueName2 = AdvantageFramework.Reporting.Reports\\AdvantageFramework.Reporting.Reports.vbproj
		SccProjectName2 = AdvantageFramework.Reporting.Reports
		SccLocalPath2 = AdvantageFramework.Reporting.Reports
		SccProjectUniqueName3 = Advantage\u0020Outlook\u0020Addin\\Advantage\u0020Outlook\u0020Addin.vbproj
		SccProjectName3 = Advantage\u0020Outlook\u0020Addin
		SccLocalPath3 = Advantage\u0020Outlook\u0020Addin
		SccProjectUniqueName4 = Advantage\u0020Services\\Advantage\u0020Services.vbproj
		SccProjectName4 = Advantage\u0020Services
		SccLocalPath4 = Advantage\u0020Services
		SccProjectUniqueName5 = Advantage\u0020Window\u0020Service\\Advantage\u0020Windows\u0020Service.vbproj
		SccProjectName5 = Advantage\u0020Window\u0020Service
		SccLocalPath5 = Advantage\u0020Window\u0020Service
		SccProjectUniqueName6 = Setups\\Advantage\u0020Outlook\u0020Addin\u0020Setup\u0020-\u0020Office\u00202007\u0020-\u002032\\Advantage\u0020Outlook\u0020Addin\u0020Setup\u0020-\u0020Office\u00202007\u0020-\u002032.vdproj
		SccLocalPath6 = .
		SccProjectFilePathRelativizedFromConnection6 = Setups\\Advantage\u0020Outlook\u0020Addin\u0020Setup\u0020-\u0020Office\u00202007\u0020-\u002032\\
		SccProjectUniqueName7 = Setups\\Advantage\u0020Outlook\u0020Addin\u0020Setup\u0020-\u0020Office\u00202007\u0020-\u002064\\Advantage\u0020Outlook\u0020Addin\u0020Setup\u0020-\u0020Office\u00202007\u0020-\u002064.vdproj
		SccLocalPath7 = .
		SccProjectFilePathRelativizedFromConnection7 = Setups\\Advantage\u0020Outlook\u0020Addin\u0020Setup\u0020-\u0020Office\u00202007\u0020-\u002064\\
		SccProjectUniqueName8 = Setups\\Advantage\u0020Outlook\u0020Addin\u0020Setup\u0020-\u0020Office\u00202010\u0020-\u002032\\Advantage\u0020Outlook\u0020Addin\u0020Setup\u0020-\u0020Office\u00202010\u0020-\u002032.vdproj
		SccLocalPath8 = .
		SccProjectFilePathRelativizedFromConnection8 = Setups\\Advantage\u0020Outlook\u0020Addin\u0020Setup\u0020-\u0020Office\u00202010\u0020-\u002032\\
		SccProjectUniqueName9 = Setups\\Advantage\u0020Outlook\u0020Addin\u0020Setup\u0020-\u0020Office\u00202010\u0020-\u002064\\Advantage\u0020Outlook\u0020Addin\u0020Setup\u0020-\u0020Office\u00202010\u0020-\u002064.vdproj
		SccLocalPath9 = .
		SccProjectFilePathRelativizedFromConnection9 = Setups\\Advantage\u0020Outlook\u0020Addin\u0020Setup\u0020-\u0020Office\u00202010\u0020-\u002064\\
		SccProjectUniqueName10 = Setups\\Advantage\u0020Services\u0020Setup\u002032\\Advantage\u0020Services\u0020Setup\u002032.vdproj
		SccLocalPath10 = .
		SccProjectFilePathRelativizedFromConnection10 = Setups\\Advantage\u0020Services\u0020Setup\u002032\\
		SccProjectUniqueName11 = AdvantageFramework.BLogic\\AdvantageFramework.BLogic.vbproj
		SccProjectName11 = AdvantageFramework.BLogic
		SccLocalPath11 = AdvantageFramework.BLogic
		SccProjectUniqueName12 = AdvantageFramework.WinForm\\AdvantageFramework.WinForm.vbproj
		SccProjectName12 = AdvantageFramework.WinForm
		SccLocalPath12 = AdvantageFramework.WinForm
	EndGlobalSection
	GlobalSection(SolutionConfigurationPlatforms) = preSolution
		Debug|Any CPU = Debug|Any CPU
		Debug|Mixed Platforms = Debug|Mixed Platforms
		Debug|x64 = Debug|x64
		Debug|x86 = Debug|x86
		Release|Any CPU = Release|Any CPU
		Release|Mixed Platforms = Release|Mixed Platforms
		Release|x64 = Release|x64
		Release|x86 = Release|x86
	EndGlobalSection
	GlobalSection(ProjectConfigurationPlatforms) = postSolution
		{A5ADBD34-DC5F-45EE-AB6A-8E9122DA478D}.Debug|Any CPU.ActiveCfg = Debug|Any CPU
		{A5ADBD34-DC5F-45EE-AB6A-8E9122DA478D}.Debug|Any CPU.Build.0 = Debug|Any CPU
		{A5ADBD34-DC5F-45EE-AB6A-8E9122DA478D}.Debug|Mixed Platforms.ActiveCfg = Debug|Any CPU
		{A5ADBD34-DC5F-45EE-AB6A-8E9122DA478D}.Debug|Mixed Platforms.Build.0 = Debug|Any CPU
		{A5ADBD34-DC5F-45EE-AB6A-8E9122DA478D}.Debug|x64.ActiveCfg = Debug|x64
		{A5ADBD34-DC5F-45EE-AB6A-8E9122DA478D}.Debug|x64.Build.0 = Debug|x64
		{A5ADBD34-DC5F-45EE-AB6A-8E9122DA478D}.Debug|x86.ActiveCfg = Debug|Any CPU
		{A5ADBD34-DC5F-45EE-AB6A-8E9122DA478D}.Release|Any CPU.ActiveCfg = Release|Any CPU
		{A5ADBD34-DC5F-45EE-AB6A-8E9122DA478D}.Release|Any CPU.Build.0 = Release|Any CPU
		{A5ADBD34-DC5F-45EE-AB6A-8E9122DA478D}.Release|Mixed Platforms.ActiveCfg = Release|Any CPU
		{A5ADBD34-DC5F-45EE-AB6A-8E9122DA478D}.Release|Mixed Platforms.Build.0 = Release|Any CPU
		{A5ADBD34-DC5F-45EE-AB6A-8E9122DA478D}.Release|x64.ActiveCfg = Release|x64
		{A5ADBD34-DC5F-45EE-AB6A-8E9122DA478D}.Release|x64.Build.0 = Release|x64
		{A5ADBD34-DC5F-45EE-AB6A-8E9122DA478D}.Release|x86.ActiveCfg = Release|Any CPU
		{6115EB46-3E3D-4413-903A-618177C655AF}.Debug|Any CPU.ActiveCfg = Debug|Any CPU
		{6115EB46-3E3D-4413-903A-618177C655AF}.Debug|Any CPU.Build.0 = Debug|Any CPU
		{6115EB46-3E3D-4413-903A-618177C655AF}.Debug|Mixed Platforms.ActiveCfg = Debug|Any CPU
		{6115EB46-3E3D-4413-903A-618177C655AF}.Debug|Mixed Platforms.Build.0 = Debug|Any CPU
		{6115EB46-3E3D-4413-903A-618177C655AF}.Debug|x64.ActiveCfg = Debug|x64
		{6115EB46-3E3D-4413-903A-618177C655AF}.Debug|x64.Build.0 = Debug|x64
		{6115EB46-3E3D-4413-903A-618177C655AF}.Debug|x86.ActiveCfg = Debug|Any CPU
		{6115EB46-3E3D-4413-903A-618177C655AF}.Release|Any CPU.ActiveCfg = Release|Any CPU
		{6115EB46-3E3D-4413-903A-618177C655AF}.Release|Any CPU.Build.0 = Release|Any CPU
		{6115EB46-3E3D-4413-903A-618177C655AF}.Release|Mixed Platforms.ActiveCfg = Release|Any CPU
		{6115EB46-3E3D-4413-903A-618177C655AF}.Release|Mixed Platforms.Build.0 = Release|Any CPU
		{6115EB46-3E3D-4413-903A-618177C655AF}.Release|x64.ActiveCfg = Release|x64
		{6115EB46-3E3D-4413-903A-618177C655AF}.Release|x64.Build.0 = Release|x64
		{6115EB46-3E3D-4413-903A-618177C655AF}.Release|x86.ActiveCfg = Release|Any CPU
		{6FB77B16-572C-4240-8908-582A563C67DC}.Debug|Any CPU.ActiveCfg = Debug|Any CPU
		{6FB77B16-572C-4240-8908-582A563C67DC}.Debug|Any CPU.Build.0 = Debug|Any CPU
		{6FB77B16-572C-4240-8908-582A563C67DC}.Debug|Mixed Platforms.ActiveCfg = Debug|Any CPU
		{6FB77B16-572C-4240-8908-582A563C67DC}.Debug|x64.ActiveCfg = Debug|x64
		{6FB77B16-572C-4240-8908-582A563C67DC}.Debug|x64.Build.0 = Debug|x64
		{6FB77B16-572C-4240-8908-582A563C67DC}.Debug|x86.ActiveCfg = Debug|Any CPU
		{6FB77B16-572C-4240-8908-582A563C67DC}.Release|Any CPU.ActiveCfg = Release|Any CPU
		{6FB77B16-572C-4240-8908-582A563C67DC}.Release|Any CPU.Build.0 = Release|Any CPU
		{6FB77B16-572C-4240-8908-582A563C67DC}.Release|Mixed Platforms.ActiveCfg = Release|Any CPU
		{6FB77B16-572C-4240-8908-582A563C67DC}.Release|x64.ActiveCfg = Release|x64
		{6FB77B16-572C-4240-8908-582A563C67DC}.Release|x64.Build.0 = Release|x64
		{6FB77B16-572C-4240-8908-582A563C67DC}.Release|x86.ActiveCfg = Release|Any CPU
		{568717D3-2FD9-46F8-87CE-96F302C825C8}.Debug|Any CPU.ActiveCfg = Debug|x86
		{568717D3-2FD9-46F8-87CE-96F302C825C8}.Debug|Mixed Platforms.ActiveCfg = Debug|x86
		{568717D3-2FD9-46F8-87CE-96F302C825C8}.Debug|Mixed Platforms.Build.0 = Debug|x86
		{568717D3-2FD9-46F8-87CE-96F302C825C8}.Debug|x64.ActiveCfg = Debug|x64
		{568717D3-2FD9-46F8-87CE-96F302C825C8}.Debug|x64.Build.0 = Debug|x64
		{568717D3-2FD9-46F8-87CE-96F302C825C8}.Debug|x86.ActiveCfg = Debug|x86
		{568717D3-2FD9-46F8-87CE-96F302C825C8}.Debug|x86.Build.0 = Debug|x86
		{568717D3-2FD9-46F8-87CE-96F302C825C8}.Release|Any CPU.ActiveCfg = Release|x86
		{568717D3-2FD9-46F8-87CE-96F302C825C8}.Release|Mixed Platforms.ActiveCfg = Release|x86
		{568717D3-2FD9-46F8-87CE-96F302C825C8}.Release|Mixed Platforms.Build.0 = Release|x86
		{568717D3-2FD9-46F8-87CE-96F302C825C8}.Release|x64.ActiveCfg = Release|x64
		{568717D3-2FD9-46F8-87CE-96F302C825C8}.Release|x64.Build.0 = Release|x64
		{568717D3-2FD9-46F8-87CE-96F302C825C8}.Release|x86.ActiveCfg = Release|x86
		{568717D3-2FD9-46F8-87CE-96F302C825C8}.Release|x86.Build.0 = Release|x86
		{601CBF72-029C-40A9-BEEA-18F3A18FAFDF}.Debug|Any CPU.ActiveCfg = Debug|x86
		{601CBF72-029C-40A9-BEEA-18F3A18FAFDF}.Debug|Mixed Platforms.ActiveCfg = Debug|x86
		{601CBF72-029C-40A9-BEEA-18F3A18FAFDF}.Debug|Mixed Platforms.Build.0 = Debug|x86
		{601CBF72-029C-40A9-BEEA-18F3A18FAFDF}.Debug|x64.ActiveCfg = Debug|x64
		{601CBF72-029C-40A9-BEEA-18F3A18FAFDF}.Debug|x64.Build.0 = Debug|x64
		{601CBF72-029C-40A9-BEEA-18F3A18FAFDF}.Debug|x86.ActiveCfg = Debug|x86
		{601CBF72-029C-40A9-BEEA-18F3A18FAFDF}.Debug|x86.Build.0 = Debug|x86
		{601CBF72-029C-40A9-BEEA-18F3A18FAFDF}.Release|Any CPU.ActiveCfg = Release|x86
		{601CBF72-029C-40A9-BEEA-18F3A18FAFDF}.Release|Mixed Platforms.ActiveCfg = Release|x86
		{601CBF72-029C-40A9-BEEA-18F3A18FAFDF}.Release|Mixed Platforms.Build.0 = Release|x86
		{601CBF72-029C-40A9-BEEA-18F3A18FAFDF}.Release|x64.ActiveCfg = Release|x64
		{601CBF72-029C-40A9-BEEA-18F3A18FAFDF}.Release|x64.Build.0 = Release|x64
		{601CBF72-029C-40A9-BEEA-18F3A18FAFDF}.Release|x86.ActiveCfg = Release|x86
		{601CBF72-029C-40A9-BEEA-18F3A18FAFDF}.Release|x86.Build.0 = Release|x86
		{DC664673-9940-4027-8060-07D192539F71}.Debug|Any CPU.ActiveCfg = Debug
		{DC664673-9940-4027-8060-07D192539F71}.Debug|Any CPU.Build.0 = Debug
		{DC664673-9940-4027-8060-07D192539F71}.Debug|Mixed Platforms.ActiveCfg = Debug
		{DC664673-9940-4027-8060-07D192539F71}.Debug|x64.ActiveCfg = Debug
		{DC664673-9940-4027-8060-07D192539F71}.Debug|x64.Build.0 = Debug
		{DC664673-9940-4027-8060-07D192539F71}.Debug|x86.ActiveCfg = Debug
		{DC664673-9940-4027-8060-07D192539F71}.Debug|x86.Build.0 = Debug
		{DC664673-9940-4027-8060-07D192539F71}.Release|Any CPU.ActiveCfg = Release
		{DC664673-9940-4027-8060-07D192539F71}.Release|Any CPU.Build.0 = Release
		{DC664673-9940-4027-8060-07D192539F71}.Release|Mixed Platforms.ActiveCfg = Release
		{DC664673-9940-4027-8060-07D192539F71}.Release|x64.ActiveCfg = Release
		{DC664673-9940-4027-8060-07D192539F71}.Release|x64.Build.0 = Release
		{DC664673-9940-4027-8060-07D192539F71}.Release|x86.ActiveCfg = Release
		{DC664673-9940-4027-8060-07D192539F71}.Release|x86.Build.0 = Release
		{BB20E1DB-6916-448B-B802-102F85961D65}.Debug|Any CPU.ActiveCfg = Debug
		{BB20E1DB-6916-448B-B802-102F85961D65}.Debug|Any CPU.Build.0 = Debug
		{BB20E1DB-6916-448B-B802-102F85961D65}.Debug|Mixed Platforms.ActiveCfg = Debug
		{BB20E1DB-6916-448B-B802-102F85961D65}.Debug|x64.ActiveCfg = Debug
		{BB20E1DB-6916-448B-B802-102F85961D65}.Debug|x64.Build.0 = Debug
		{BB20E1DB-6916-448B-B802-102F85961D65}.Debug|x86.ActiveCfg = Debug
		{BB20E1DB-6916-448B-B802-102F85961D65}.Debug|x86.Build.0 = Debug
		{BB20E1DB-6916-448B-B802-102F85961D65}.Release|Any CPU.ActiveCfg = Release
		{BB20E1DB-6916-448B-B802-102F85961D65}.Release|Any CPU.Build.0 = Release
		{BB20E1DB-6916-448B-B802-102F85961D65}.Release|Mixed Platforms.ActiveCfg = Release
		{BB20E1DB-6916-448B-B802-102F85961D65}.Release|x64.ActiveCfg = Release
		{BB20E1DB-6916-448B-B802-102F85961D65}.Release|x64.Build.0 = Release
		{BB20E1DB-6916-448B-B802-102F85961D65}.Release|x86.ActiveCfg = Release
		{BB20E1DB-6916-448B-B802-102F85961D65}.Release|x86.Build.0 = Release
		{8115BB4C-3AB4-4F78-9333-F8D3BB7AFBCA}.Debug|Any CPU.ActiveCfg = Debug
		{8115BB4C-3AB4-4F78-9333-F8D3BB7AFBCA}.Debug|Any CPU.Build.0 = Debug
		{8115BB4C-3AB4-4F78-9333-F8D3BB7AFBCA}.Debug|Mixed Platforms.ActiveCfg = Debug
		{8115BB4C-3AB4-4F78-9333-F8D3BB7AFBCA}.Debug|x64.ActiveCfg = Debug
		{8115BB4C-3AB4-4F78-9333-F8D3BB7AFBCA}.Debug|x64.Build.0 = Debug
		{8115BB4C-3AB4-4F78-9333-F8D3BB7AFBCA}.Debug|x86.ActiveCfg = Debug
		{8115BB4C-3AB4-4F78-9333-F8D3BB7AFBCA}.Debug|x86.Build.0 = Debug
		{8115BB4C-3AB4-4F78-9333-F8D3BB7AFBCA}.Release|Any CPU.ActiveCfg = Release
		{8115BB4C-3AB4-4F78-9333-F8D3BB7AFBCA}.Release|Any CPU.Build.0 = Release
		{8115BB4C-3AB4-4F78-9333-F8D3BB7AFBCA}.Release|Mixed Platforms.ActiveCfg = Release
		{8115BB4C-3AB4-4F78-9333-F8D3BB7AFBCA}.Release|x64.ActiveCfg = Release
		{8115BB4C-3AB4-4F78-9333-F8D3BB7AFBCA}.Release|x64.Build.0 = Release
		{8115BB4C-3AB4-4F78-9333-F8D3BB7AFBCA}.Release|x86.ActiveCfg = Release
		{8115BB4C-3AB4-4F78-9333-F8D3BB7AFBCA}.Release|x86.Build.0 = Release
		{E9952DA7-4A0F-4202-BCB4-81DE15AF7F24}.Debug|Any CPU.ActiveCfg = Debug
		{E9952DA7-4A0F-4202-BCB4-81DE15AF7F24}.Debug|Any CPU.Build.0 = Debug
		{E9952DA7-4A0F-4202-BCB4-81DE15AF7F24}.Debug|Mixed Platforms.ActiveCfg = Debug
		{E9952DA7-4A0F-4202-BCB4-81DE15AF7F24}.Debug|x64.ActiveCfg = Debug
		{E9952DA7-4A0F-4202-BCB4-81DE15AF7F24}.Debug|x64.Build.0 = Debug
		{E9952DA7-4A0F-4202-BCB4-81DE15AF7F24}.Debug|x86.ActiveCfg = Debug
		{E9952DA7-4A0F-4202-BCB4-81DE15AF7F24}.Debug|x86.Build.0 = Debug
		{E9952DA7-4A0F-4202-BCB4-81DE15AF7F24}.Release|Any CPU.ActiveCfg = Release
		{E9952DA7-4A0F-4202-BCB4-81DE15AF7F24}.Release|Any CPU.Build.0 = Release
		{E9952DA7-4A0F-4202-BCB4-81DE15AF7F24}.Release|Mixed Platforms.ActiveCfg = Release
		{E9952DA7-4A0F-4202-BCB4-81DE15AF7F24}.Release|x64.ActiveCfg = Release
		{E9952DA7-4A0F-4202-BCB4-81DE15AF7F24}.Release|x64.Build.0 = Release
		{E9952DA7-4A0F-4202-BCB4-81DE15AF7F24}.Release|x86.ActiveCfg = Release
		{E9952DA7-4A0F-4202-BCB4-81DE15AF7F24}.Release|x86.Build.0 = Release
		{8514E5CD-4A75-4B2E-BDD6-D6B9DC36BB96}.Debug|Any CPU.ActiveCfg = Debug
		{8514E5CD-4A75-4B2E-BDD6-D6B9DC36BB96}.Debug|Any CPU.Build.0 = Debug
		{8514E5CD-4A75-4B2E-BDD6-D6B9DC36BB96}.Debug|Mixed Platforms.ActiveCfg = Debug
		{8514E5CD-4A75-4B2E-BDD6-D6B9DC36BB96}.Debug|Mixed Platforms.Build.0 = Debug
		{8514E5CD-4A75-4B2E-BDD6-D6B9DC36BB96}.Debug|x64.ActiveCfg = Debug
		{8514E5CD-4A75-4B2E-BDD6-D6B9DC36BB96}.Debug|x64.Build.0 = Debug
		{8514E5CD-4A75-4B2E-BDD6-D6B9DC36BB96}.Debug|x86.ActiveCfg = Debug
		{8514E5CD-4A75-4B2E-BDD6-D6B9DC36BB96}.Debug|x86.Build.0 = Debug
		{8514E5CD-4A75-4B2E-BDD6-D6B9DC36BB96}.Release|Any CPU.ActiveCfg = Release
		{8514E5CD-4A75-4B2E-BDD6-D6B9DC36BB96}.Release|Mixed Platforms.ActiveCfg = Release
		{8514E5CD-4A75-4B2E-BDD6-D6B9DC36BB96}.Release|Mixed Platforms.Build.0 = Release
		{8514E5CD-4A75-4B2E-BDD6-D6B9DC36BB96}.Release|x64.ActiveCfg = Release
		{8514E5CD-4A75-4B2E-BDD6-D6B9DC36BB96}.Release|x64.Build.0 = Release
		{8514E5CD-4A75-4B2E-BDD6-D6B9DC36BB96}.Release|x86.ActiveCfg = Release
		{8514E5CD-4A75-4B2E-BDD6-D6B9DC36BB96}.Release|x86.Build.0 = Release
		{CF80C6A7-30B6-45B8-8FF2-CC3176B95239}.Debug|Any CPU.ActiveCfg = Debug|Any CPU
		{CF80C6A7-30B6-45B8-8FF2-CC3176B95239}.Debug|Any CPU.Build.0 = Debug|Any CPU
		{CF80C6A7-30B6-45B8-8FF2-CC3176B95239}.Debug|Mixed Platforms.ActiveCfg = Debug|x86
		{CF80C6A7-30B6-45B8-8FF2-CC3176B95239}.Debug|Mixed Platforms.Build.0 = Debug|x86
		{CF80C6A7-30B6-45B8-8FF2-CC3176B95239}.Debug|x64.ActiveCfg = Debug|x64
		{CF80C6A7-30B6-45B8-8FF2-CC3176B95239}.Debug|x64.Build.0 = Debug|x64
		{CF80C6A7-30B6-45B8-8FF2-CC3176B95239}.Debug|x86.ActiveCfg = Debug|x86
		{CF80C6A7-30B6-45B8-8FF2-CC3176B95239}.Debug|x86.Build.0 = Debug|x86
		{CF80C6A7-30B6-45B8-8FF2-CC3176B95239}.Release|Any CPU.ActiveCfg = Release|Any CPU
		{CF80C6A7-30B6-45B8-8FF2-CC3176B95239}.Release|Any CPU.Build.0 = Release|Any CPU
		{CF80C6A7-30B6-45B8-8FF2-CC3176B95239}.Release|Mixed Platforms.ActiveCfg = Release|x86
		{CF80C6A7-30B6-45B8-8FF2-CC3176B95239}.Release|Mixed Platforms.Build.0 = Release|x86
		{CF80C6A7-30B6-45B8-8FF2-CC3176B95239}.Release|x64.ActiveCfg = Release|x64
		{CF80C6A7-30B6-45B8-8FF2-CC3176B95239}.Release|x64.Build.0 = Release|x64
		{CF80C6A7-30B6-45B8-8FF2-CC3176B95239}.Release|x86.ActiveCfg = Release|x86
		{CF80C6A7-30B6-45B8-8FF2-CC3176B95239}.Release|x86.Build.0 = Release|x86
		{8BBD586B-EB2E-4971-AE41-91A8E68F114E}.Debug|Any CPU.ActiveCfg = Debug|Any CPU
		{8BBD586B-EB2E-4971-AE41-91A8E68F114E}.Debug|Any CPU.Build.0 = Debug|Any CPU
		{8BBD586B-EB2E-4971-AE41-91A8E68F114E}.Debug|Mixed Platforms.ActiveCfg = Debug|x64
		{8BBD586B-EB2E-4971-AE41-91A8E68F114E}.Debug|Mixed Platforms.Build.0 = Debug|x64
		{8BBD586B-EB2E-4971-AE41-91A8E68F114E}.Debug|x64.ActiveCfg = Debug|x64
		{8BBD586B-EB2E-4971-AE41-91A8E68F114E}.Debug|x64.Build.0 = Debug|x64
		{8BBD586B-EB2E-4971-AE41-91A8E68F114E}.Debug|x86.ActiveCfg = Debug|x86
		{8BBD586B-EB2E-4971-AE41-91A8E68F114E}.Debug|x86.Build.0 = Debug|x86
		{8BBD586B-EB2E-4971-AE41-91A8E68F114E}.Release|Any CPU.ActiveCfg = Release|Any CPU
		{8BBD586B-EB2E-4971-AE41-91A8E68F114E}.Release|Any CPU.Build.0 = Release|Any CPU
		{8BBD586B-EB2E-4971-AE41-91A8E68F114E}.Release|Mixed Platforms.ActiveCfg = Release|x64
		{8BBD586B-EB2E-4971-AE41-91A8E68F114E}.Release|Mixed Platforms.Build.0 = Release|x64
		{8BBD586B-EB2E-4971-AE41-91A8E68F114E}.Release|x64.ActiveCfg = Release|x64
		{8BBD586B-EB2E-4971-AE41-91A8E68F114E}.Release|x64.Build.0 = Release|x64
		{8BBD586B-EB2E-4971-AE41-91A8E68F114E}.Release|x86.ActiveCfg = Release|x86
		{8BBD586B-EB2E-4971-AE41-91A8E68F114E}.Release|x86.Build.0 = Release|x86
	EndGlobalSection
	GlobalSection(SolutionProperties) = preSolution
		HideSolutionNode = FALSE
	EndGlobalSection
EndGlobal
