
Microsoft Visual Studio Solution File, Format Version 12.00
# Visual Studio 15
VisualStudioVersion = 15.0.27703.2042
MinimumVisualStudioVersion = 10.0.40219.1
Project("{F184B08F-C81C-45F6-A57F-5ABD9991F28F}") = "Nielsen Windows Service", "Nielsen Windows Service\Nielsen Windows Service.vbproj", "{B25DE323-C548-4EA2-85B0-4C699C9D97CB}"
EndProject
Project("{54435603-DBB4-11D2-8724-00A0C9A8B90C}") = "Nielsen Services Setup", "Setups\Nielsen Services Setup\Nielsen Services Setup.vdproj", "{DBB86769-9D64-4354-AB4E-2B33EE6B124A}"
EndProject
Project("{F184B08F-C81C-45F6-A57F-5ABD9991F28F}") = "NielsenFramework", "NielsenFramework\NielsenFramework.vbproj", "{3437F063-A5AD-4162-A05E-50585C59DEF1}"
EndProject
Project("{F184B08F-C81C-45F6-A57F-5ABD9991F28F}") = "NielsenDataStore", "Nielsen Data Store\NielsenDataStore.vbproj", "{C9DA7032-6F3C-46E5-B48C-7E74464B4B64}"
EndProject
Project("{F184B08F-C81C-45F6-A57F-5ABD9991F28F}") = "AdvantageFramework.WinForm", "AdvantageFramework.WinForm\AdvantageFramework.WinForm.vbproj", "{8BBD586B-EB2E-4971-AE41-91A8E68F114E}"
EndProject
Project("{F184B08F-C81C-45F6-A57F-5ABD9991F28F}") = "AdvantageFramework", "AdvantageFramework\AdvantageFramework.vbproj", "{A5ADBD34-DC5F-45EE-AB6A-8E9122DA478D}"
EndProject
Project("{F184B08F-C81C-45F6-A57F-5ABD9991F28F}") = "AdvantageFramework.BLogic", "AdvantageFramework.BLogic\AdvantageFramework.BLogic.vbproj", "{CF80C6A7-30B6-45B8-8FF2-CC3176B95239}"
EndProject
Project("{F184B08F-C81C-45F6-A57F-5ABD9991F28F}") = "AdvantageFramework.Reporting.Reports", "AdvantageFramework.Reporting.Reports\AdvantageFramework.Reporting.Reports.vbproj", "{6115EB46-3E3D-4413-903A-618177C655AF}"
EndProject
Project("{F184B08F-C81C-45F6-A57F-5ABD9991F28F}") = "Advantage Nielsen Database Update", "Advantage Nielsen Database Update\Advantage Nielsen Database Update.vbproj", "{A959B0B0-1820-4322-9A12-732C112844A9}"
EndProject
Project("{00D1A9C2-B5F0-4AF3-8072-F6C62B433612}") = "Nielsen DB", "Nielsen DB\Nielsen DB.sqlproj", "{4B83306C-1794-46FC-8A37-F2A3280AFC60}"
EndProject
Project("{F184B08F-C81C-45F6-A57F-5ABD9991F28F}") = "Advantage Database Update", "Advantage Database Update\Advantage Database Update.vbproj", "{E4B6AE92-92A4-4481-8EA3-3507640AE3A6}"
EndProject
Project("{F184B08F-C81C-45F6-A57F-5ABD9991F28F}") = "Advantage Test Project", "Advantage Test Project\Advantage Test Project.vbproj", "{B5F82D2F-A022-4962-88F6-9B6ABCBA0CF1}"
EndProject
Project("{00D1A9C2-B5F0-4AF3-8072-F6C62B433612}") = "National Database", "National Database\National Database.sqlproj", "{1658F765-EE9B-4513-A7D1-3EAB51649ADD}"
EndProject
Project("{F184B08F-C81C-45F6-A57F-5ABD9991F28F}") = "NationalFramework", "NationalFramework\NationalFramework.vbproj", "{291BC7F9-CCB8-40A4-95BF-E51590F56547}"
EndProject
Project("{F184B08F-C81C-45F6-A57F-5ABD9991F28F}") = "NationalDataStore", "NationalDataStore\NationalDataStore.vbproj", "{0D36E561-45CC-4F6B-B00E-E9C23F15DB79}"
EndProject
Global
	GlobalSection(SolutionConfigurationPlatforms) = preSolution
		Debug|Any CPU = Debug|Any CPU
		Debug|x64 = Debug|x64
		Debug|x86 = Debug|x86
		Release|Any CPU = Release|Any CPU
		Release|x64 = Release|x64
		Release|x86 = Release|x86
	EndGlobalSection
	GlobalSection(ProjectConfigurationPlatforms) = postSolution
		{B25DE323-C548-4EA2-85B0-4C699C9D97CB}.Debug|Any CPU.ActiveCfg = Debug|Any CPU
		{B25DE323-C548-4EA2-85B0-4C699C9D97CB}.Debug|Any CPU.Build.0 = Debug|Any CPU
		{B25DE323-C548-4EA2-85B0-4C699C9D97CB}.Debug|x64.ActiveCfg = Debug|Any CPU
		{B25DE323-C548-4EA2-85B0-4C699C9D97CB}.Debug|x64.Build.0 = Debug|Any CPU
		{B25DE323-C548-4EA2-85B0-4C699C9D97CB}.Debug|x86.ActiveCfg = Debug|x86
		{B25DE323-C548-4EA2-85B0-4C699C9D97CB}.Debug|x86.Build.0 = Debug|x86
		{B25DE323-C548-4EA2-85B0-4C699C9D97CB}.Release|Any CPU.ActiveCfg = Release|Any CPU
		{B25DE323-C548-4EA2-85B0-4C699C9D97CB}.Release|Any CPU.Build.0 = Release|Any CPU
		{B25DE323-C548-4EA2-85B0-4C699C9D97CB}.Release|x64.ActiveCfg = Release|Any CPU
		{B25DE323-C548-4EA2-85B0-4C699C9D97CB}.Release|x64.Build.0 = Release|Any CPU
		{B25DE323-C548-4EA2-85B0-4C699C9D97CB}.Release|x86.ActiveCfg = Release|Any CPU
		{B25DE323-C548-4EA2-85B0-4C699C9D97CB}.Release|x86.Build.0 = Release|Any CPU
		{DBB86769-9D64-4354-AB4E-2B33EE6B124A}.Debug|Any CPU.ActiveCfg = Debug
		{DBB86769-9D64-4354-AB4E-2B33EE6B124A}.Debug|x64.ActiveCfg = Debug
		{DBB86769-9D64-4354-AB4E-2B33EE6B124A}.Debug|x86.ActiveCfg = Debug
		{DBB86769-9D64-4354-AB4E-2B33EE6B124A}.Release|Any CPU.ActiveCfg = Release
		{DBB86769-9D64-4354-AB4E-2B33EE6B124A}.Release|Any CPU.Build.0 = Release
		{DBB86769-9D64-4354-AB4E-2B33EE6B124A}.Release|x64.ActiveCfg = Release
		{DBB86769-9D64-4354-AB4E-2B33EE6B124A}.Release|x86.ActiveCfg = Release
		{3437F063-A5AD-4162-A05E-50585C59DEF1}.Debug|Any CPU.ActiveCfg = Debug|Any CPU
		{3437F063-A5AD-4162-A05E-50585C59DEF1}.Debug|Any CPU.Build.0 = Debug|Any CPU
		{3437F063-A5AD-4162-A05E-50585C59DEF1}.Debug|x64.ActiveCfg = Debug|Any CPU
		{3437F063-A5AD-4162-A05E-50585C59DEF1}.Debug|x64.Build.0 = Debug|Any CPU
		{3437F063-A5AD-4162-A05E-50585C59DEF1}.Debug|x86.ActiveCfg = Debug|x86
		{3437F063-A5AD-4162-A05E-50585C59DEF1}.Debug|x86.Build.0 = Debug|x86
		{3437F063-A5AD-4162-A05E-50585C59DEF1}.Release|Any CPU.ActiveCfg = Release|Any CPU
		{3437F063-A5AD-4162-A05E-50585C59DEF1}.Release|Any CPU.Build.0 = Release|Any CPU
		{3437F063-A5AD-4162-A05E-50585C59DEF1}.Release|x64.ActiveCfg = Release|Any CPU
		{3437F063-A5AD-4162-A05E-50585C59DEF1}.Release|x64.Build.0 = Release|Any CPU
		{3437F063-A5AD-4162-A05E-50585C59DEF1}.Release|x86.ActiveCfg = Release|Any CPU
		{3437F063-A5AD-4162-A05E-50585C59DEF1}.Release|x86.Build.0 = Release|Any CPU
		{C9DA7032-6F3C-46E5-B48C-7E74464B4B64}.Debug|Any CPU.ActiveCfg = Debug|Any CPU
		{C9DA7032-6F3C-46E5-B48C-7E74464B4B64}.Debug|Any CPU.Build.0 = Debug|Any CPU
		{C9DA7032-6F3C-46E5-B48C-7E74464B4B64}.Debug|x64.ActiveCfg = Debug|Any CPU
		{C9DA7032-6F3C-46E5-B48C-7E74464B4B64}.Debug|x64.Build.0 = Debug|Any CPU
		{C9DA7032-6F3C-46E5-B48C-7E74464B4B64}.Debug|x86.ActiveCfg = Debug|x86
		{C9DA7032-6F3C-46E5-B48C-7E74464B4B64}.Debug|x86.Build.0 = Debug|x86
		{C9DA7032-6F3C-46E5-B48C-7E74464B4B64}.Release|Any CPU.ActiveCfg = Release|Any CPU
		{C9DA7032-6F3C-46E5-B48C-7E74464B4B64}.Release|Any CPU.Build.0 = Release|Any CPU
		{C9DA7032-6F3C-46E5-B48C-7E74464B4B64}.Release|x64.ActiveCfg = Release|Any CPU
		{C9DA7032-6F3C-46E5-B48C-7E74464B4B64}.Release|x64.Build.0 = Release|Any CPU
		{C9DA7032-6F3C-46E5-B48C-7E74464B4B64}.Release|x86.ActiveCfg = Release|x86
		{C9DA7032-6F3C-46E5-B48C-7E74464B4B64}.Release|x86.Build.0 = Release|x86
		{8BBD586B-EB2E-4971-AE41-91A8E68F114E}.Debug|Any CPU.ActiveCfg = Debug|Any CPU
		{8BBD586B-EB2E-4971-AE41-91A8E68F114E}.Debug|Any CPU.Build.0 = Debug|Any CPU
		{8BBD586B-EB2E-4971-AE41-91A8E68F114E}.Debug|x64.ActiveCfg = Debug|x64
		{8BBD586B-EB2E-4971-AE41-91A8E68F114E}.Debug|x64.Build.0 = Debug|x64
		{8BBD586B-EB2E-4971-AE41-91A8E68F114E}.Debug|x86.ActiveCfg = Debug|x86
		{8BBD586B-EB2E-4971-AE41-91A8E68F114E}.Debug|x86.Build.0 = Debug|x86
		{8BBD586B-EB2E-4971-AE41-91A8E68F114E}.Release|Any CPU.ActiveCfg = Release|Any CPU
		{8BBD586B-EB2E-4971-AE41-91A8E68F114E}.Release|Any CPU.Build.0 = Release|Any CPU
		{8BBD586B-EB2E-4971-AE41-91A8E68F114E}.Release|x64.ActiveCfg = Release|x64
		{8BBD586B-EB2E-4971-AE41-91A8E68F114E}.Release|x64.Build.0 = Release|x64
		{8BBD586B-EB2E-4971-AE41-91A8E68F114E}.Release|x86.ActiveCfg = Release|x86
		{8BBD586B-EB2E-4971-AE41-91A8E68F114E}.Release|x86.Build.0 = Release|x86
		{A5ADBD34-DC5F-45EE-AB6A-8E9122DA478D}.Debug|Any CPU.ActiveCfg = Debug|Any CPU
		{A5ADBD34-DC5F-45EE-AB6A-8E9122DA478D}.Debug|Any CPU.Build.0 = Debug|Any CPU
		{A5ADBD34-DC5F-45EE-AB6A-8E9122DA478D}.Debug|x64.ActiveCfg = Debug|x64
		{A5ADBD34-DC5F-45EE-AB6A-8E9122DA478D}.Debug|x64.Build.0 = Debug|x64
		{A5ADBD34-DC5F-45EE-AB6A-8E9122DA478D}.Debug|x86.ActiveCfg = Debug|x86
		{A5ADBD34-DC5F-45EE-AB6A-8E9122DA478D}.Debug|x86.Build.0 = Debug|x86
		{A5ADBD34-DC5F-45EE-AB6A-8E9122DA478D}.Release|Any CPU.ActiveCfg = Release|Any CPU
		{A5ADBD34-DC5F-45EE-AB6A-8E9122DA478D}.Release|Any CPU.Build.0 = Release|Any CPU
		{A5ADBD34-DC5F-45EE-AB6A-8E9122DA478D}.Release|x64.ActiveCfg = Release|x64
		{A5ADBD34-DC5F-45EE-AB6A-8E9122DA478D}.Release|x64.Build.0 = Release|x64
		{A5ADBD34-DC5F-45EE-AB6A-8E9122DA478D}.Release|x86.ActiveCfg = Release|x86
		{A5ADBD34-DC5F-45EE-AB6A-8E9122DA478D}.Release|x86.Build.0 = Release|x86
		{CF80C6A7-30B6-45B8-8FF2-CC3176B95239}.Debug|Any CPU.ActiveCfg = Debug|Any CPU
		{CF80C6A7-30B6-45B8-8FF2-CC3176B95239}.Debug|Any CPU.Build.0 = Debug|Any CPU
		{CF80C6A7-30B6-45B8-8FF2-CC3176B95239}.Debug|x64.ActiveCfg = Debug|x64
		{CF80C6A7-30B6-45B8-8FF2-CC3176B95239}.Debug|x64.Build.0 = Debug|x64
		{CF80C6A7-30B6-45B8-8FF2-CC3176B95239}.Debug|x86.ActiveCfg = Debug|x86
		{CF80C6A7-30B6-45B8-8FF2-CC3176B95239}.Debug|x86.Build.0 = Debug|x86
		{CF80C6A7-30B6-45B8-8FF2-CC3176B95239}.Release|Any CPU.ActiveCfg = Release|Any CPU
		{CF80C6A7-30B6-45B8-8FF2-CC3176B95239}.Release|Any CPU.Build.0 = Release|Any CPU
		{CF80C6A7-30B6-45B8-8FF2-CC3176B95239}.Release|x64.ActiveCfg = Release|x64
		{CF80C6A7-30B6-45B8-8FF2-CC3176B95239}.Release|x64.Build.0 = Release|x64
		{CF80C6A7-30B6-45B8-8FF2-CC3176B95239}.Release|x86.ActiveCfg = Release|x86
		{CF80C6A7-30B6-45B8-8FF2-CC3176B95239}.Release|x86.Build.0 = Release|x86
		{6115EB46-3E3D-4413-903A-618177C655AF}.Debug|Any CPU.ActiveCfg = Debug|Any CPU
		{6115EB46-3E3D-4413-903A-618177C655AF}.Debug|Any CPU.Build.0 = Debug|Any CPU
		{6115EB46-3E3D-4413-903A-618177C655AF}.Debug|x64.ActiveCfg = Debug|x64
		{6115EB46-3E3D-4413-903A-618177C655AF}.Debug|x64.Build.0 = Debug|x64
		{6115EB46-3E3D-4413-903A-618177C655AF}.Debug|x86.ActiveCfg = Debug|x86
		{6115EB46-3E3D-4413-903A-618177C655AF}.Debug|x86.Build.0 = Debug|x86
		{6115EB46-3E3D-4413-903A-618177C655AF}.Release|Any CPU.ActiveCfg = Release|Any CPU
		{6115EB46-3E3D-4413-903A-618177C655AF}.Release|Any CPU.Build.0 = Release|Any CPU
		{6115EB46-3E3D-4413-903A-618177C655AF}.Release|x64.ActiveCfg = Release|x64
		{6115EB46-3E3D-4413-903A-618177C655AF}.Release|x64.Build.0 = Release|x64
		{6115EB46-3E3D-4413-903A-618177C655AF}.Release|x86.ActiveCfg = Release|x86
		{6115EB46-3E3D-4413-903A-618177C655AF}.Release|x86.Build.0 = Release|x86
		{A959B0B0-1820-4322-9A12-732C112844A9}.Debug|Any CPU.ActiveCfg = Debug|Any CPU
		{A959B0B0-1820-4322-9A12-732C112844A9}.Debug|Any CPU.Build.0 = Debug|Any CPU
		{A959B0B0-1820-4322-9A12-732C112844A9}.Debug|x64.ActiveCfg = Debug|Any CPU
		{A959B0B0-1820-4322-9A12-732C112844A9}.Debug|x64.Build.0 = Debug|Any CPU
		{A959B0B0-1820-4322-9A12-732C112844A9}.Debug|x86.ActiveCfg = Debug|x86
		{A959B0B0-1820-4322-9A12-732C112844A9}.Debug|x86.Build.0 = Debug|x86
		{A959B0B0-1820-4322-9A12-732C112844A9}.Release|Any CPU.ActiveCfg = Release|Any CPU
		{A959B0B0-1820-4322-9A12-732C112844A9}.Release|x64.ActiveCfg = Release|Any CPU
		{A959B0B0-1820-4322-9A12-732C112844A9}.Release|x64.Build.0 = Release|Any CPU
		{A959B0B0-1820-4322-9A12-732C112844A9}.Release|x86.ActiveCfg = Release|x86
		{A959B0B0-1820-4322-9A12-732C112844A9}.Release|x86.Build.0 = Release|x86
		{4B83306C-1794-46FC-8A37-F2A3280AFC60}.Debug|Any CPU.ActiveCfg = Debug|Any CPU
		{4B83306C-1794-46FC-8A37-F2A3280AFC60}.Debug|Any CPU.Build.0 = Debug|Any CPU
		{4B83306C-1794-46FC-8A37-F2A3280AFC60}.Debug|Any CPU.Deploy.0 = Debug|Any CPU
		{4B83306C-1794-46FC-8A37-F2A3280AFC60}.Debug|x64.ActiveCfg = Debug|Any CPU
		{4B83306C-1794-46FC-8A37-F2A3280AFC60}.Debug|x64.Build.0 = Debug|Any CPU
		{4B83306C-1794-46FC-8A37-F2A3280AFC60}.Debug|x64.Deploy.0 = Debug|Any CPU
		{4B83306C-1794-46FC-8A37-F2A3280AFC60}.Debug|x86.ActiveCfg = Debug|Any CPU
		{4B83306C-1794-46FC-8A37-F2A3280AFC60}.Debug|x86.Build.0 = Debug|Any CPU
		{4B83306C-1794-46FC-8A37-F2A3280AFC60}.Debug|x86.Deploy.0 = Debug|Any CPU
		{4B83306C-1794-46FC-8A37-F2A3280AFC60}.Release|Any CPU.ActiveCfg = Release|Any CPU
		{4B83306C-1794-46FC-8A37-F2A3280AFC60}.Release|x64.ActiveCfg = Release|Any CPU
		{4B83306C-1794-46FC-8A37-F2A3280AFC60}.Release|x64.Build.0 = Release|Any CPU
		{4B83306C-1794-46FC-8A37-F2A3280AFC60}.Release|x64.Deploy.0 = Release|Any CPU
		{4B83306C-1794-46FC-8A37-F2A3280AFC60}.Release|x86.ActiveCfg = Release|Any CPU
		{4B83306C-1794-46FC-8A37-F2A3280AFC60}.Release|x86.Build.0 = Release|Any CPU
		{4B83306C-1794-46FC-8A37-F2A3280AFC60}.Release|x86.Deploy.0 = Release|Any CPU
		{E4B6AE92-92A4-4481-8EA3-3507640AE3A6}.Debug|Any CPU.ActiveCfg = Debug|Any CPU
		{E4B6AE92-92A4-4481-8EA3-3507640AE3A6}.Debug|Any CPU.Build.0 = Debug|Any CPU
		{E4B6AE92-92A4-4481-8EA3-3507640AE3A6}.Debug|x64.ActiveCfg = Debug|x64
		{E4B6AE92-92A4-4481-8EA3-3507640AE3A6}.Debug|x64.Build.0 = Debug|x64
		{E4B6AE92-92A4-4481-8EA3-3507640AE3A6}.Debug|x86.ActiveCfg = Debug|x86
		{E4B6AE92-92A4-4481-8EA3-3507640AE3A6}.Debug|x86.Build.0 = Debug|x86
		{E4B6AE92-92A4-4481-8EA3-3507640AE3A6}.Release|Any CPU.ActiveCfg = Release|Any CPU
		{E4B6AE92-92A4-4481-8EA3-3507640AE3A6}.Release|x64.ActiveCfg = Release|x64
		{E4B6AE92-92A4-4481-8EA3-3507640AE3A6}.Release|x64.Build.0 = Release|x64
		{E4B6AE92-92A4-4481-8EA3-3507640AE3A6}.Release|x86.ActiveCfg = Release|x86
		{E4B6AE92-92A4-4481-8EA3-3507640AE3A6}.Release|x86.Build.0 = Release|x86
		{B5F82D2F-A022-4962-88F6-9B6ABCBA0CF1}.Debug|Any CPU.ActiveCfg = Debug|Any CPU
		{B5F82D2F-A022-4962-88F6-9B6ABCBA0CF1}.Debug|Any CPU.Build.0 = Debug|Any CPU
		{B5F82D2F-A022-4962-88F6-9B6ABCBA0CF1}.Debug|x64.ActiveCfg = Debug|x64
		{B5F82D2F-A022-4962-88F6-9B6ABCBA0CF1}.Debug|x64.Build.0 = Debug|x64
		{B5F82D2F-A022-4962-88F6-9B6ABCBA0CF1}.Debug|x86.ActiveCfg = Debug|x86
		{B5F82D2F-A022-4962-88F6-9B6ABCBA0CF1}.Debug|x86.Build.0 = Debug|x86
		{B5F82D2F-A022-4962-88F6-9B6ABCBA0CF1}.Release|Any CPU.ActiveCfg = Release|Any CPU
		{B5F82D2F-A022-4962-88F6-9B6ABCBA0CF1}.Release|x64.ActiveCfg = Release|x64
		{B5F82D2F-A022-4962-88F6-9B6ABCBA0CF1}.Release|x64.Build.0 = Release|x64
		{B5F82D2F-A022-4962-88F6-9B6ABCBA0CF1}.Release|x86.ActiveCfg = Release|x86
		{B5F82D2F-A022-4962-88F6-9B6ABCBA0CF1}.Release|x86.Build.0 = Release|x86
		{1658F765-EE9B-4513-A7D1-3EAB51649ADD}.Debug|Any CPU.ActiveCfg = Debug|Any CPU
		{1658F765-EE9B-4513-A7D1-3EAB51649ADD}.Debug|Any CPU.Build.0 = Debug|Any CPU
		{1658F765-EE9B-4513-A7D1-3EAB51649ADD}.Debug|Any CPU.Deploy.0 = Debug|Any CPU
		{1658F765-EE9B-4513-A7D1-3EAB51649ADD}.Debug|x64.ActiveCfg = Debug|Any CPU
		{1658F765-EE9B-4513-A7D1-3EAB51649ADD}.Debug|x64.Build.0 = Debug|Any CPU
		{1658F765-EE9B-4513-A7D1-3EAB51649ADD}.Debug|x64.Deploy.0 = Debug|Any CPU
		{1658F765-EE9B-4513-A7D1-3EAB51649ADD}.Debug|x86.ActiveCfg = Debug|Any CPU
		{1658F765-EE9B-4513-A7D1-3EAB51649ADD}.Debug|x86.Build.0 = Debug|Any CPU
		{1658F765-EE9B-4513-A7D1-3EAB51649ADD}.Debug|x86.Deploy.0 = Debug|Any CPU
		{1658F765-EE9B-4513-A7D1-3EAB51649ADD}.Release|Any CPU.ActiveCfg = Release|Any CPU
		{1658F765-EE9B-4513-A7D1-3EAB51649ADD}.Release|Any CPU.Build.0 = Release|Any CPU
		{1658F765-EE9B-4513-A7D1-3EAB51649ADD}.Release|Any CPU.Deploy.0 = Release|Any CPU
		{1658F765-EE9B-4513-A7D1-3EAB51649ADD}.Release|x64.ActiveCfg = Release|Any CPU
		{1658F765-EE9B-4513-A7D1-3EAB51649ADD}.Release|x64.Build.0 = Release|Any CPU
		{1658F765-EE9B-4513-A7D1-3EAB51649ADD}.Release|x64.Deploy.0 = Release|Any CPU
		{1658F765-EE9B-4513-A7D1-3EAB51649ADD}.Release|x86.ActiveCfg = Release|Any CPU
		{1658F765-EE9B-4513-A7D1-3EAB51649ADD}.Release|x86.Build.0 = Release|Any CPU
		{1658F765-EE9B-4513-A7D1-3EAB51649ADD}.Release|x86.Deploy.0 = Release|Any CPU
		{291BC7F9-CCB8-40A4-95BF-E51590F56547}.Debug|Any CPU.ActiveCfg = Debug|Any CPU
		{291BC7F9-CCB8-40A4-95BF-E51590F56547}.Debug|Any CPU.Build.0 = Debug|Any CPU
		{291BC7F9-CCB8-40A4-95BF-E51590F56547}.Debug|x64.ActiveCfg = Debug|Any CPU
		{291BC7F9-CCB8-40A4-95BF-E51590F56547}.Debug|x64.Build.0 = Debug|Any CPU
		{291BC7F9-CCB8-40A4-95BF-E51590F56547}.Debug|x86.ActiveCfg = Debug|Any CPU
		{291BC7F9-CCB8-40A4-95BF-E51590F56547}.Debug|x86.Build.0 = Debug|Any CPU
		{291BC7F9-CCB8-40A4-95BF-E51590F56547}.Release|Any CPU.ActiveCfg = Release|Any CPU
		{291BC7F9-CCB8-40A4-95BF-E51590F56547}.Release|Any CPU.Build.0 = Release|Any CPU
		{291BC7F9-CCB8-40A4-95BF-E51590F56547}.Release|x64.ActiveCfg = Release|Any CPU
		{291BC7F9-CCB8-40A4-95BF-E51590F56547}.Release|x64.Build.0 = Release|Any CPU
		{291BC7F9-CCB8-40A4-95BF-E51590F56547}.Release|x86.ActiveCfg = Release|Any CPU
		{291BC7F9-CCB8-40A4-95BF-E51590F56547}.Release|x86.Build.0 = Release|Any CPU
		{0D36E561-45CC-4F6B-B00E-E9C23F15DB79}.Debug|Any CPU.ActiveCfg = Debug|Any CPU
		{0D36E561-45CC-4F6B-B00E-E9C23F15DB79}.Debug|Any CPU.Build.0 = Debug|Any CPU
		{0D36E561-45CC-4F6B-B00E-E9C23F15DB79}.Debug|x64.ActiveCfg = Debug|Any CPU
		{0D36E561-45CC-4F6B-B00E-E9C23F15DB79}.Debug|x64.Build.0 = Debug|Any CPU
		{0D36E561-45CC-4F6B-B00E-E9C23F15DB79}.Debug|x86.ActiveCfg = Debug|Any CPU
		{0D36E561-45CC-4F6B-B00E-E9C23F15DB79}.Debug|x86.Build.0 = Debug|Any CPU
		{0D36E561-45CC-4F6B-B00E-E9C23F15DB79}.Release|Any CPU.ActiveCfg = Release|Any CPU
		{0D36E561-45CC-4F6B-B00E-E9C23F15DB79}.Release|Any CPU.Build.0 = Release|Any CPU
		{0D36E561-45CC-4F6B-B00E-E9C23F15DB79}.Release|x64.ActiveCfg = Release|Any CPU
		{0D36E561-45CC-4F6B-B00E-E9C23F15DB79}.Release|x64.Build.0 = Release|Any CPU
		{0D36E561-45CC-4F6B-B00E-E9C23F15DB79}.Release|x86.ActiveCfg = Release|Any CPU
		{0D36E561-45CC-4F6B-B00E-E9C23F15DB79}.Release|x86.Build.0 = Release|Any CPU
	EndGlobalSection
	GlobalSection(SolutionProperties) = preSolution
		HideSolutionNode = FALSE
	EndGlobalSection
	GlobalSection(ExtensibilityGlobals) = postSolution
		SolutionGuid = {07367B1B-7B4F-4DFC-98ED-2CCA5861D0A1}
	EndGlobalSection
	GlobalSection(TeamFoundationVersionControl) = preSolution
		SccNumberOfProjects = 16
		SccEnterpriseProvider = {4CA58AB2-18FA-4F8D-95D4-32DDF27D184C}
		SccTeamFoundationServer = http://tasc-code.gotoadvantage.com:8080/tfs/advantage
		SccLocalPath0 = .
		SccProjectUniqueName1 = Setups\\Nielsen\u0020Services\u0020Setup\\Nielsen\u0020Services\u0020Setup.vdproj
		SccProjectName1 = Setups/Nielsen\u0020Services\u0020Setup
		SccLocalPath1 = Setups\\Nielsen\u0020Services\u0020Setup
		SccProjectUniqueName2 = Nielsen\u0020Windows\u0020Service\\Nielsen\u0020Windows\u0020Service.vbproj
		SccProjectName2 = Nielsen\u0020Windows\u0020Service
		SccLocalPath2 = Nielsen\u0020Windows\u0020Service
		SccProjectUniqueName3 = NielsenFramework\\NielsenFramework.vbproj
		SccProjectName3 = NielsenFramework
		SccLocalPath3 = NielsenFramework
		SccProjectUniqueName4 = Nielsen\u0020Data\u0020Store\\NielsenDataStore.vbproj
		SccProjectName4 = Nielsen\u0020Data\u0020Store
		SccLocalPath4 = Nielsen\u0020Data\u0020Store
		SccProjectUniqueName5 = AdvantageFramework.WinForm\\AdvantageFramework.WinForm.vbproj
		SccProjectName5 = AdvantageFramework.WinForm
		SccLocalPath5 = AdvantageFramework.WinForm
		SccProjectUniqueName6 = AdvantageFramework\\AdvantageFramework.vbproj
		SccProjectName6 = AdvantageFramework
		SccLocalPath6 = AdvantageFramework
		SccProjectUniqueName7 = AdvantageFramework.BLogic\\AdvantageFramework.BLogic.vbproj
		SccProjectName7 = AdvantageFramework.BLogic
		SccLocalPath7 = AdvantageFramework.BLogic
		SccProjectUniqueName8 = AdvantageFramework.Reporting.Reports\\AdvantageFramework.Reporting.Reports.vbproj
		SccProjectName8 = AdvantageFramework.Reporting.Reports
		SccLocalPath8 = AdvantageFramework.Reporting.Reports
		SccProjectUniqueName9 = Nielsen\u0020DB\\Nielsen\u0020DB.sqlproj
		SccProjectName9 = Nielsen\u0020DB
		SccLocalPath9 = Nielsen\u0020DB
		SccProjectUniqueName10 = Advantage\u0020Nielsen\u0020Database\u0020Update\\Advantage\u0020Nielsen\u0020Database\u0020Update.vbproj
		SccProjectName10 = Advantage\u0020Nielsen\u0020Database\u0020Update
		SccLocalPath10 = Advantage\u0020Nielsen\u0020Database\u0020Update
		SccProjectUniqueName11 = Advantage\u0020Database\u0020Update\\Advantage\u0020Database\u0020Update.vbproj
		SccProjectName11 = Advantage\u0020Database\u0020Update
		SccLocalPath11 = Advantage\u0020Database\u0020Update
		SccProjectUniqueName12 = Advantage\u0020Test\u0020Project\\Advantage\u0020Test\u0020Project.vbproj
		SccProjectName12 = Advantage\u0020Test\u0020Project
		SccLocalPath12 = Advantage\u0020Test\u0020Project
		SccProjectUniqueName13 = National\u0020Database\\National\u0020Database.sqlproj
		SccProjectName13 = National\u0020Database
		SccLocalPath13 = National\u0020Database
		SccProjectUniqueName14 = NationalFramework\\NationalFramework.vbproj
		SccProjectName14 = NationalFramework
		SccLocalPath14 = NationalFramework
		SccProjectUniqueName15 = NationalDataStore\\NationalDataStore.vbproj
		SccProjectName15 = NationalDataStore
		SccLocalPath15 = NationalDataStore
	EndGlobalSection
EndGlobal
