
Microsoft Visual Studio Solution File, Format Version 12.00
# Visual Studio Version 16
VisualStudioVersion = 16.0.30320.27
MinimumVisualStudioVersion = 10.0.40219.1
Project("{9A19103F-16F7-4668-BE54-9A1E7A4F7556}") = "Webvantage.Angular", "Webvantage.Angular\Webvantage.Angular.csproj", "{02FCFFA0-59B2-4287-99AC-C6AAE7F5E6A9}"
EndProject
Project("{9A19103F-16F7-4668-BE54-9A1E7A4F7556}") = "AdvantageFramework.Core", "AdvantageFramework.Core\AdvantageFramework.Core.csproj", "{23B53BD4-FCCF-4B65-BCD2-4ED65EF90C68}"
EndProject
Project("{9A19103F-16F7-4668-BE54-9A1E7A4F7556}") = "AdvantageFramework.Core.BLogic", "AdvantageFramework.Core.BLogic\AdvantageFramework.Core.BLogic.csproj", "{1E390FBE-6476-4052-8B36-963D0E47D6DA}"
EndProject
Project("{F184B08F-C81C-45F6-A57F-5ABD9991F28F}") = "Proofing.Configurator", "Webvantage.Angular.Configurator\Proofing.Configurator.vbproj", "{95FDC98D-DACB-468D-80A8-9AD3657E2EF3}"
EndProject
Global
	GlobalSection(SolutionConfigurationPlatforms) = preSolution
		Base|Any CPU = Base|Any CPU
		Base|x64 = Base|x64
		Base|x86 = Base|x86
		Debug|Any CPU = Debug|Any CPU
		Debug|x64 = Debug|x64
		Debug|x86 = Debug|x86
		Release|Any CPU = Release|Any CPU
		Release|x64 = Release|x64
		Release|x86 = Release|x86
	EndGlobalSection
	GlobalSection(ProjectConfigurationPlatforms) = postSolution
		{02FCFFA0-59B2-4287-99AC-C6AAE7F5E6A9}.Base|Any CPU.ActiveCfg = Base|Any CPU
		{02FCFFA0-59B2-4287-99AC-C6AAE7F5E6A9}.Base|Any CPU.Build.0 = Base|Any CPU
		{02FCFFA0-59B2-4287-99AC-C6AAE7F5E6A9}.Base|x64.ActiveCfg = Base|Any CPU
		{02FCFFA0-59B2-4287-99AC-C6AAE7F5E6A9}.Base|x64.Build.0 = Base|Any CPU
		{02FCFFA0-59B2-4287-99AC-C6AAE7F5E6A9}.Base|x86.ActiveCfg = Base|Any CPU
		{02FCFFA0-59B2-4287-99AC-C6AAE7F5E6A9}.Base|x86.Build.0 = Base|Any CPU
		{02FCFFA0-59B2-4287-99AC-C6AAE7F5E6A9}.Debug|Any CPU.ActiveCfg = Debug|Any CPU
		{02FCFFA0-59B2-4287-99AC-C6AAE7F5E6A9}.Debug|Any CPU.Build.0 = Debug|Any CPU
		{02FCFFA0-59B2-4287-99AC-C6AAE7F5E6A9}.Debug|x64.ActiveCfg = Debug|Any CPU
		{02FCFFA0-59B2-4287-99AC-C6AAE7F5E6A9}.Debug|x64.Build.0 = Debug|Any CPU
		{02FCFFA0-59B2-4287-99AC-C6AAE7F5E6A9}.Debug|x86.ActiveCfg = Debug|Any CPU
		{02FCFFA0-59B2-4287-99AC-C6AAE7F5E6A9}.Debug|x86.Build.0 = Debug|Any CPU
		{02FCFFA0-59B2-4287-99AC-C6AAE7F5E6A9}.Release|Any CPU.ActiveCfg = Release|Any CPU
		{02FCFFA0-59B2-4287-99AC-C6AAE7F5E6A9}.Release|Any CPU.Build.0 = Release|Any CPU
		{02FCFFA0-59B2-4287-99AC-C6AAE7F5E6A9}.Release|x64.ActiveCfg = Release|Any CPU
		{02FCFFA0-59B2-4287-99AC-C6AAE7F5E6A9}.Release|x64.Build.0 = Release|Any CPU
		{02FCFFA0-59B2-4287-99AC-C6AAE7F5E6A9}.Release|x86.ActiveCfg = Release|Any CPU
		{02FCFFA0-59B2-4287-99AC-C6AAE7F5E6A9}.Release|x86.Build.0 = Release|Any CPU
		{23B53BD4-FCCF-4B65-BCD2-4ED65EF90C68}.Base|Any CPU.ActiveCfg = Base|Any CPU
		{23B53BD4-FCCF-4B65-BCD2-4ED65EF90C68}.Base|Any CPU.Build.0 = Base|Any CPU
		{23B53BD4-FCCF-4B65-BCD2-4ED65EF90C68}.Base|x64.ActiveCfg = Base|Any CPU
		{23B53BD4-FCCF-4B65-BCD2-4ED65EF90C68}.Base|x64.Build.0 = Base|Any CPU
		{23B53BD4-FCCF-4B65-BCD2-4ED65EF90C68}.Base|x86.ActiveCfg = Base|Any CPU
		{23B53BD4-FCCF-4B65-BCD2-4ED65EF90C68}.Base|x86.Build.0 = Base|Any CPU
		{23B53BD4-FCCF-4B65-BCD2-4ED65EF90C68}.Debug|Any CPU.ActiveCfg = Debug|Any CPU
		{23B53BD4-FCCF-4B65-BCD2-4ED65EF90C68}.Debug|Any CPU.Build.0 = Debug|Any CPU
		{23B53BD4-FCCF-4B65-BCD2-4ED65EF90C68}.Debug|x64.ActiveCfg = Debug|Any CPU
		{23B53BD4-FCCF-4B65-BCD2-4ED65EF90C68}.Debug|x64.Build.0 = Debug|Any CPU
		{23B53BD4-FCCF-4B65-BCD2-4ED65EF90C68}.Debug|x86.ActiveCfg = Debug|Any CPU
		{23B53BD4-FCCF-4B65-BCD2-4ED65EF90C68}.Debug|x86.Build.0 = Debug|Any CPU
		{23B53BD4-FCCF-4B65-BCD2-4ED65EF90C68}.Release|Any CPU.ActiveCfg = Release|Any CPU
		{23B53BD4-FCCF-4B65-BCD2-4ED65EF90C68}.Release|Any CPU.Build.0 = Release|Any CPU
		{23B53BD4-FCCF-4B65-BCD2-4ED65EF90C68}.Release|x64.ActiveCfg = Release|Any CPU
		{23B53BD4-FCCF-4B65-BCD2-4ED65EF90C68}.Release|x64.Build.0 = Release|Any CPU
		{23B53BD4-FCCF-4B65-BCD2-4ED65EF90C68}.Release|x86.ActiveCfg = Release|Any CPU
		{23B53BD4-FCCF-4B65-BCD2-4ED65EF90C68}.Release|x86.Build.0 = Release|Any CPU
		{1E390FBE-6476-4052-8B36-963D0E47D6DA}.Base|Any CPU.ActiveCfg = Base|Any CPU
		{1E390FBE-6476-4052-8B36-963D0E47D6DA}.Base|Any CPU.Build.0 = Base|Any CPU
		{1E390FBE-6476-4052-8B36-963D0E47D6DA}.Base|x64.ActiveCfg = Base|Any CPU
		{1E390FBE-6476-4052-8B36-963D0E47D6DA}.Base|x64.Build.0 = Base|Any CPU
		{1E390FBE-6476-4052-8B36-963D0E47D6DA}.Base|x86.ActiveCfg = Base|Any CPU
		{1E390FBE-6476-4052-8B36-963D0E47D6DA}.Base|x86.Build.0 = Base|Any CPU
		{1E390FBE-6476-4052-8B36-963D0E47D6DA}.Debug|Any CPU.ActiveCfg = Debug|Any CPU
		{1E390FBE-6476-4052-8B36-963D0E47D6DA}.Debug|Any CPU.Build.0 = Debug|Any CPU
		{1E390FBE-6476-4052-8B36-963D0E47D6DA}.Debug|x64.ActiveCfg = Debug|Any CPU
		{1E390FBE-6476-4052-8B36-963D0E47D6DA}.Debug|x64.Build.0 = Debug|Any CPU
		{1E390FBE-6476-4052-8B36-963D0E47D6DA}.Debug|x86.ActiveCfg = Debug|Any CPU
		{1E390FBE-6476-4052-8B36-963D0E47D6DA}.Debug|x86.Build.0 = Debug|Any CPU
		{1E390FBE-6476-4052-8B36-963D0E47D6DA}.Release|Any CPU.ActiveCfg = Release|Any CPU
		{1E390FBE-6476-4052-8B36-963D0E47D6DA}.Release|Any CPU.Build.0 = Release|Any CPU
		{1E390FBE-6476-4052-8B36-963D0E47D6DA}.Release|x64.ActiveCfg = Release|Any CPU
		{1E390FBE-6476-4052-8B36-963D0E47D6DA}.Release|x64.Build.0 = Release|Any CPU
		{1E390FBE-6476-4052-8B36-963D0E47D6DA}.Release|x86.ActiveCfg = Release|Any CPU
		{1E390FBE-6476-4052-8B36-963D0E47D6DA}.Release|x86.Build.0 = Release|Any CPU
		{95FDC98D-DACB-468D-80A8-9AD3657E2EF3}.Base|Any CPU.ActiveCfg = Debug|Any CPU
		{95FDC98D-DACB-468D-80A8-9AD3657E2EF3}.Base|Any CPU.Build.0 = Debug|Any CPU
		{95FDC98D-DACB-468D-80A8-9AD3657E2EF3}.Base|x64.ActiveCfg = Debug|Any CPU
		{95FDC98D-DACB-468D-80A8-9AD3657E2EF3}.Base|x64.Build.0 = Debug|Any CPU
		{95FDC98D-DACB-468D-80A8-9AD3657E2EF3}.Base|x86.ActiveCfg = Debug|Any CPU
		{95FDC98D-DACB-468D-80A8-9AD3657E2EF3}.Base|x86.Build.0 = Debug|Any CPU
		{95FDC98D-DACB-468D-80A8-9AD3657E2EF3}.Debug|Any CPU.ActiveCfg = Debug|Any CPU
		{95FDC98D-DACB-468D-80A8-9AD3657E2EF3}.Debug|Any CPU.Build.0 = Debug|Any CPU
		{95FDC98D-DACB-468D-80A8-9AD3657E2EF3}.Debug|x64.ActiveCfg = Debug|Any CPU
		{95FDC98D-DACB-468D-80A8-9AD3657E2EF3}.Debug|x64.Build.0 = Debug|Any CPU
		{95FDC98D-DACB-468D-80A8-9AD3657E2EF3}.Debug|x86.ActiveCfg = Debug|Any CPU
		{95FDC98D-DACB-468D-80A8-9AD3657E2EF3}.Debug|x86.Build.0 = Debug|Any CPU
		{95FDC98D-DACB-468D-80A8-9AD3657E2EF3}.Release|Any CPU.ActiveCfg = Release|Any CPU
		{95FDC98D-DACB-468D-80A8-9AD3657E2EF3}.Release|Any CPU.Build.0 = Release|Any CPU
		{95FDC98D-DACB-468D-80A8-9AD3657E2EF3}.Release|x64.ActiveCfg = Release|Any CPU
		{95FDC98D-DACB-468D-80A8-9AD3657E2EF3}.Release|x64.Build.0 = Release|Any CPU
		{95FDC98D-DACB-468D-80A8-9AD3657E2EF3}.Release|x86.ActiveCfg = Release|Any CPU
		{95FDC98D-DACB-468D-80A8-9AD3657E2EF3}.Release|x86.Build.0 = Release|Any CPU
	EndGlobalSection
	GlobalSection(SolutionProperties) = preSolution
		HideSolutionNode = FALSE
	EndGlobalSection
	GlobalSection(ExtensibilityGlobals) = postSolution
		SolutionGuid = {C7AF89A1-5B74-4F0B-9AA7-F3BC4DFD72D7}
	EndGlobalSection
EndGlobal
