
Microsoft Visual Studio Solution File, Format Version 12.00
# Visual Studio Version 17
VisualStudioVersion = 17.0.31612.314
MinimumVisualStudioVersion = 10.0.40219.1
Project("{F184B08F-C81C-45F6-A57F-5ABD9991F28F}") = "Webvantage", "Webvantage\Webvantage\Webvantage.vbproj", "{CE8A2210-DC00-4858-9936-91F0D42AB486}"
	ProjectSection(ProjectDependencies) = postProject
		{A5ADBD34-DC5F-45EE-AB6A-8E9122DA478D} = {A5ADBD34-DC5F-45EE-AB6A-8E9122DA478D}
		{6115EB46-3E3D-4413-903A-618177C655AF} = {6115EB46-3E3D-4413-903A-618177C655AF}
		{6737C74B-2B68-4280-A1F8-3BB04CD37435} = {6737C74B-2B68-4280-A1F8-3BB04CD37435}
		{AB88A898-E70A-4A0A-879A-6C91168F7B4B} = {AB88A898-E70A-4A0A-879A-6C91168F7B4B}
		{2854ABA2-CE90-406B-8041-C9B84D2F97B6} = {2854ABA2-CE90-406B-8041-C9B84D2F97B6}
		{CF80C6A7-30B6-45B8-8FF2-CC3176B95239} = {CF80C6A7-30B6-45B8-8FF2-CC3176B95239}
	EndProjectSection
EndProject
Project("{F184B08F-C81C-45F6-A57F-5ABD9991F28F}") = "ActiveReportsAssembly", "Webvantage\ActiveReportsAssembly\ActiveReportsAssembly.vbproj", "{6737C74B-2B68-4280-A1F8-3BB04CD37435}"
EndProject
Project("{F184B08F-C81C-45F6-A57F-5ABD9991F28F}") = "AdvantageFramework", "AdvantageFramework\AdvantageFramework.vbproj", "{A5ADBD34-DC5F-45EE-AB6A-8E9122DA478D}"
EndProject
Project("{F184B08F-C81C-45F6-A57F-5ABD9991F28F}") = "AdvantageFramework.BLogic", "AdvantageFramework.BLogic\AdvantageFramework.BLogic.vbproj", "{CF80C6A7-30B6-45B8-8FF2-CC3176B95239}"
EndProject
Project("{F184B08F-C81C-45F6-A57F-5ABD9991F28F}") = "AdvantageFramework.Reporting.Reports", "AdvantageFramework.Reporting.Reports\AdvantageFramework.Reporting.Reports.vbproj", "{6115EB46-3E3D-4413-903A-618177C655AF}"
EndProject
Project("{F184B08F-C81C-45F6-A57F-5ABD9991F28F}") = "AdvantageFramework.Web", "AdvantageFramework.Web\AdvantageFramework.Web.vbproj", "{2854ABA2-CE90-406B-8041-C9B84D2F97B6}"
EndProject
Project("{F184B08F-C81C-45F6-A57F-5ABD9991F28F}") = "AdvantageFramework.GoogleServices", "AdvantageFramework.GoogleServices\AdvantageFramework.GoogleServices.vbproj", "{AB88A898-E70A-4A0A-879A-6C91168F7B4B}"
EndProject
Project("{00D1A9C2-B5F0-4AF3-8072-F6C62B433612}") = "Advantage Database", "Advantage Database\Advantage Database.sqlproj", "{D544D66B-22F6-4A80-80C4-49883EF306F6}"
EndProject
Project("{F184B08F-C81C-45F6-A57F-5ABD9991F28F}") = "Advantage Database Update", "Advantage Database Update\Advantage Database Update.vbproj", "{E4B6AE92-92A4-4481-8EA3-3507640AE3A6}"
EndProject
Project("{F184B08F-C81C-45F6-A57F-5ABD9991F28F}") = "AdvantageFramework.WinForm", "AdvantageFramework.WinForm\AdvantageFramework.WinForm.vbproj", "{8BBD586B-EB2E-4971-AE41-91A8E68F114E}"
EndProject
Project("{F184B08F-C81C-45F6-A57F-5ABD9991F28F}") = "Webvantage Configurator", "Webvantage Configurator\Webvantage Configurator.vbproj", "{35ED4F15-27C1-453B-88F9-0F313798DE04}"
EndProject
Global
	GlobalSection(SolutionConfigurationPlatforms) = preSolution
		Debug|Any CPU = Debug|Any CPU
		Debug|x64 = Debug|x64
		Debug|x86 = Debug|x86
		Release|Any CPU = Release|Any CPU
		Release|x64 = Release|x64
		Release|x86 = Release|x86
	EndGlobalSection
	GlobalSection(ProjectConfigurationPlatforms) = postSolution
		{CE8A2210-DC00-4858-9936-91F0D42AB486}.Debug|Any CPU.ActiveCfg = Debug|Any CPU
		{CE8A2210-DC00-4858-9936-91F0D42AB486}.Debug|Any CPU.Build.0 = Debug|Any CPU
		{CE8A2210-DC00-4858-9936-91F0D42AB486}.Debug|x64.ActiveCfg = Debug|x64
		{CE8A2210-DC00-4858-9936-91F0D42AB486}.Debug|x64.Build.0 = Debug|x64
		{CE8A2210-DC00-4858-9936-91F0D42AB486}.Debug|x86.ActiveCfg = Debug|x86
		{CE8A2210-DC00-4858-9936-91F0D42AB486}.Debug|x86.Build.0 = Debug|x86
		{CE8A2210-DC00-4858-9936-91F0D42AB486}.Release|Any CPU.ActiveCfg = Release|Any CPU
		{CE8A2210-DC00-4858-9936-91F0D42AB486}.Release|Any CPU.Build.0 = Release|Any CPU
		{CE8A2210-DC00-4858-9936-91F0D42AB486}.Release|x64.ActiveCfg = Release|x64
		{CE8A2210-DC00-4858-9936-91F0D42AB486}.Release|x64.Build.0 = Release|x64
		{CE8A2210-DC00-4858-9936-91F0D42AB486}.Release|x86.ActiveCfg = Release|x86
		{CE8A2210-DC00-4858-9936-91F0D42AB486}.Release|x86.Build.0 = Release|x86
		{6737C74B-2B68-4280-A1F8-3BB04CD37435}.Debug|Any CPU.ActiveCfg = Debug|Any CPU
		{6737C74B-2B68-4280-A1F8-3BB04CD37435}.Debug|Any CPU.Build.0 = Debug|Any CPU
		{6737C74B-2B68-4280-A1F8-3BB04CD37435}.Debug|x64.ActiveCfg = Debug|x64
		{6737C74B-2B68-4280-A1F8-3BB04CD37435}.Debug|x64.Build.0 = Debug|x64
		{6737C74B-2B68-4280-A1F8-3BB04CD37435}.Debug|x86.ActiveCfg = Debug|x86
		{6737C74B-2B68-4280-A1F8-3BB04CD37435}.Debug|x86.Build.0 = Debug|x86
		{6737C74B-2B68-4280-A1F8-3BB04CD37435}.Release|Any CPU.ActiveCfg = Release|Any CPU
		{6737C74B-2B68-4280-A1F8-3BB04CD37435}.Release|Any CPU.Build.0 = Release|Any CPU
		{6737C74B-2B68-4280-A1F8-3BB04CD37435}.Release|x64.ActiveCfg = Release|x64
		{6737C74B-2B68-4280-A1F8-3BB04CD37435}.Release|x64.Build.0 = Release|x64
		{6737C74B-2B68-4280-A1F8-3BB04CD37435}.Release|x86.ActiveCfg = Release|x86
		{6737C74B-2B68-4280-A1F8-3BB04CD37435}.Release|x86.Build.0 = Release|x86
		{A5ADBD34-DC5F-45EE-AB6A-8E9122DA478D}.Debug|Any CPU.ActiveCfg = Debug|Any CPU
		{A5ADBD34-DC5F-45EE-AB6A-8E9122DA478D}.Debug|Any CPU.Build.0 = Debug|Any CPU
		{A5ADBD34-DC5F-45EE-AB6A-8E9122DA478D}.Debug|x64.ActiveCfg = Debug|x64
		{A5ADBD34-DC5F-45EE-AB6A-8E9122DA478D}.Debug|x64.Build.0 = Debug|x64
		{A5ADBD34-DC5F-45EE-AB6A-8E9122DA478D}.Debug|x86.ActiveCfg = Debug|x86
		{A5ADBD34-DC5F-45EE-AB6A-8E9122DA478D}.Release|Any CPU.ActiveCfg = Release|Any CPU
		{A5ADBD34-DC5F-45EE-AB6A-8E9122DA478D}.Release|Any CPU.Build.0 = Release|Any CPU
		{A5ADBD34-DC5F-45EE-AB6A-8E9122DA478D}.Release|x64.ActiveCfg = Release|x64
		{A5ADBD34-DC5F-45EE-AB6A-8E9122DA478D}.Release|x64.Build.0 = Release|x64
		{A5ADBD34-DC5F-45EE-AB6A-8E9122DA478D}.Release|x86.ActiveCfg = Release|x86
		{A5ADBD34-DC5F-45EE-AB6A-8E9122DA478D}.Release|x86.Build.0 = Release|x86
		{CF80C6A7-30B6-45B8-8FF2-CC3176B95239}.Debug|Any CPU.ActiveCfg = Debug|Any CPU
		{CF80C6A7-30B6-45B8-8FF2-CC3176B95239}.Debug|Any CPU.Build.0 = Debug|Any CPU
		{CF80C6A7-30B6-45B8-8FF2-CC3176B95239}.Debug|x64.ActiveCfg = Debug|x64
		{CF80C6A7-30B6-45B8-8FF2-CC3176B95239}.Debug|x64.Build.0 = Debug|x64
		{CF80C6A7-30B6-45B8-8FF2-CC3176B95239}.Debug|x86.ActiveCfg = Debug|x86
		{CF80C6A7-30B6-45B8-8FF2-CC3176B95239}.Debug|x86.Build.0 = Debug|x86
		{CF80C6A7-30B6-45B8-8FF2-CC3176B95239}.Release|Any CPU.ActiveCfg = Release|Any CPU
		{CF80C6A7-30B6-45B8-8FF2-CC3176B95239}.Release|Any CPU.Build.0 = Release|Any CPU
		{CF80C6A7-30B6-45B8-8FF2-CC3176B95239}.Release|x64.ActiveCfg = Release|x64
		{CF80C6A7-30B6-45B8-8FF2-CC3176B95239}.Release|x64.Build.0 = Release|x64
		{CF80C6A7-30B6-45B8-8FF2-CC3176B95239}.Release|x86.ActiveCfg = Release|x86
		{CF80C6A7-30B6-45B8-8FF2-CC3176B95239}.Release|x86.Build.0 = Release|x86
		{6115EB46-3E3D-4413-903A-618177C655AF}.Debug|Any CPU.ActiveCfg = Debug|Any CPU
		{6115EB46-3E3D-4413-903A-618177C655AF}.Debug|Any CPU.Build.0 = Debug|Any CPU
		{6115EB46-3E3D-4413-903A-618177C655AF}.Debug|x64.ActiveCfg = Debug|x64
		{6115EB46-3E3D-4413-903A-618177C655AF}.Debug|x64.Build.0 = Debug|x64
		{6115EB46-3E3D-4413-903A-618177C655AF}.Debug|x86.ActiveCfg = Debug|x86
		{6115EB46-3E3D-4413-903A-618177C655AF}.Debug|x86.Build.0 = Debug|x86
		{6115EB46-3E3D-4413-903A-618177C655AF}.Release|Any CPU.ActiveCfg = Release|Any CPU
		{6115EB46-3E3D-4413-903A-618177C655AF}.Release|Any CPU.Build.0 = Release|Any CPU
		{6115EB46-3E3D-4413-903A-618177C655AF}.Release|x64.ActiveCfg = Release|x64
		{6115EB46-3E3D-4413-903A-618177C655AF}.Release|x64.Build.0 = Release|x64
		{6115EB46-3E3D-4413-903A-618177C655AF}.Release|x86.ActiveCfg = Release|x86
		{6115EB46-3E3D-4413-903A-618177C655AF}.Release|x86.Build.0 = Release|x86
		{2854ABA2-CE90-406B-8041-C9B84D2F97B6}.Debug|Any CPU.ActiveCfg = Debug|Any CPU
		{2854ABA2-CE90-406B-8041-C9B84D2F97B6}.Debug|Any CPU.Build.0 = Debug|Any CPU
		{2854ABA2-CE90-406B-8041-C9B84D2F97B6}.Debug|x64.ActiveCfg = Debug|x64
		{2854ABA2-CE90-406B-8041-C9B84D2F97B6}.Debug|x64.Build.0 = Debug|x64
		{2854ABA2-CE90-406B-8041-C9B84D2F97B6}.Debug|x86.ActiveCfg = Debug|x86
		{2854ABA2-CE90-406B-8041-C9B84D2F97B6}.Debug|x86.Build.0 = Debug|x86
		{2854ABA2-CE90-406B-8041-C9B84D2F97B6}.Release|Any CPU.ActiveCfg = Release|Any CPU
		{2854ABA2-CE90-406B-8041-C9B84D2F97B6}.Release|Any CPU.Build.0 = Release|Any CPU
		{2854ABA2-CE90-406B-8041-C9B84D2F97B6}.Release|x64.ActiveCfg = Release|x64
		{2854ABA2-CE90-406B-8041-C9B84D2F97B6}.Release|x64.Build.0 = Release|x64
		{2854ABA2-CE90-406B-8041-C9B84D2F97B6}.Release|x86.ActiveCfg = Release|x86
		{2854ABA2-CE90-406B-8041-C9B84D2F97B6}.Release|x86.Build.0 = Release|x86
		{AB88A898-E70A-4A0A-879A-6C91168F7B4B}.Debug|Any CPU.ActiveCfg = Debug|Any CPU
		{AB88A898-E70A-4A0A-879A-6C91168F7B4B}.Debug|Any CPU.Build.0 = Debug|Any CPU
		{AB88A898-E70A-4A0A-879A-6C91168F7B4B}.Debug|x64.ActiveCfg = Debug|Any CPU
		{AB88A898-E70A-4A0A-879A-6C91168F7B4B}.Debug|x86.ActiveCfg = Debug|x86
		{AB88A898-E70A-4A0A-879A-6C91168F7B4B}.Debug|x86.Build.0 = Debug|x86
		{AB88A898-E70A-4A0A-879A-6C91168F7B4B}.Release|Any CPU.ActiveCfg = Release|Any CPU
		{AB88A898-E70A-4A0A-879A-6C91168F7B4B}.Release|Any CPU.Build.0 = Release|Any CPU
		{AB88A898-E70A-4A0A-879A-6C91168F7B4B}.Release|x64.ActiveCfg = Release|Any CPU
		{AB88A898-E70A-4A0A-879A-6C91168F7B4B}.Release|x86.ActiveCfg = Release|x86
		{AB88A898-E70A-4A0A-879A-6C91168F7B4B}.Release|x86.Build.0 = Release|x86
		{D544D66B-22F6-4A80-80C4-49883EF306F6}.Debug|Any CPU.ActiveCfg = Debug|Any CPU
		{D544D66B-22F6-4A80-80C4-49883EF306F6}.Debug|Any CPU.Build.0 = Debug|Any CPU
		{D544D66B-22F6-4A80-80C4-49883EF306F6}.Debug|Any CPU.Deploy.0 = Debug|Any CPU
		{D544D66B-22F6-4A80-80C4-49883EF306F6}.Debug|x64.ActiveCfg = Debug|x64
		{D544D66B-22F6-4A80-80C4-49883EF306F6}.Debug|x64.Build.0 = Debug|x64
		{D544D66B-22F6-4A80-80C4-49883EF306F6}.Debug|x64.Deploy.0 = Debug|x64
		{D544D66B-22F6-4A80-80C4-49883EF306F6}.Debug|x86.ActiveCfg = Debug|x86
		{D544D66B-22F6-4A80-80C4-49883EF306F6}.Debug|x86.Build.0 = Debug|x86
		{D544D66B-22F6-4A80-80C4-49883EF306F6}.Debug|x86.Deploy.0 = Debug|x86
		{D544D66B-22F6-4A80-80C4-49883EF306F6}.Release|Any CPU.ActiveCfg = Release|Any CPU
		{D544D66B-22F6-4A80-80C4-49883EF306F6}.Release|Any CPU.Build.0 = Release|Any CPU
		{D544D66B-22F6-4A80-80C4-49883EF306F6}.Release|Any CPU.Deploy.0 = Release|Any CPU
		{D544D66B-22F6-4A80-80C4-49883EF306F6}.Release|x64.ActiveCfg = Release|x64
		{D544D66B-22F6-4A80-80C4-49883EF306F6}.Release|x64.Build.0 = Release|x64
		{D544D66B-22F6-4A80-80C4-49883EF306F6}.Release|x64.Deploy.0 = Release|x64
		{D544D66B-22F6-4A80-80C4-49883EF306F6}.Release|x86.ActiveCfg = Release|x86
		{D544D66B-22F6-4A80-80C4-49883EF306F6}.Release|x86.Build.0 = Release|x86
		{D544D66B-22F6-4A80-80C4-49883EF306F6}.Release|x86.Deploy.0 = Release|x86
		{E4B6AE92-92A4-4481-8EA3-3507640AE3A6}.Debug|Any CPU.ActiveCfg = Debug|Any CPU
		{E4B6AE92-92A4-4481-8EA3-3507640AE3A6}.Debug|Any CPU.Build.0 = Debug|Any CPU
		{E4B6AE92-92A4-4481-8EA3-3507640AE3A6}.Debug|x64.ActiveCfg = Debug|x64
		{E4B6AE92-92A4-4481-8EA3-3507640AE3A6}.Debug|x64.Build.0 = Debug|x64
		{E4B6AE92-92A4-4481-8EA3-3507640AE3A6}.Debug|x86.ActiveCfg = Debug|x86
		{E4B6AE92-92A4-4481-8EA3-3507640AE3A6}.Debug|x86.Build.0 = Debug|x86
		{E4B6AE92-92A4-4481-8EA3-3507640AE3A6}.Release|Any CPU.ActiveCfg = Release|Any CPU
		{E4B6AE92-92A4-4481-8EA3-3507640AE3A6}.Release|Any CPU.Build.0 = Release|Any CPU
		{E4B6AE92-92A4-4481-8EA3-3507640AE3A6}.Release|x64.ActiveCfg = Release|x64
		{E4B6AE92-92A4-4481-8EA3-3507640AE3A6}.Release|x64.Build.0 = Release|x64
		{E4B6AE92-92A4-4481-8EA3-3507640AE3A6}.Release|x86.ActiveCfg = Release|x86
		{E4B6AE92-92A4-4481-8EA3-3507640AE3A6}.Release|x86.Build.0 = Release|x86
		{8BBD586B-EB2E-4971-AE41-91A8E68F114E}.Debug|Any CPU.ActiveCfg = Debug|Any CPU
		{8BBD586B-EB2E-4971-AE41-91A8E68F114E}.Debug|Any CPU.Build.0 = Debug|Any CPU
		{8BBD586B-EB2E-4971-AE41-91A8E68F114E}.Debug|x64.ActiveCfg = Debug|x64
		{8BBD586B-EB2E-4971-AE41-91A8E68F114E}.Debug|x64.Build.0 = Debug|x64
		{8BBD586B-EB2E-4971-AE41-91A8E68F114E}.Debug|x86.ActiveCfg = Debug|x86
		{8BBD586B-EB2E-4971-AE41-91A8E68F114E}.Debug|x86.Build.0 = Debug|x86
		{8BBD586B-EB2E-4971-AE41-91A8E68F114E}.Release|Any CPU.ActiveCfg = Release|Any CPU
		{8BBD586B-EB2E-4971-AE41-91A8E68F114E}.Release|Any CPU.Build.0 = Release|Any CPU
		{8BBD586B-EB2E-4971-AE41-91A8E68F114E}.Release|x64.ActiveCfg = Release|x64
		{8BBD586B-EB2E-4971-AE41-91A8E68F114E}.Release|x64.Build.0 = Release|x64
		{8BBD586B-EB2E-4971-AE41-91A8E68F114E}.Release|x86.ActiveCfg = Release|x86
		{8BBD586B-EB2E-4971-AE41-91A8E68F114E}.Release|x86.Build.0 = Release|x86
		{35ED4F15-27C1-453B-88F9-0F313798DE04}.Debug|Any CPU.ActiveCfg = Debug|Any CPU
		{35ED4F15-27C1-453B-88F9-0F313798DE04}.Debug|Any CPU.Build.0 = Debug|Any CPU
		{35ED4F15-27C1-453B-88F9-0F313798DE04}.Debug|x64.ActiveCfg = Debug|Any CPU
		{35ED4F15-27C1-453B-88F9-0F313798DE04}.Debug|x64.Build.0 = Debug|Any CPU
		{35ED4F15-27C1-453B-88F9-0F313798DE04}.Debug|x86.ActiveCfg = Debug|Any CPU
		{35ED4F15-27C1-453B-88F9-0F313798DE04}.Debug|x86.Build.0 = Debug|Any CPU
		{35ED4F15-27C1-453B-88F9-0F313798DE04}.Release|Any CPU.ActiveCfg = Release|Any CPU
		{35ED4F15-27C1-453B-88F9-0F313798DE04}.Release|Any CPU.Build.0 = Release|Any CPU
		{35ED4F15-27C1-453B-88F9-0F313798DE04}.Release|x64.ActiveCfg = Release|Any CPU
		{35ED4F15-27C1-453B-88F9-0F313798DE04}.Release|x64.Build.0 = Release|Any CPU
		{35ED4F15-27C1-453B-88F9-0F313798DE04}.Release|x86.ActiveCfg = Release|Any CPU
		{35ED4F15-27C1-453B-88F9-0F313798DE04}.Release|x86.Build.0 = Release|Any CPU
	EndGlobalSection
	GlobalSection(SolutionProperties) = preSolution
		HideSolutionNode = FALSE
	EndGlobalSection
	GlobalSection(ExtensibilityGlobals) = postSolution
		SolutionGuid = {05732737-856E-441A-922F-679EDB706417}
		LessCompiler = ce8a2210-dc00-4858-9936-91f0d42ab486
	EndGlobalSection
	GlobalSection(TeamFoundationVersionControl) = preSolution
		SccNumberOfProjects = 11
		SccEnterpriseProvider = {4CA58AB2-18FA-4F8D-95D4-32DDF27D184C}
		SccTeamFoundationServer = http://tasc-code.gotoadvantage.com:8080/tfs/advantage
		SccProjectUniqueName0 = Webvantage\\Webvantage\\Webvantage.vbproj
		SccProjectName0 = Webvantage/Webvantage
		SccAuxPath0 = http://tasc-code.gotoadvantage.com:8080/tfs/advantage
		SccLocalPath0 = Webvantage\\Webvantage
		SccProvider0 = {4CA58AB2-18FA-4F8D-95D4-32DDF27D184C}
		SccProjectUniqueName1 = Webvantage\\ActiveReportsAssembly\\ActiveReportsAssembly.vbproj
		SccProjectName1 = .
		SccAuxPath1 = http://tasc-code.gotoadvantage.com:8080/tfs/advantage
		SccLocalPath1 = .
		SccProvider1 = {4CA58AB2-18FA-4F8D-95D4-32DDF27D184C}
		SccProjectFilePathRelativizedFromConnection1 = Webvantage\\ActiveReportsAssembly\\
		SccProjectUniqueName2 = AdvantageFramework\\AdvantageFramework.vbproj
		SccProjectName2 = AdvantageFramework
		SccAuxPath2 = http://tasc-code.gotoadvantage.com:8080/tfs/advantage
		SccLocalPath2 = AdvantageFramework
		SccProvider2 = {4CA58AB2-18FA-4F8D-95D4-32DDF27D184C}
		SccProjectUniqueName3 = AdvantageFramework.BLogic\\AdvantageFramework.BLogic.vbproj
		SccProjectName3 = AdvantageFramework.BLogic
		SccAuxPath3 = http://tasc-code.gotoadvantage.com:8080/tfs/advantage
		SccLocalPath3 = AdvantageFramework.BLogic
		SccProvider3 = {4CA58AB2-18FA-4F8D-95D4-32DDF27D184C}
		SccProjectUniqueName4 = AdvantageFramework.Reporting.Reports\\AdvantageFramework.Reporting.Reports.vbproj
		SccProjectName4 = AdvantageFramework.Reporting.Reports
		SccAuxPath4 = http://tasc-code.gotoadvantage.com:8080/tfs/advantage
		SccLocalPath4 = AdvantageFramework.Reporting.Reports
		SccProvider4 = {4CA58AB2-18FA-4F8D-95D4-32DDF27D184C}
		SccProjectUniqueName5 = AdvantageFramework.Web\\AdvantageFramework.Web.vbproj
		SccProjectName5 = AdvantageFramework.Web
		SccAuxPath5 = http://tasc-code.gotoadvantage.com:8080/tfs/advantage
		SccLocalPath5 = AdvantageFramework.Web
		SccProvider5 = {4CA58AB2-18FA-4F8D-95D4-32DDF27D184C}
		SccProjectUniqueName6 = AdvantageFramework.GoogleServices\\AdvantageFramework.GoogleServices.vbproj
		SccProjectName6 = AdvantageFramework.GoogleServices
		SccAuxPath6 = http://tasc-code.gotoadvantage.com:8080/tfs/advantage
		SccLocalPath6 = AdvantageFramework.GoogleServices
		SccProvider6 = {4CA58AB2-18FA-4F8D-95D4-32DDF27D184C}
		SccProjectUniqueName7 = Advantage\u0020Database\\Advantage\u0020Database.sqlproj
		SccProjectName7 = .
		SccAuxPath7 = http://tasc-code.gotoadvantage.com:8080/tfs/advantage
		SccLocalPath7 = .
		SccProvider7 = {4CA58AB2-18FA-4F8D-95D4-32DDF27D184C}
		SccProjectFilePathRelativizedFromConnection7 = Advantage\u0020Database\\
		SccProjectUniqueName8 = Advantage\u0020Database\u0020Update\\Advantage\u0020Database\u0020Update.vbproj
		SccProjectName8 = Advantage\u0020Database\u0020Update
		SccAuxPath8 = http://tasc-code.gotoadvantage.com:8080/tfs/advantage
		SccLocalPath8 = Advantage\u0020Database\u0020Update
		SccProvider8 = {4CA58AB2-18FA-4F8D-95D4-32DDF27D184C}
		SccProjectUniqueName9 = AdvantageFramework.WinForm\\AdvantageFramework.WinForm.vbproj
		SccProjectName9 = AdvantageFramework.WinForm
		SccAuxPath9 = http://tasc-code.gotoadvantage.com:8080/tfs/advantage
		SccLocalPath9 = AdvantageFramework.WinForm
		SccProvider9 = {4CA58AB2-18FA-4F8D-95D4-32DDF27D184C}
		SccProjectUniqueName10 = Webvantage\u0020Configurator\\Webvantage\u0020Configurator.vbproj
		SccProjectName10 = Webvantage\u0020Configurator
		SccAuxPath10 = http://tasc-code.gotoadvantage.com:8080/tfs/advantage
		SccLocalPath10 = Webvantage\u0020Configurator
		SccProvider10 = {4CA58AB2-18FA-4F8D-95D4-32DDF27D184C}
	EndGlobalSection
EndGlobal
