
Microsoft Visual Studio Solution File, Format Version 12.00
# Visual Studio 15
VisualStudioVersion = 15.0.28307.1082
MinimumVisualStudioVersion = 10.0.40219.1
Project("{F184B08F-C81C-45F6-A57F-5ABD9991F28F}") = "AdvantageFramework", "..\AdvantageFramework\AdvantageFramework.vbproj", "{A5ADBD34-DC5F-45EE-AB6A-8E9122DA478D}"
EndProject
Project("{F184B08F-C81C-45F6-A57F-5ABD9991F28F}") = "AdvantageFramework.BLogic", "..\AdvantageFramework.BLogic\AdvantageFramework.BLogic.vbproj", "{CF80C6A7-30B6-45B8-8FF2-CC3176B95239}"
EndProject
Project("{F184B08F-C81C-45F6-A57F-5ABD9991F28F}") = "AdvantageAPI", "AdvantageAPI.vbproj", "{6583AEE9-2E00-44E6-8A82-D882436C2097}"
EndProject
Project("{F184B08F-C81C-45F6-A57F-5ABD9991F28F}") = "AdvantageAPI.Documentation", "..\API Documentation\AdvantageAPI.Documentation.vbproj", "{C2C27C5F-19E9-4C5D-9F6A-F0BCA8DB9426}"
EndProject
Project("{F184B08F-C81C-45F6-A57F-5ABD9991F28F}") = "AdvantageFramework.WinForm", "..\AdvantageFramework.WinForm\AdvantageFramework.WinForm.vbproj", "{8BBD586B-EB2E-4971-AE41-91A8E68F114E}"
EndProject
Global
	GlobalSection(SolutionConfigurationPlatforms) = preSolution
		Debug|Any CPU = Debug|Any CPU
		Debug|x64 = Debug|x64
		Debug|x86 = Debug|x86
		Release|Any CPU = Release|Any CPU
		Release|x64 = Release|x64
		Release|x86 = Release|x86
	EndGlobalSection
	GlobalSection(ProjectConfigurationPlatforms) = postSolution
		{A5ADBD34-DC5F-45EE-AB6A-8E9122DA478D}.Debug|Any CPU.ActiveCfg = Debug|Any CPU
		{A5ADBD34-DC5F-45EE-AB6A-8E9122DA478D}.Debug|Any CPU.Build.0 = Debug|Any CPU
		{A5ADBD34-DC5F-45EE-AB6A-8E9122DA478D}.Debug|x64.ActiveCfg = Debug|x64
		{A5ADBD34-DC5F-45EE-AB6A-8E9122DA478D}.Debug|x64.Build.0 = Debug|x64
		{A5ADBD34-DC5F-45EE-AB6A-8E9122DA478D}.Debug|x86.ActiveCfg = Debug|x86
		{A5ADBD34-DC5F-45EE-AB6A-8E9122DA478D}.Debug|x86.Build.0 = Debug|x86
		{A5ADBD34-DC5F-45EE-AB6A-8E9122DA478D}.Release|Any CPU.ActiveCfg = Release|Any CPU
		{A5ADBD34-DC5F-45EE-AB6A-8E9122DA478D}.Release|Any CPU.Build.0 = Release|Any CPU
		{A5ADBD34-DC5F-45EE-AB6A-8E9122DA478D}.Release|x64.ActiveCfg = Release|x64
		{A5ADBD34-DC5F-45EE-AB6A-8E9122DA478D}.Release|x64.Build.0 = Release|x64
		{A5ADBD34-DC5F-45EE-AB6A-8E9122DA478D}.Release|x86.ActiveCfg = Release|x86
		{A5ADBD34-DC5F-45EE-AB6A-8E9122DA478D}.Release|x86.Build.0 = Release|x86
		{CF80C6A7-30B6-45B8-8FF2-CC3176B95239}.Debug|Any CPU.ActiveCfg = Debug|Any CPU
		{CF80C6A7-30B6-45B8-8FF2-CC3176B95239}.Debug|Any CPU.Build.0 = Debug|Any CPU
		{CF80C6A7-30B6-45B8-8FF2-CC3176B95239}.Debug|x64.ActiveCfg = Debug|x64
		{CF80C6A7-30B6-45B8-8FF2-CC3176B95239}.Debug|x64.Build.0 = Debug|x64
		{CF80C6A7-30B6-45B8-8FF2-CC3176B95239}.Debug|x86.ActiveCfg = Debug|x86
		{CF80C6A7-30B6-45B8-8FF2-CC3176B95239}.Debug|x86.Build.0 = Debug|x86
		{CF80C6A7-30B6-45B8-8FF2-CC3176B95239}.Release|Any CPU.ActiveCfg = Release|Any CPU
		{CF80C6A7-30B6-45B8-8FF2-CC3176B95239}.Release|Any CPU.Build.0 = Release|Any CPU
		{CF80C6A7-30B6-45B8-8FF2-CC3176B95239}.Release|x64.ActiveCfg = Release|x64
		{CF80C6A7-30B6-45B8-8FF2-CC3176B95239}.Release|x64.Build.0 = Release|x64
		{CF80C6A7-30B6-45B8-8FF2-CC3176B95239}.Release|x86.ActiveCfg = Release|x86
		{CF80C6A7-30B6-45B8-8FF2-CC3176B95239}.Release|x86.Build.0 = Release|x86
		{6583AEE9-2E00-44E6-8A82-D882436C2097}.Debug|Any CPU.ActiveCfg = Debug|Any CPU
		{6583AEE9-2E00-44E6-8A82-D882436C2097}.Debug|Any CPU.Build.0 = Debug|Any CPU
		{6583AEE9-2E00-44E6-8A82-D882436C2097}.Debug|x64.ActiveCfg = Debug|Any CPU
		{6583AEE9-2E00-44E6-8A82-D882436C2097}.Debug|x86.ActiveCfg = Debug|Any CPU
		{6583AEE9-2E00-44E6-8A82-D882436C2097}.Release|Any CPU.ActiveCfg = Release|Any CPU
		{6583AEE9-2E00-44E6-8A82-D882436C2097}.Release|Any CPU.Build.0 = Release|Any CPU
		{6583AEE9-2E00-44E6-8A82-D882436C2097}.Release|x64.ActiveCfg = Release|Any CPU
		{6583AEE9-2E00-44E6-8A82-D882436C2097}.Release|x86.ActiveCfg = Release|Any CPU
		{C2C27C5F-19E9-4C5D-9F6A-F0BCA8DB9426}.Debug|Any CPU.ActiveCfg = Debug|Any CPU
		{C2C27C5F-19E9-4C5D-9F6A-F0BCA8DB9426}.Debug|Any CPU.Build.0 = Debug|Any CPU
		{C2C27C5F-19E9-4C5D-9F6A-F0BCA8DB9426}.Debug|x64.ActiveCfg = Debug|Any CPU
		{C2C27C5F-19E9-4C5D-9F6A-F0BCA8DB9426}.Debug|x64.Build.0 = Debug|Any CPU
		{C2C27C5F-19E9-4C5D-9F6A-F0BCA8DB9426}.Debug|x86.ActiveCfg = Debug|Any CPU
		{C2C27C5F-19E9-4C5D-9F6A-F0BCA8DB9426}.Debug|x86.Build.0 = Debug|Any CPU
		{C2C27C5F-19E9-4C5D-9F6A-F0BCA8DB9426}.Release|Any CPU.ActiveCfg = Release|Any CPU
		{C2C27C5F-19E9-4C5D-9F6A-F0BCA8DB9426}.Release|Any CPU.Build.0 = Release|Any CPU
		{C2C27C5F-19E9-4C5D-9F6A-F0BCA8DB9426}.Release|x64.ActiveCfg = Release|Any CPU
		{C2C27C5F-19E9-4C5D-9F6A-F0BCA8DB9426}.Release|x64.Build.0 = Release|Any CPU
		{C2C27C5F-19E9-4C5D-9F6A-F0BCA8DB9426}.Release|x86.ActiveCfg = Release|Any CPU
		{C2C27C5F-19E9-4C5D-9F6A-F0BCA8DB9426}.Release|x86.Build.0 = Release|Any CPU
		{8BBD586B-EB2E-4971-AE41-91A8E68F114E}.Debug|Any CPU.ActiveCfg = Debug|Any CPU
		{8BBD586B-EB2E-4971-AE41-91A8E68F114E}.Debug|Any CPU.Build.0 = Debug|Any CPU
		{8BBD586B-EB2E-4971-AE41-91A8E68F114E}.Debug|x64.ActiveCfg = Debug|x64
		{8BBD586B-EB2E-4971-AE41-91A8E68F114E}.Debug|x64.Build.0 = Debug|x64
		{8BBD586B-EB2E-4971-AE41-91A8E68F114E}.Debug|x86.ActiveCfg = Debug|x86
		{8BBD586B-EB2E-4971-AE41-91A8E68F114E}.Debug|x86.Build.0 = Debug|x86
		{8BBD586B-EB2E-4971-AE41-91A8E68F114E}.Release|Any CPU.ActiveCfg = Release|Any CPU
		{8BBD586B-EB2E-4971-AE41-91A8E68F114E}.Release|Any CPU.Build.0 = Release|Any CPU
		{8BBD586B-EB2E-4971-AE41-91A8E68F114E}.Release|x64.ActiveCfg = Release|x64
		{8BBD586B-EB2E-4971-AE41-91A8E68F114E}.Release|x64.Build.0 = Release|x64
		{8BBD586B-EB2E-4971-AE41-91A8E68F114E}.Release|x86.ActiveCfg = Release|x86
		{8BBD586B-EB2E-4971-AE41-91A8E68F114E}.Release|x86.Build.0 = Release|x86
	EndGlobalSection
	GlobalSection(SolutionProperties) = preSolution
		HideSolutionNode = FALSE
	EndGlobalSection
	GlobalSection(ExtensibilityGlobals) = postSolution
		SolutionGuid = {AD4CD0FA-21CA-4BEA-91EE-A92FEB433924}
	EndGlobalSection
	GlobalSection(TeamFoundationVersionControl) = preSolution
		SccNumberOfProjects = 6
		SccEnterpriseProvider = {4CA58AB2-18FA-4F8D-95D4-32DDF27D184C}
		SccTeamFoundationServer = http://tasc-code.gotoadvantage.com:8080/tfs/advantage
		SccLocalPath0 = .
		SccProjectUniqueName1 = ..\\AdvantageFramework\\AdvantageFramework.vbproj
		SccProjectName1 = ../AdvantageFramework
		SccLocalPath1 = ..\\AdvantageFramework
		SccProjectUniqueName2 = ..\\AdvantageFramework.BLogic\\AdvantageFramework.BLogic.vbproj
		SccProjectName2 = ../AdvantageFramework.BLogic
		SccLocalPath2 = ..\\AdvantageFramework.BLogic
		SccProjectUniqueName3 = AdvantageAPI.vbproj
		SccLocalPath3 = .
		SccProjectUniqueName4 = ..\\API\u0020Documentation\\AdvantageAPI.Documentation.vbproj
		SccProjectName4 = ../API\u0020Documentation
		SccLocalPath4 = ..\\API\u0020Documentation
		SccProjectUniqueName5 = ..\\AdvantageFramework.WinForm\\AdvantageFramework.WinForm.vbproj
		SccProjectName5 = ../AdvantageFramework.WinForm
		SccLocalPath5 = ..\\AdvantageFramework.WinForm
	EndGlobalSection
EndGlobal
