
Microsoft Visual Studio Solution File, Format Version 12.00
# Visual Studio 15
VisualStudioVersion = 15.0.28307.1209
MinimumVisualStudioVersion = 10.0.40219.1
Project("{F184B08F-C81C-45F6-A57F-5ABD9991F28F}") = "Configurator", "Configurator.vbproj", "{95FDC98D-DACB-468D-80A8-9AD3657E2EF3}"
EndProject
Global
	GlobalSection(SolutionConfigurationPlatforms) = preSolution
		Debug|Any CPU = Debug|Any CPU
		Release|Any CPU = Release|Any CPU
	EndGlobalSection
	GlobalSection(ProjectConfigurationPlatforms) = postSolution
		{95FDC98D-DACB-468D-80A8-9AD3657E2EF3}.Debug|Any CPU.ActiveCfg = Debug|Any CPU
		{95FDC98D-DACB-468D-80A8-9AD3657E2EF3}.Debug|Any CPU.Build.0 = Debug|Any CPU
		{95FDC98D-DACB-468D-80A8-9AD3657E2EF3}.Release|Any CPU.ActiveCfg = Release|Any CPU
		{95FDC98D-DACB-468D-80A8-9AD3657E2EF3}.Release|Any CPU.Build.0 = Release|Any CPU
	EndGlobalSection
	GlobalSection(SolutionProperties) = preSolution
		HideSolutionNode = FALSE
	EndGlobalSection
	GlobalSection(ExtensibilityGlobals) = postSolution
		SolutionGuid = {6FAF9508-AC84-4ACA-8B10-320EF60F81CD}
	EndGlobalSection
	GlobalSection(TeamFoundationVersionControl) = preSolution
		SccNumberOfProjects = 1
		SccEnterpriseProvider = {4CA58AB2-18FA-4F8D-95D4-32DDF27D184C}
		SccTeamFoundationServer = http://tasc-code.gotoadvantage.com:8080/tfs/advantage
		SccProjectUniqueName0 = Configurator.vbproj
		SccProjectName0 = .
		SccAuxPath0 = http://tasc-code.gotoadvantage.com:8080/tfs/advantage
		SccLocalPath0 = .
		SccProvider0 = {4CA58AB2-18FA-4F8D-95D4-32DDF27D184C}
	EndGlobalSection
EndGlobal
